
Microsoft Visual Studio Solution File, Format Version 12.00
# Visual Studio Version 16
VisualStudioVersion = 16.0.28729.10
MinimumVisualStudioVersion = 10.0.40219.1
Project("{2150E333-8FDC-42A3-9474-1A3956D46DE8}") = "Infrastructure", "Infrastructure", "{49E4FB3F-B2C1-4314-B690-3E3C2266DE51}"
EndProject
Project("{2150E333-8FDC-42A3-9474-1A3956D46DE8}") = "Web", "Web", "{58AEF876-B576-44F8-AD55-DA74818CD60E}"
EndProject
Project("{2150E333-8FDC-42A3-9474-1A3956D46DE8}") = "Test", "Test", "{E0C63A52-0D7C-4242-BE54-879DDF4E4BDC}"
EndProject
Project("{2150E333-8FDC-42A3-9474-1A3956D46DE8}") = "Core", "Core", "{29D6EDE2-7FDA-4688-B184-EF3FFD5C7F71}"
EndProject
Project("{2150E333-8FDC-42A3-9474-1A3956D46DE8}") = "Infrastructure", "Infrastructure", "{16AA06BB-E046-4584-BA22-F14A56ADD50A}"
EndProject
Project("{2150E333-8FDC-42A3-9474-1A3956D46DE8}") = "Web", "Web", "{44CCA906-B7B1-4A05-97B6-A93AA62FB006}"
EndProject
Project("{2150E333-8FDC-42A3-9474-1A3956D46DE8}") = "Src", "Src", "{D014EF31-353F-486A-872C-9AD3674F185B}"
EndProject
Project("{9A19103F-16F7-4668-BE54-9A1E7A4F7556}") = "Optivem.Core.Domain", "src\Core\Domain\Optivem.Core.Domain.csproj", "{ECAEA188-398F-4096-8F4B-F6A7A5BAA525}"
EndProject
Project("{9A19103F-16F7-4668-BE54-9A1E7A4F7556}") = "Optivem.Core.Application", "src\Core\Application\Optivem.Core.Application.csproj", "{7F68AEAC-EC61-4BD5-BF98-EE069981C3D4}"
EndProject
Project("{9A19103F-16F7-4668-BE54-9A1E7A4F7556}") = "Optivem.Web.AspNetCore", "src\Web\AspNetCore\Optivem.Web.AspNetCore.csproj", "{5580243F-7CCD-4BB0-9DD6-DD21EC04D048}"
EndProject
Project("{9A19103F-16F7-4668-BE54-9A1E7A4F7556}") = "Optivem.Web.AspNetCore.Rest.Fake", "test\Web\AspNetCore.Rest.Fake\Optivem.Web.AspNetCore.Rest.Fake.csproj", "{FE54D6A6-6C87-4184-9634-37BD5101655B}"
EndProject
Project("{9A19103F-16F7-4668-BE54-9A1E7A4F7556}") = "Optivem.Web.AspNetCore.Rest.Test", "test\Web\AspNetCore.Rest.Test\Optivem.Web.AspNetCore.Rest.Test.csproj", "{5521E732-F5A2-49CE-91B5-FB4E1C401D42}"
EndProject
Project("{9A19103F-16F7-4668-BE54-9A1E7A4F7556}") = "Optivem.Core.Application.Interface", "src\Core\Application.Interface\Optivem.Core.Application.Interface.csproj", "{662A1EA5-4C64-47B6-A91F-4F64B8B06BE4}"
EndProject
Project("{2150E333-8FDC-42A3-9474-1A3956D46DE8}") = "Framework", "Framework", "{A2C44B47-7AFE-4978-9308-F5431129B1DB}"
EndProject
Project("{2150E333-8FDC-42A3-9474-1A3956D46DE8}") = "Core", "Core", "{B968F3E4-0AEE-4DD9-AB7B-D4CE9358A078}"
EndProject
Project("{9A19103F-16F7-4668-BE54-9A1E7A4F7556}") = "Optivem.Core.Domain.Test", "test\Core\Domain.Test\Optivem.Core.Domain.Test.csproj", "{54DC7B02-AF07-4F71-898D-E490A419BC9A}"
EndProject
Project("{9A19103F-16F7-4668-BE54-9A1E7A4F7556}") = "Optivem.Infrastructure.AspNetCore", "src\Infrastructure\AspNetCore\Optivem.Infrastructure.AspNetCore.csproj", "{911B3FC0-C9D6-4793-B60D-25225398A93B}"
EndProject
Project("{9A19103F-16F7-4668-BE54-9A1E7A4F7556}") = "Optivem.Infrastructure.AutoMapper", "src\Infrastructure\AutoMapper\Optivem.Infrastructure.AutoMapper.csproj", "{22973DDB-AFCB-4982-8CD0-178DC341CDA2}"
EndProject
Project("{9A19103F-16F7-4668-BE54-9A1E7A4F7556}") = "Optivem.Infrastructure.CsvHelper", "src\Infrastructure\CsvHelper\Optivem.Infrastructure.CsvHelper.csproj", "{E87BF0FE-21A9-40D8-86D1-3A494A7AC2CB}"
EndProject
Project("{9A19103F-16F7-4668-BE54-9A1E7A4F7556}") = "Optivem.Infrastructure.EntityFrameworkCore", "src\Infrastructure\EntityFrameworkCore\Optivem.Infrastructure.EntityFrameworkCore.csproj", "{51DFD5A5-7FBB-4934-A4DC-793CAAFD44DD}"
EndProject
Project("{9A19103F-16F7-4668-BE54-9A1E7A4F7556}") = "Optivem.Infrastructure.FluentValidation", "src\Infrastructure\FluentValidation\Optivem.Infrastructure.FluentValidation.csproj", "{13F8A1DA-8E96-4A7A-8158-659F89503132}"
EndProject
Project("{9A19103F-16F7-4668-BE54-9A1E7A4F7556}") = "Optivem.Infrastructure.MediatR", "src\Infrastructure\MediatR\Optivem.Infrastructure.MediatR.csproj", "{7F222407-6A4B-4449-A1F1-D00815EBB4F8}"
EndProject
Project("{9A19103F-16F7-4668-BE54-9A1E7A4F7556}") = "Optivem.Infrastructure.NewtonsoftJson", "src\Infrastructure\NewtonsoftJson\Optivem.Infrastructure.NewtonsoftJson.csproj", "{E7B18A00-073F-4576-9764-2E3CD9A2A51E}"
EndProject
Project("{9A19103F-16F7-4668-BE54-9A1E7A4F7556}") = "Optivem.Infrastructure.Selenium", "src\Infrastructure\Selenium\Optivem.Infrastructure.Selenium.csproj", "{3E63C428-A67A-4475-915A-5D70F660E4E9}"
EndProject
Project("{9A19103F-16F7-4668-BE54-9A1E7A4F7556}") = "Optivem.Infrastructure.System", "src\Infrastructure\System\Optivem.Infrastructure.System.csproj", "{B5E2A71A-E3D0-4732-9C88-8AE471847977}"
EndProject
Project("{9A19103F-16F7-4668-BE54-9A1E7A4F7556}") = "Optivem.Core.Common", "src\Core\Common\Optivem.Core.Common.csproj", "{D152E05C-EFD6-4A80-89DF-77A0B7CE9E20}"
EndProject
Project("{9A19103F-16F7-4668-BE54-9A1E7A4F7556}") = "Optivem.Core.All", "src\Core\All\Optivem.Core.All.csproj", "{93AAEDCF-8744-418E-BE99-775F4AC34C6E}"
EndProject
Project("{9A19103F-16F7-4668-BE54-9A1E7A4F7556}") = "Optivem.Infrastructure.All", "src\Infrastructure\All\Optivem.Infrastructure.All.csproj", "{43989762-8EA3-4C4F-8FC3-884AA1D41B9E}"
EndProject
Project("{2150E333-8FDC-42A3-9474-1A3956D46DE8}") = "Base", "Base", "{531EE9B1-F71A-4D55-A695-91D122163D57}"
EndProject
Project("{9A19103F-16F7-4668-BE54-9A1E7A4F7556}") = "Optivem.Infrastructure.AspNetCore.Test", "test\Infrastructure\AspNetCore.Test\Optivem.Infrastructure.AspNetCore.Test.csproj", "{6708F5A8-6CB3-4143-8583-83BD8F39C8F1}"
EndProject
Project("{9A19103F-16F7-4668-BE54-9A1E7A4F7556}") = "Optivem.Infrastructure.CsvHelper.Test", "test\Infrastructure\CsvHelper.Test\Optivem.Infrastructure.CsvHelper.Test.csproj", "{E9FD4831-52E6-4C74-9B97-EA92C0E08B8A}"
EndProject
Project("{9A19103F-16F7-4668-BE54-9A1E7A4F7556}") = "Optivem.Infrastructure.Selenium.Test", "test\Infrastructure\Selenium.Test\Optivem.Infrastructure.Selenium.Test.csproj", "{D19550AE-EBD3-42F0-B59F-E00F2319076A}"
EndProject
Project("{2150E333-8FDC-42A3-9474-1A3956D46DE8}") = "DependencyInjection", "DependencyInjection", "{2D62DCFE-F085-4522-B19D-58FCE451AD9B}"
EndProject
Project("{2150E333-8FDC-42A3-9474-1A3956D46DE8}") = "Core", "Core", "{D39C4247-5AD7-4392-851C-877E9FBD7A09}"
EndProject
Project("{2150E333-8FDC-42A3-9474-1A3956D46DE8}") = "Infrastructure", "Infrastructure", "{1136EAB4-2929-4A65-BF00-AC90062E7A33}"
EndProject
Project("{9A19103F-16F7-4668-BE54-9A1E7A4F7556}") = "Optivem.DependencyInjection.Core.Application", "src\DependencyInjection\Core\Application\Optivem.DependencyInjection.Core.Application.csproj", "{FCF00CA5-A1DD-4C57-987C-B7F622B38C88}"
EndProject
Project("{9A19103F-16F7-4668-BE54-9A1E7A4F7556}") = "Optivem.DependencyInjection.Core.Domain", "src\DependencyInjection\Core\Domain\Optivem.DependencyInjection.Core.Domain.csproj", "{4CCC7990-D46F-42D7-9BAB-388895A6FADE}"
EndProject
Project("{9A19103F-16F7-4668-BE54-9A1E7A4F7556}") = "Optivem.DependencyInjection.Infrastructure.AspNetCore", "src\DependencyInjection\Infrastructure\AspNetCore\Optivem.DependencyInjection.Infrastructure.AspNetCore.csproj", "{0C17163B-7E91-4DD0-9CFC-B5CFBFB1F9B4}"
EndProject
Project("{9A19103F-16F7-4668-BE54-9A1E7A4F7556}") = "Optivem.DependencyInjection.Infrastructure.AutoMapper", "src\DependencyInjection\Infrastructure\AutoMapper\Optivem.DependencyInjection.Infrastructure.AutoMapper.csproj", "{3EE81C3D-D221-453E-91E6-B9B69B3A6F37}"
EndProject
Project("{9A19103F-16F7-4668-BE54-9A1E7A4F7556}") = "Optivem.DependencyInjection.Infrastructure.CsvHelper", "src\DependencyInjection\Infrastructure\CsvHelper\Optivem.DependencyInjection.Infrastructure.CsvHelper.csproj", "{2D6623D7-5212-4EB4-ACAD-BD85E9338219}"
EndProject
Project("{9A19103F-16F7-4668-BE54-9A1E7A4F7556}") = "Optivem.DependencyInjection.Infrastructure.EntityFrameworkCore", "src\DependencyInjection\Infrastructure\EntityFrameworkCore\Optivem.DependencyInjection.Infrastructure.EntityFrameworkCore.csproj", "{7F553B47-1968-4F8F-9946-1D2F393E5F51}"
EndProject
Project("{9A19103F-16F7-4668-BE54-9A1E7A4F7556}") = "Optivem.DependencyInjection.Infrastructure.FluentValidation", "src\DependencyInjection\Infrastructure\FluentValidation\Optivem.DependencyInjection.Infrastructure.FluentValidation.csproj", "{19D1D124-A0E1-4D82-818E-2D518CC45B41}"
EndProject
Project("{9A19103F-16F7-4668-BE54-9A1E7A4F7556}") = "Optivem.DependencyInjection.Infrastructure.MediatR", "src\DependencyInjection\Infrastructure\MediatR\Optivem.DependencyInjection.Infrastructure.MediatR.csproj", "{C5D3B8FB-AB99-442C-83CA-CF3E1B0630AA}"
EndProject
Project("{9A19103F-16F7-4668-BE54-9A1E7A4F7556}") = "Optivem.DependencyInjection.Infrastructure.NewtonsoftJson", "src\DependencyInjection\Infrastructure\NewtonsoftJson\Optivem.DependencyInjection.Infrastructure.NewtonsoftJson.csproj", "{FEE6431B-DBBC-4A7E-A126-49164857D58E}"
EndProject
Project("{9A19103F-16F7-4668-BE54-9A1E7A4F7556}") = "Optivem.DependencyInjection.Infrastructure.Selenium", "src\DependencyInjection\Infrastructure\Selenium\Optivem.DependencyInjection.Infrastructure.Selenium.csproj", "{329FDCE4-306A-4853-96A4-370FFAA5C4F1}"
EndProject
Project("{9A19103F-16F7-4668-BE54-9A1E7A4F7556}") = "Optivem.DependencyInjection.Infrastructure.System", "src\DependencyInjection\Infrastructure\System\Optivem.DependencyInjection.Infrastructure.System.csproj", "{E4AE6B52-2A65-42FD-8855-C2B62567B156}"
EndProject
Project("{2150E333-8FDC-42A3-9474-1A3956D46DE8}") = "Base", "Base", "{BAD5BAB7-4DBB-43B5-B315-EA5723D42E29}"
EndProject
Project("{9A19103F-16F7-4668-BE54-9A1E7A4F7556}") = "Optivem.DependencyInjection", "src\DependencyInjection\Base\DependencyInjection\Optivem.DependencyInjection.csproj", "{51BBACC2-8963-4607-8928-A77337373BE2}"
EndProject
Project("{2150E333-8FDC-42A3-9474-1A3956D46DE8}") = "Template", "Template", "{E43A4277-A2B4-4ACE-92D1-4B62860E3C68}"
EndProject
Project("{2150E333-8FDC-42A3-9474-1A3956D46DE8}") = "Src", "Src", "{3D617A9C-8C41-4CDE-9F5C-D83AE8412B08}"
EndProject
Project("{2150E333-8FDC-42A3-9474-1A3956D46DE8}") = "Test", "Test", "{AC63F853-51D6-464A-9D51-CE421A323541}"
EndProject
Project("{2150E333-8FDC-42A3-9474-1A3956D46DE8}") = "Core", "Core", "{7F1E6BBB-650B-41B4-BAF2-8DA5440ABBE5}"
EndProject
Project("{2150E333-8FDC-42A3-9474-1A3956D46DE8}") = "Infrastructure", "Infrastructure", "{B429B800-F3B4-4F6B-8F89-94763A0A0204}"
EndProject
Project("{2150E333-8FDC-42A3-9474-1A3956D46DE8}") = "Web", "Web", "{C2076B96-2334-44C1-98D4-BD2CAE651A14}"
EndProject
Project("{2150E333-8FDC-42A3-9474-1A3956D46DE8}") = "Core", "Core", "{10F5E068-60AC-4F31-A3A9-838BF68FAE94}"
EndProject
Project("{2150E333-8FDC-42A3-9474-1A3956D46DE8}") = "Web", "Web", "{04BFF208-657F-4024-8725-BD473BD76F44}"
EndProject
Project("{9A19103F-16F7-4668-BE54-9A1E7A4F7556}") = "Optivem.Template.Core.Application", "template\src\Core\Optivem.Template.Core.Application\Optivem.Template.Core.Application.csproj", "{4C0A6097-DE83-49A3-A794-C5AF9BCAB788}"
EndProject
Project("{9A19103F-16F7-4668-BE54-9A1E7A4F7556}") = "Optivem.Template.Core.Application.Interface", "template\src\Core\Optivem.Template.Core.Application.Interface\Optivem.Template.Core.Application.Interface.csproj", "{7A7803B9-6BF5-475A-90DF-8736AE10B394}"
EndProject
Project("{9A19103F-16F7-4668-BE54-9A1E7A4F7556}") = "Optivem.Template.Core.Domain", "template\src\Core\Optivem.Template.Core.Domain\Optivem.Template.Core.Domain.csproj", "{7C0C8281-1B57-4951-8FEE-56A905A8A0F2}"
EndProject
Project("{9A19103F-16F7-4668-BE54-9A1E7A4F7556}") = "Optivem.Template.Infrastructure.AutoMapper", "template\src\Infrastructure\Optivem.Template.Infrastructure.AutoMapper\Optivem.Template.Infrastructure.AutoMapper.csproj", "{390E7A52-EE9D-49C1-8556-2FB036520EAB}"
EndProject
Project("{9A19103F-16F7-4668-BE54-9A1E7A4F7556}") = "Optivem.Template.Infrastructure.MediatR", "template\src\Infrastructure\Optivem.Template.Infrastructure.MediatR\Optivem.Template.Infrastructure.MediatR.csproj", "{EEBBB24F-869C-4F14-89CD-DA9581980E59}"
EndProject
Project("{9A19103F-16F7-4668-BE54-9A1E7A4F7556}") = "Optivem.Template.Infrastructure.EntityFrameworkCore", "template\src\Infrastructure\Optivem.Template.Infrastructure.EntityFrameworkCore\Optivem.Template.Infrastructure.EntityFrameworkCore.csproj", "{402AAD94-143E-4278-8965-F6B90D38C377}"
EndProject
Project("{9A19103F-16F7-4668-BE54-9A1E7A4F7556}") = "Optivem.Template.Infrastructure.FluentValidation", "template\src\Infrastructure\Optivem.Template.Infrastructure.FluentValidation\Optivem.Template.Infrastructure.FluentValidation.csproj", "{251B5CC9-04CA-4104-8716-5911B2F24A33}"
EndProject
Project("{9A19103F-16F7-4668-BE54-9A1E7A4F7556}") = "Optivem.Template.Web.RestApi", "template\src\Web\Optivem.Template.Web.RestApi\Optivem.Template.Web.RestApi.csproj", "{9B099EE8-433D-45E9-AE2D-3CFC61C10383}"
EndProject
Project("{9A19103F-16F7-4668-BE54-9A1E7A4F7556}") = "Optivem.Template.Core.Domain.Test", "template\test\Core\Optivem.Template.Core.Domain.Test\Optivem.Template.Core.Domain.Test.csproj", "{A0273CD6-B99A-4388-80DC-49D5A796125F}"
EndProject
Project("{9A19103F-16F7-4668-BE54-9A1E7A4F7556}") = "Optivem.Template.Core.Application.Test", "template\test\Core\Optivem.Template.Core.Application.Test\Optivem.Template.Core.Application.Test.csproj", "{1FA7E719-C5CD-464D-B1BA-E6E54FB47A45}"
EndProject
Project("{9A19103F-16F7-4668-BE54-9A1E7A4F7556}") = "Optivem.Template.Web.RestApi.Test", "template\test\Web\Optivem.Template.Web.RestApi.Test\Optivem.Template.Web.RestApi.Test.csproj", "{E446595C-4BAC-4C78-8EB5-07286698F6FF}"
EndProject
Project("{2150E333-8FDC-42A3-9474-1A3956D46DE8}") = "DependencyInjection", "DependencyInjection", "{62FF9D8B-9229-403B-863F-D65ABDF3BA7D}"
EndProject
Project("{9A19103F-16F7-4668-BE54-9A1E7A4F7556}") = "Optivem.Template.DependencyInjection", "template\src\DependencyInjection\Optivem.Template.DependencyInjection\Optivem.Template.DependencyInjection.csproj", "{596FB780-05AA-45B9-B8E0-950116B80682}"
EndProject
Project("{9A19103F-16F7-4668-BE54-9A1E7A4F7556}") = "Optivem.Template.Core.Application.IntegrationTest", "template\test\Core\Optivem.Template.Core.Application.IntegrationTest\Optivem.Template.Core.Application.IntegrationTest.csproj", "{D289FE53-B26B-4F9C-9EE3-2C193B1615AA}"
EndProject
Project("{9A19103F-16F7-4668-BE54-9A1E7A4F7556}") = "Optivem.Test.Common", "test\Base\Common\Optivem.Test.Common.csproj", "{4B85C849-ED45-4D60-B79A-A928EF3F4830}"
EndProject
Project("{9A19103F-16F7-4668-BE54-9A1E7A4F7556}") = "Optivem.Test.AspNetCore", "test\Base\AspNetCore\Optivem.Test.AspNetCore.csproj", "{602277AE-5329-4EB8-BE93-EF1FEC70E51D}"
EndProject
Project("{9A19103F-16F7-4668-BE54-9A1E7A4F7556}") = "Optivem.Test.EntityFrameworkCore", "test\Base\EntityFrameworkCore\Optivem.Test.EntityFrameworkCore.csproj", "{CEC597D7-DADC-40C9-83DD-91C905F2D14E}"
EndProject
Project("{9A19103F-16F7-4668-BE54-9A1E7A4F7556}") = "Optivem.Test.Selenium", "test\Base\Selenium\Optivem.Test.Selenium.csproj", "{341EA06E-9D19-4406-83D8-DCEF04D0D1C3}"
EndProject
Project("{9A19103F-16F7-4668-BE54-9A1E7A4F7556}") = "Optivem.Test.Xunit", "test\Base\Xunit\Optivem.Test.Xunit.csproj", "{722BE726-7E03-4938-A703-22DEBE94BABC}"
EndProject
Global
	GlobalSection(SolutionConfigurationPlatforms) = preSolution
		Debug|Any CPU = Debug|Any CPU
		Release|Any CPU = Release|Any CPU
	EndGlobalSection
	GlobalSection(ProjectConfigurationPlatforms) = postSolution
		{ECAEA188-398F-4096-8F4B-F6A7A5BAA525}.Debug|Any CPU.ActiveCfg = Debug|Any CPU
		{ECAEA188-398F-4096-8F4B-F6A7A5BAA525}.Debug|Any CPU.Build.0 = Debug|Any CPU
		{ECAEA188-398F-4096-8F4B-F6A7A5BAA525}.Release|Any CPU.ActiveCfg = Release|Any CPU
		{ECAEA188-398F-4096-8F4B-F6A7A5BAA525}.Release|Any CPU.Build.0 = Release|Any CPU
		{7F68AEAC-EC61-4BD5-BF98-EE069981C3D4}.Debug|Any CPU.ActiveCfg = Debug|Any CPU
		{7F68AEAC-EC61-4BD5-BF98-EE069981C3D4}.Debug|Any CPU.Build.0 = Debug|Any CPU
		{7F68AEAC-EC61-4BD5-BF98-EE069981C3D4}.Release|Any CPU.ActiveCfg = Release|Any CPU
		{7F68AEAC-EC61-4BD5-BF98-EE069981C3D4}.Release|Any CPU.Build.0 = Release|Any CPU
		{5580243F-7CCD-4BB0-9DD6-DD21EC04D048}.Debug|Any CPU.ActiveCfg = Debug|Any CPU
		{5580243F-7CCD-4BB0-9DD6-DD21EC04D048}.Debug|Any CPU.Build.0 = Debug|Any CPU
		{5580243F-7CCD-4BB0-9DD6-DD21EC04D048}.Release|Any CPU.ActiveCfg = Release|Any CPU
		{5580243F-7CCD-4BB0-9DD6-DD21EC04D048}.Release|Any CPU.Build.0 = Release|Any CPU
		{FE54D6A6-6C87-4184-9634-37BD5101655B}.Debug|Any CPU.ActiveCfg = Debug|Any CPU
		{FE54D6A6-6C87-4184-9634-37BD5101655B}.Debug|Any CPU.Build.0 = Debug|Any CPU
		{FE54D6A6-6C87-4184-9634-37BD5101655B}.Release|Any CPU.ActiveCfg = Release|Any CPU
		{FE54D6A6-6C87-4184-9634-37BD5101655B}.Release|Any CPU.Build.0 = Release|Any CPU
		{5521E732-F5A2-49CE-91B5-FB4E1C401D42}.Debug|Any CPU.ActiveCfg = Debug|Any CPU
		{5521E732-F5A2-49CE-91B5-FB4E1C401D42}.Debug|Any CPU.Build.0 = Debug|Any CPU
		{5521E732-F5A2-49CE-91B5-FB4E1C401D42}.Release|Any CPU.ActiveCfg = Release|Any CPU
		{5521E732-F5A2-49CE-91B5-FB4E1C401D42}.Release|Any CPU.Build.0 = Release|Any CPU
		{662A1EA5-4C64-47B6-A91F-4F64B8B06BE4}.Debug|Any CPU.ActiveCfg = Debug|Any CPU
		{662A1EA5-4C64-47B6-A91F-4F64B8B06BE4}.Debug|Any CPU.Build.0 = Debug|Any CPU
		{662A1EA5-4C64-47B6-A91F-4F64B8B06BE4}.Release|Any CPU.ActiveCfg = Release|Any CPU
		{662A1EA5-4C64-47B6-A91F-4F64B8B06BE4}.Release|Any CPU.Build.0 = Release|Any CPU
		{54DC7B02-AF07-4F71-898D-E490A419BC9A}.Debug|Any CPU.ActiveCfg = Debug|Any CPU
		{54DC7B02-AF07-4F71-898D-E490A419BC9A}.Debug|Any CPU.Build.0 = Debug|Any CPU
		{54DC7B02-AF07-4F71-898D-E490A419BC9A}.Release|Any CPU.ActiveCfg = Release|Any CPU
		{54DC7B02-AF07-4F71-898D-E490A419BC9A}.Release|Any CPU.Build.0 = Release|Any CPU
		{911B3FC0-C9D6-4793-B60D-25225398A93B}.Debug|Any CPU.ActiveCfg = Debug|Any CPU
		{911B3FC0-C9D6-4793-B60D-25225398A93B}.Debug|Any CPU.Build.0 = Debug|Any CPU
		{911B3FC0-C9D6-4793-B60D-25225398A93B}.Release|Any CPU.ActiveCfg = Release|Any CPU
		{911B3FC0-C9D6-4793-B60D-25225398A93B}.Release|Any CPU.Build.0 = Release|Any CPU
		{22973DDB-AFCB-4982-8CD0-178DC341CDA2}.Debug|Any CPU.ActiveCfg = Debug|Any CPU
		{22973DDB-AFCB-4982-8CD0-178DC341CDA2}.Debug|Any CPU.Build.0 = Debug|Any CPU
		{22973DDB-AFCB-4982-8CD0-178DC341CDA2}.Release|Any CPU.ActiveCfg = Release|Any CPU
		{22973DDB-AFCB-4982-8CD0-178DC341CDA2}.Release|Any CPU.Build.0 = Release|Any CPU
		{E87BF0FE-21A9-40D8-86D1-3A494A7AC2CB}.Debug|Any CPU.ActiveCfg = Debug|Any CPU
		{E87BF0FE-21A9-40D8-86D1-3A494A7AC2CB}.Debug|Any CPU.Build.0 = Debug|Any CPU
		{E87BF0FE-21A9-40D8-86D1-3A494A7AC2CB}.Release|Any CPU.ActiveCfg = Release|Any CPU
		{E87BF0FE-21A9-40D8-86D1-3A494A7AC2CB}.Release|Any CPU.Build.0 = Release|Any CPU
		{51DFD5A5-7FBB-4934-A4DC-793CAAFD44DD}.Debug|Any CPU.ActiveCfg = Debug|Any CPU
		{51DFD5A5-7FBB-4934-A4DC-793CAAFD44DD}.Debug|Any CPU.Build.0 = Debug|Any CPU
		{51DFD5A5-7FBB-4934-A4DC-793CAAFD44DD}.Release|Any CPU.ActiveCfg = Release|Any CPU
		{51DFD5A5-7FBB-4934-A4DC-793CAAFD44DD}.Release|Any CPU.Build.0 = Release|Any CPU
		{13F8A1DA-8E96-4A7A-8158-659F89503132}.Debug|Any CPU.ActiveCfg = Debug|Any CPU
		{13F8A1DA-8E96-4A7A-8158-659F89503132}.Debug|Any CPU.Build.0 = Debug|Any CPU
		{13F8A1DA-8E96-4A7A-8158-659F89503132}.Release|Any CPU.ActiveCfg = Release|Any CPU
		{13F8A1DA-8E96-4A7A-8158-659F89503132}.Release|Any CPU.Build.0 = Release|Any CPU
		{7F222407-6A4B-4449-A1F1-D00815EBB4F8}.Debug|Any CPU.ActiveCfg = Debug|Any CPU
		{7F222407-6A4B-4449-A1F1-D00815EBB4F8}.Debug|Any CPU.Build.0 = Debug|Any CPU
		{7F222407-6A4B-4449-A1F1-D00815EBB4F8}.Release|Any CPU.ActiveCfg = Release|Any CPU
		{7F222407-6A4B-4449-A1F1-D00815EBB4F8}.Release|Any CPU.Build.0 = Release|Any CPU
		{E7B18A00-073F-4576-9764-2E3CD9A2A51E}.Debug|Any CPU.ActiveCfg = Debug|Any CPU
		{E7B18A00-073F-4576-9764-2E3CD9A2A51E}.Debug|Any CPU.Build.0 = Debug|Any CPU
		{E7B18A00-073F-4576-9764-2E3CD9A2A51E}.Release|Any CPU.ActiveCfg = Release|Any CPU
		{E7B18A00-073F-4576-9764-2E3CD9A2A51E}.Release|Any CPU.Build.0 = Release|Any CPU
		{3E63C428-A67A-4475-915A-5D70F660E4E9}.Debug|Any CPU.ActiveCfg = Debug|Any CPU
		{3E63C428-A67A-4475-915A-5D70F660E4E9}.Debug|Any CPU.Build.0 = Debug|Any CPU
		{3E63C428-A67A-4475-915A-5D70F660E4E9}.Release|Any CPU.ActiveCfg = Release|Any CPU
		{3E63C428-A67A-4475-915A-5D70F660E4E9}.Release|Any CPU.Build.0 = Release|Any CPU
		{B5E2A71A-E3D0-4732-9C88-8AE471847977}.Debug|Any CPU.ActiveCfg = Debug|Any CPU
		{B5E2A71A-E3D0-4732-9C88-8AE471847977}.Debug|Any CPU.Build.0 = Debug|Any CPU
		{B5E2A71A-E3D0-4732-9C88-8AE471847977}.Release|Any CPU.ActiveCfg = Release|Any CPU
		{B5E2A71A-E3D0-4732-9C88-8AE471847977}.Release|Any CPU.Build.0 = Release|Any CPU
		{D152E05C-EFD6-4A80-89DF-77A0B7CE9E20}.Debug|Any CPU.ActiveCfg = Debug|Any CPU
		{D152E05C-EFD6-4A80-89DF-77A0B7CE9E20}.Debug|Any CPU.Build.0 = Debug|Any CPU
		{D152E05C-EFD6-4A80-89DF-77A0B7CE9E20}.Release|Any CPU.ActiveCfg = Release|Any CPU
		{D152E05C-EFD6-4A80-89DF-77A0B7CE9E20}.Release|Any CPU.Build.0 = Release|Any CPU
		{93AAEDCF-8744-418E-BE99-775F4AC34C6E}.Debug|Any CPU.ActiveCfg = Debug|Any CPU
		{93AAEDCF-8744-418E-BE99-775F4AC34C6E}.Debug|Any CPU.Build.0 = Debug|Any CPU
		{93AAEDCF-8744-418E-BE99-775F4AC34C6E}.Release|Any CPU.ActiveCfg = Release|Any CPU
		{93AAEDCF-8744-418E-BE99-775F4AC34C6E}.Release|Any CPU.Build.0 = Release|Any CPU
		{43989762-8EA3-4C4F-8FC3-884AA1D41B9E}.Debug|Any CPU.ActiveCfg = Debug|Any CPU
		{43989762-8EA3-4C4F-8FC3-884AA1D41B9E}.Debug|Any CPU.Build.0 = Debug|Any CPU
		{43989762-8EA3-4C4F-8FC3-884AA1D41B9E}.Release|Any CPU.ActiveCfg = Release|Any CPU
		{43989762-8EA3-4C4F-8FC3-884AA1D41B9E}.Release|Any CPU.Build.0 = Release|Any CPU
		{6708F5A8-6CB3-4143-8583-83BD8F39C8F1}.Debug|Any CPU.ActiveCfg = Debug|Any CPU
		{6708F5A8-6CB3-4143-8583-83BD8F39C8F1}.Debug|Any CPU.Build.0 = Debug|Any CPU
		{6708F5A8-6CB3-4143-8583-83BD8F39C8F1}.Release|Any CPU.ActiveCfg = Release|Any CPU
		{6708F5A8-6CB3-4143-8583-83BD8F39C8F1}.Release|Any CPU.Build.0 = Release|Any CPU
		{E9FD4831-52E6-4C74-9B97-EA92C0E08B8A}.Debug|Any CPU.ActiveCfg = Debug|Any CPU
		{E9FD4831-52E6-4C74-9B97-EA92C0E08B8A}.Debug|Any CPU.Build.0 = Debug|Any CPU
		{E9FD4831-52E6-4C74-9B97-EA92C0E08B8A}.Release|Any CPU.ActiveCfg = Release|Any CPU
		{E9FD4831-52E6-4C74-9B97-EA92C0E08B8A}.Release|Any CPU.Build.0 = Release|Any CPU
		{D19550AE-EBD3-42F0-B59F-E00F2319076A}.Debug|Any CPU.ActiveCfg = Debug|Any CPU
		{D19550AE-EBD3-42F0-B59F-E00F2319076A}.Debug|Any CPU.Build.0 = Debug|Any CPU
		{D19550AE-EBD3-42F0-B59F-E00F2319076A}.Release|Any CPU.ActiveCfg = Release|Any CPU
		{D19550AE-EBD3-42F0-B59F-E00F2319076A}.Release|Any CPU.Build.0 = Release|Any CPU
		{FCF00CA5-A1DD-4C57-987C-B7F622B38C88}.Debug|Any CPU.ActiveCfg = Debug|Any CPU
		{FCF00CA5-A1DD-4C57-987C-B7F622B38C88}.Debug|Any CPU.Build.0 = Debug|Any CPU
		{FCF00CA5-A1DD-4C57-987C-B7F622B38C88}.Release|Any CPU.ActiveCfg = Release|Any CPU
		{FCF00CA5-A1DD-4C57-987C-B7F622B38C88}.Release|Any CPU.Build.0 = Release|Any CPU
		{4CCC7990-D46F-42D7-9BAB-388895A6FADE}.Debug|Any CPU.ActiveCfg = Debug|Any CPU
		{4CCC7990-D46F-42D7-9BAB-388895A6FADE}.Debug|Any CPU.Build.0 = Debug|Any CPU
		{4CCC7990-D46F-42D7-9BAB-388895A6FADE}.Release|Any CPU.ActiveCfg = Release|Any CPU
		{4CCC7990-D46F-42D7-9BAB-388895A6FADE}.Release|Any CPU.Build.0 = Release|Any CPU
		{0C17163B-7E91-4DD0-9CFC-B5CFBFB1F9B4}.Debug|Any CPU.ActiveCfg = Debug|Any CPU
		{0C17163B-7E91-4DD0-9CFC-B5CFBFB1F9B4}.Debug|Any CPU.Build.0 = Debug|Any CPU
		{0C17163B-7E91-4DD0-9CFC-B5CFBFB1F9B4}.Release|Any CPU.ActiveCfg = Release|Any CPU
		{0C17163B-7E91-4DD0-9CFC-B5CFBFB1F9B4}.Release|Any CPU.Build.0 = Release|Any CPU
		{3EE81C3D-D221-453E-91E6-B9B69B3A6F37}.Debug|Any CPU.ActiveCfg = Debug|Any CPU
		{3EE81C3D-D221-453E-91E6-B9B69B3A6F37}.Debug|Any CPU.Build.0 = Debug|Any CPU
		{3EE81C3D-D221-453E-91E6-B9B69B3A6F37}.Release|Any CPU.ActiveCfg = Release|Any CPU
		{3EE81C3D-D221-453E-91E6-B9B69B3A6F37}.Release|Any CPU.Build.0 = Release|Any CPU
		{2D6623D7-5212-4EB4-ACAD-BD85E9338219}.Debug|Any CPU.ActiveCfg = Debug|Any CPU
		{2D6623D7-5212-4EB4-ACAD-BD85E9338219}.Debug|Any CPU.Build.0 = Debug|Any CPU
		{2D6623D7-5212-4EB4-ACAD-BD85E9338219}.Release|Any CPU.ActiveCfg = Release|Any CPU
		{2D6623D7-5212-4EB4-ACAD-BD85E9338219}.Release|Any CPU.Build.0 = Release|Any CPU
		{7F553B47-1968-4F8F-9946-1D2F393E5F51}.Debug|Any CPU.ActiveCfg = Debug|Any CPU
		{7F553B47-1968-4F8F-9946-1D2F393E5F51}.Debug|Any CPU.Build.0 = Debug|Any CPU
		{7F553B47-1968-4F8F-9946-1D2F393E5F51}.Release|Any CPU.ActiveCfg = Release|Any CPU
		{7F553B47-1968-4F8F-9946-1D2F393E5F51}.Release|Any CPU.Build.0 = Release|Any CPU
		{19D1D124-A0E1-4D82-818E-2D518CC45B41}.Debug|Any CPU.ActiveCfg = Debug|Any CPU
		{19D1D124-A0E1-4D82-818E-2D518CC45B41}.Debug|Any CPU.Build.0 = Debug|Any CPU
		{19D1D124-A0E1-4D82-818E-2D518CC45B41}.Release|Any CPU.ActiveCfg = Release|Any CPU
		{19D1D124-A0E1-4D82-818E-2D518CC45B41}.Release|Any CPU.Build.0 = Release|Any CPU
		{C5D3B8FB-AB99-442C-83CA-CF3E1B0630AA}.Debug|Any CPU.ActiveCfg = Debug|Any CPU
		{C5D3B8FB-AB99-442C-83CA-CF3E1B0630AA}.Debug|Any CPU.Build.0 = Debug|Any CPU
		{C5D3B8FB-AB99-442C-83CA-CF3E1B0630AA}.Release|Any CPU.ActiveCfg = Release|Any CPU
		{C5D3B8FB-AB99-442C-83CA-CF3E1B0630AA}.Release|Any CPU.Build.0 = Release|Any CPU
		{FEE6431B-DBBC-4A7E-A126-49164857D58E}.Debug|Any CPU.ActiveCfg = Debug|Any CPU
		{FEE6431B-DBBC-4A7E-A126-49164857D58E}.Debug|Any CPU.Build.0 = Debug|Any CPU
		{FEE6431B-DBBC-4A7E-A126-49164857D58E}.Release|Any CPU.ActiveCfg = Release|Any CPU
		{FEE6431B-DBBC-4A7E-A126-49164857D58E}.Release|Any CPU.Build.0 = Release|Any CPU
		{329FDCE4-306A-4853-96A4-370FFAA5C4F1}.Debug|Any CPU.ActiveCfg = Debug|Any CPU
		{329FDCE4-306A-4853-96A4-370FFAA5C4F1}.Debug|Any CPU.Build.0 = Debug|Any CPU
		{329FDCE4-306A-4853-96A4-370FFAA5C4F1}.Release|Any CPU.ActiveCfg = Release|Any CPU
		{329FDCE4-306A-4853-96A4-370FFAA5C4F1}.Release|Any CPU.Build.0 = Release|Any CPU
		{E4AE6B52-2A65-42FD-8855-C2B62567B156}.Debug|Any CPU.ActiveCfg = Debug|Any CPU
		{E4AE6B52-2A65-42FD-8855-C2B62567B156}.Debug|Any CPU.Build.0 = Debug|Any CPU
		{E4AE6B52-2A65-42FD-8855-C2B62567B156}.Release|Any CPU.ActiveCfg = Release|Any CPU
		{E4AE6B52-2A65-42FD-8855-C2B62567B156}.Release|Any CPU.Build.0 = Release|Any CPU
		{51BBACC2-8963-4607-8928-A77337373BE2}.Debug|Any CPU.ActiveCfg = Debug|Any CPU
		{51BBACC2-8963-4607-8928-A77337373BE2}.Debug|Any CPU.Build.0 = Debug|Any CPU
		{51BBACC2-8963-4607-8928-A77337373BE2}.Release|Any CPU.ActiveCfg = Release|Any CPU
		{51BBACC2-8963-4607-8928-A77337373BE2}.Release|Any CPU.Build.0 = Release|Any CPU
		{4C0A6097-DE83-49A3-A794-C5AF9BCAB788}.Debug|Any CPU.ActiveCfg = Debug|Any CPU
		{4C0A6097-DE83-49A3-A794-C5AF9BCAB788}.Debug|Any CPU.Build.0 = Debug|Any CPU
		{4C0A6097-DE83-49A3-A794-C5AF9BCAB788}.Release|Any CPU.ActiveCfg = Release|Any CPU
		{4C0A6097-DE83-49A3-A794-C5AF9BCAB788}.Release|Any CPU.Build.0 = Release|Any CPU
		{7A7803B9-6BF5-475A-90DF-8736AE10B394}.Debug|Any CPU.ActiveCfg = Debug|Any CPU
		{7A7803B9-6BF5-475A-90DF-8736AE10B394}.Debug|Any CPU.Build.0 = Debug|Any CPU
		{7A7803B9-6BF5-475A-90DF-8736AE10B394}.Release|Any CPU.ActiveCfg = Release|Any CPU
		{7A7803B9-6BF5-475A-90DF-8736AE10B394}.Release|Any CPU.Build.0 = Release|Any CPU
		{7C0C8281-1B57-4951-8FEE-56A905A8A0F2}.Debug|Any CPU.ActiveCfg = Debug|Any CPU
		{7C0C8281-1B57-4951-8FEE-56A905A8A0F2}.Debug|Any CPU.Build.0 = Debug|Any CPU
		{7C0C8281-1B57-4951-8FEE-56A905A8A0F2}.Release|Any CPU.ActiveCfg = Release|Any CPU
		{7C0C8281-1B57-4951-8FEE-56A905A8A0F2}.Release|Any CPU.Build.0 = Release|Any CPU
		{390E7A52-EE9D-49C1-8556-2FB036520EAB}.Debug|Any CPU.ActiveCfg = Debug|Any CPU
		{390E7A52-EE9D-49C1-8556-2FB036520EAB}.Debug|Any CPU.Build.0 = Debug|Any CPU
		{390E7A52-EE9D-49C1-8556-2FB036520EAB}.Release|Any CPU.ActiveCfg = Release|Any CPU
		{390E7A52-EE9D-49C1-8556-2FB036520EAB}.Release|Any CPU.Build.0 = Release|Any CPU
		{EEBBB24F-869C-4F14-89CD-DA9581980E59}.Debug|Any CPU.ActiveCfg = Debug|Any CPU
		{EEBBB24F-869C-4F14-89CD-DA9581980E59}.Debug|Any CPU.Build.0 = Debug|Any CPU
		{EEBBB24F-869C-4F14-89CD-DA9581980E59}.Release|Any CPU.ActiveCfg = Release|Any CPU
		{EEBBB24F-869C-4F14-89CD-DA9581980E59}.Release|Any CPU.Build.0 = Release|Any CPU
		{402AAD94-143E-4278-8965-F6B90D38C377}.Debug|Any CPU.ActiveCfg = Debug|Any CPU
		{402AAD94-143E-4278-8965-F6B90D38C377}.Debug|Any CPU.Build.0 = Debug|Any CPU
		{402AAD94-143E-4278-8965-F6B90D38C377}.Release|Any CPU.ActiveCfg = Release|Any CPU
		{402AAD94-143E-4278-8965-F6B90D38C377}.Release|Any CPU.Build.0 = Release|Any CPU
		{251B5CC9-04CA-4104-8716-5911B2F24A33}.Debug|Any CPU.ActiveCfg = Debug|Any CPU
		{251B5CC9-04CA-4104-8716-5911B2F24A33}.Debug|Any CPU.Build.0 = Debug|Any CPU
		{251B5CC9-04CA-4104-8716-5911B2F24A33}.Release|Any CPU.ActiveCfg = Release|Any CPU
		{251B5CC9-04CA-4104-8716-5911B2F24A33}.Release|Any CPU.Build.0 = Release|Any CPU
		{9B099EE8-433D-45E9-AE2D-3CFC61C10383}.Debug|Any CPU.ActiveCfg = Debug|Any CPU
		{9B099EE8-433D-45E9-AE2D-3CFC61C10383}.Debug|Any CPU.Build.0 = Debug|Any CPU
		{9B099EE8-433D-45E9-AE2D-3CFC61C10383}.Release|Any CPU.ActiveCfg = Release|Any CPU
		{9B099EE8-433D-45E9-AE2D-3CFC61C10383}.Release|Any CPU.Build.0 = Release|Any CPU
		{A0273CD6-B99A-4388-80DC-49D5A796125F}.Debug|Any CPU.ActiveCfg = Debug|Any CPU
		{A0273CD6-B99A-4388-80DC-49D5A796125F}.Debug|Any CPU.Build.0 = Debug|Any CPU
		{A0273CD6-B99A-4388-80DC-49D5A796125F}.Release|Any CPU.ActiveCfg = Release|Any CPU
		{A0273CD6-B99A-4388-80DC-49D5A796125F}.Release|Any CPU.Build.0 = Release|Any CPU
		{1FA7E719-C5CD-464D-B1BA-E6E54FB47A45}.Debug|Any CPU.ActiveCfg = Debug|Any CPU
		{1FA7E719-C5CD-464D-B1BA-E6E54FB47A45}.Debug|Any CPU.Build.0 = Debug|Any CPU
		{1FA7E719-C5CD-464D-B1BA-E6E54FB47A45}.Release|Any CPU.ActiveCfg = Release|Any CPU
		{1FA7E719-C5CD-464D-B1BA-E6E54FB47A45}.Release|Any CPU.Build.0 = Release|Any CPU
		{E446595C-4BAC-4C78-8EB5-07286698F6FF}.Debug|Any CPU.ActiveCfg = Debug|Any CPU
		{E446595C-4BAC-4C78-8EB5-07286698F6FF}.Debug|Any CPU.Build.0 = Debug|Any CPU
		{E446595C-4BAC-4C78-8EB5-07286698F6FF}.Release|Any CPU.ActiveCfg = Release|Any CPU
		{E446595C-4BAC-4C78-8EB5-07286698F6FF}.Release|Any CPU.Build.0 = Release|Any CPU
		{596FB780-05AA-45B9-B8E0-950116B80682}.Debug|Any CPU.ActiveCfg = Debug|Any CPU
		{596FB780-05AA-45B9-B8E0-950116B80682}.Debug|Any CPU.Build.0 = Debug|Any CPU
		{596FB780-05AA-45B9-B8E0-950116B80682}.Release|Any CPU.ActiveCfg = Release|Any CPU
		{596FB780-05AA-45B9-B8E0-950116B80682}.Release|Any CPU.Build.0 = Release|Any CPU
		{D289FE53-B26B-4F9C-9EE3-2C193B1615AA}.Debug|Any CPU.ActiveCfg = Debug|Any CPU
		{D289FE53-B26B-4F9C-9EE3-2C193B1615AA}.Debug|Any CPU.Build.0 = Debug|Any CPU
		{D289FE53-B26B-4F9C-9EE3-2C193B1615AA}.Release|Any CPU.ActiveCfg = Release|Any CPU
		{D289FE53-B26B-4F9C-9EE3-2C193B1615AA}.Release|Any CPU.Build.0 = Release|Any CPU
		{4B85C849-ED45-4D60-B79A-A928EF3F4830}.Debug|Any CPU.ActiveCfg = Debug|Any CPU
		{4B85C849-ED45-4D60-B79A-A928EF3F4830}.Debug|Any CPU.Build.0 = Debug|Any CPU
		{4B85C849-ED45-4D60-B79A-A928EF3F4830}.Release|Any CPU.ActiveCfg = Release|Any CPU
		{4B85C849-ED45-4D60-B79A-A928EF3F4830}.Release|Any CPU.Build.0 = Release|Any CPU
		{602277AE-5329-4EB8-BE93-EF1FEC70E51D}.Debug|Any CPU.ActiveCfg = Debug|Any CPU
		{602277AE-5329-4EB8-BE93-EF1FEC70E51D}.Debug|Any CPU.Build.0 = Debug|Any CPU
		{602277AE-5329-4EB8-BE93-EF1FEC70E51D}.Release|Any CPU.ActiveCfg = Release|Any CPU
		{602277AE-5329-4EB8-BE93-EF1FEC70E51D}.Release|Any CPU.Build.0 = Release|Any CPU
		{CEC597D7-DADC-40C9-83DD-91C905F2D14E}.Debug|Any CPU.ActiveCfg = Debug|Any CPU
		{CEC597D7-DADC-40C9-83DD-91C905F2D14E}.Debug|Any CPU.Build.0 = Debug|Any CPU
		{CEC597D7-DADC-40C9-83DD-91C905F2D14E}.Release|Any CPU.ActiveCfg = Release|Any CPU
		{CEC597D7-DADC-40C9-83DD-91C905F2D14E}.Release|Any CPU.Build.0 = Release|Any CPU
		{341EA06E-9D19-4406-83D8-DCEF04D0D1C3}.Debug|Any CPU.ActiveCfg = Debug|Any CPU
		{341EA06E-9D19-4406-83D8-DCEF04D0D1C3}.Debug|Any CPU.Build.0 = Debug|Any CPU
		{341EA06E-9D19-4406-83D8-DCEF04D0D1C3}.Release|Any CPU.ActiveCfg = Release|Any CPU
		{341EA06E-9D19-4406-83D8-DCEF04D0D1C3}.Release|Any CPU.Build.0 = Release|Any CPU
		{722BE726-7E03-4938-A703-22DEBE94BABC}.Debug|Any CPU.ActiveCfg = Debug|Any CPU
		{722BE726-7E03-4938-A703-22DEBE94BABC}.Debug|Any CPU.Build.0 = Debug|Any CPU
		{722BE726-7E03-4938-A703-22DEBE94BABC}.Release|Any CPU.ActiveCfg = Release|Any CPU
		{722BE726-7E03-4938-A703-22DEBE94BABC}.Release|Any CPU.Build.0 = Release|Any CPU
	EndGlobalSection
	GlobalSection(SolutionProperties) = preSolution
		HideSolutionNode = FALSE
	EndGlobalSection
	GlobalSection(NestedProjects) = preSolution
		{49E4FB3F-B2C1-4314-B690-3E3C2266DE51} = {D014EF31-353F-486A-872C-9AD3674F185B}
		{58AEF876-B576-44F8-AD55-DA74818CD60E} = {D014EF31-353F-486A-872C-9AD3674F185B}
		{E0C63A52-0D7C-4242-BE54-879DDF4E4BDC} = {A2C44B47-7AFE-4978-9308-F5431129B1DB}
		{29D6EDE2-7FDA-4688-B184-EF3FFD5C7F71} = {D014EF31-353F-486A-872C-9AD3674F185B}
		{16AA06BB-E046-4584-BA22-F14A56ADD50A} = {E0C63A52-0D7C-4242-BE54-879DDF4E4BDC}
		{44CCA906-B7B1-4A05-97B6-A93AA62FB006} = {E0C63A52-0D7C-4242-BE54-879DDF4E4BDC}
		{D014EF31-353F-486A-872C-9AD3674F185B} = {A2C44B47-7AFE-4978-9308-F5431129B1DB}
		{ECAEA188-398F-4096-8F4B-F6A7A5BAA525} = {29D6EDE2-7FDA-4688-B184-EF3FFD5C7F71}
		{7F68AEAC-EC61-4BD5-BF98-EE069981C3D4} = {29D6EDE2-7FDA-4688-B184-EF3FFD5C7F71}
		{5580243F-7CCD-4BB0-9DD6-DD21EC04D048} = {58AEF876-B576-44F8-AD55-DA74818CD60E}
		{FE54D6A6-6C87-4184-9634-37BD5101655B} = {44CCA906-B7B1-4A05-97B6-A93AA62FB006}
		{5521E732-F5A2-49CE-91B5-FB4E1C401D42} = {44CCA906-B7B1-4A05-97B6-A93AA62FB006}
		{662A1EA5-4C64-47B6-A91F-4F64B8B06BE4} = {29D6EDE2-7FDA-4688-B184-EF3FFD5C7F71}
		{B968F3E4-0AEE-4DD9-AB7B-D4CE9358A078} = {E0C63A52-0D7C-4242-BE54-879DDF4E4BDC}
		{54DC7B02-AF07-4F71-898D-E490A419BC9A} = {B968F3E4-0AEE-4DD9-AB7B-D4CE9358A078}
		{911B3FC0-C9D6-4793-B60D-25225398A93B} = {49E4FB3F-B2C1-4314-B690-3E3C2266DE51}
		{22973DDB-AFCB-4982-8CD0-178DC341CDA2} = {49E4FB3F-B2C1-4314-B690-3E3C2266DE51}
		{E87BF0FE-21A9-40D8-86D1-3A494A7AC2CB} = {49E4FB3F-B2C1-4314-B690-3E3C2266DE51}
		{51DFD5A5-7FBB-4934-A4DC-793CAAFD44DD} = {49E4FB3F-B2C1-4314-B690-3E3C2266DE51}
		{13F8A1DA-8E96-4A7A-8158-659F89503132} = {49E4FB3F-B2C1-4314-B690-3E3C2266DE51}
		{7F222407-6A4B-4449-A1F1-D00815EBB4F8} = {49E4FB3F-B2C1-4314-B690-3E3C2266DE51}
		{E7B18A00-073F-4576-9764-2E3CD9A2A51E} = {49E4FB3F-B2C1-4314-B690-3E3C2266DE51}
		{3E63C428-A67A-4475-915A-5D70F660E4E9} = {49E4FB3F-B2C1-4314-B690-3E3C2266DE51}
		{B5E2A71A-E3D0-4732-9C88-8AE471847977} = {49E4FB3F-B2C1-4314-B690-3E3C2266DE51}
		{D152E05C-EFD6-4A80-89DF-77A0B7CE9E20} = {29D6EDE2-7FDA-4688-B184-EF3FFD5C7F71}
		{93AAEDCF-8744-418E-BE99-775F4AC34C6E} = {29D6EDE2-7FDA-4688-B184-EF3FFD5C7F71}
		{43989762-8EA3-4C4F-8FC3-884AA1D41B9E} = {49E4FB3F-B2C1-4314-B690-3E3C2266DE51}
		{531EE9B1-F71A-4D55-A695-91D122163D57} = {E0C63A52-0D7C-4242-BE54-879DDF4E4BDC}
		{6708F5A8-6CB3-4143-8583-83BD8F39C8F1} = {16AA06BB-E046-4584-BA22-F14A56ADD50A}
		{E9FD4831-52E6-4C74-9B97-EA92C0E08B8A} = {16AA06BB-E046-4584-BA22-F14A56ADD50A}
		{D19550AE-EBD3-42F0-B59F-E00F2319076A} = {16AA06BB-E046-4584-BA22-F14A56ADD50A}
		{2D62DCFE-F085-4522-B19D-58FCE451AD9B} = {D014EF31-353F-486A-872C-9AD3674F185B}
		{D39C4247-5AD7-4392-851C-877E9FBD7A09} = {2D62DCFE-F085-4522-B19D-58FCE451AD9B}
		{1136EAB4-2929-4A65-BF00-AC90062E7A33} = {2D62DCFE-F085-4522-B19D-58FCE451AD9B}
		{FCF00CA5-A1DD-4C57-987C-B7F622B38C88} = {D39C4247-5AD7-4392-851C-877E9FBD7A09}
		{4CCC7990-D46F-42D7-9BAB-388895A6FADE} = {D39C4247-5AD7-4392-851C-877E9FBD7A09}
		{0C17163B-7E91-4DD0-9CFC-B5CFBFB1F9B4} = {1136EAB4-2929-4A65-BF00-AC90062E7A33}
		{3EE81C3D-D221-453E-91E6-B9B69B3A6F37} = {1136EAB4-2929-4A65-BF00-AC90062E7A33}
		{2D6623D7-5212-4EB4-ACAD-BD85E9338219} = {1136EAB4-2929-4A65-BF00-AC90062E7A33}
		{7F553B47-1968-4F8F-9946-1D2F393E5F51} = {1136EAB4-2929-4A65-BF00-AC90062E7A33}
		{19D1D124-A0E1-4D82-818E-2D518CC45B41} = {1136EAB4-2929-4A65-BF00-AC90062E7A33}
		{C5D3B8FB-AB99-442C-83CA-CF3E1B0630AA} = {1136EAB4-2929-4A65-BF00-AC90062E7A33}
		{FEE6431B-DBBC-4A7E-A126-49164857D58E} = {1136EAB4-2929-4A65-BF00-AC90062E7A33}
		{329FDCE4-306A-4853-96A4-370FFAA5C4F1} = {1136EAB4-2929-4A65-BF00-AC90062E7A33}
		{E4AE6B52-2A65-42FD-8855-C2B62567B156} = {1136EAB4-2929-4A65-BF00-AC90062E7A33}
		{BAD5BAB7-4DBB-43B5-B315-EA5723D42E29} = {2D62DCFE-F085-4522-B19D-58FCE451AD9B}
		{51BBACC2-8963-4607-8928-A77337373BE2} = {BAD5BAB7-4DBB-43B5-B315-EA5723D42E29}
		{3D617A9C-8C41-4CDE-9F5C-D83AE8412B08} = {E43A4277-A2B4-4ACE-92D1-4B62860E3C68}
		{AC63F853-51D6-464A-9D51-CE421A323541} = {E43A4277-A2B4-4ACE-92D1-4B62860E3C68}
		{7F1E6BBB-650B-41B4-BAF2-8DA5440ABBE5} = {3D617A9C-8C41-4CDE-9F5C-D83AE8412B08}
		{B429B800-F3B4-4F6B-8F89-94763A0A0204} = {3D617A9C-8C41-4CDE-9F5C-D83AE8412B08}
		{C2076B96-2334-44C1-98D4-BD2CAE651A14} = {3D617A9C-8C41-4CDE-9F5C-D83AE8412B08}
		{10F5E068-60AC-4F31-A3A9-838BF68FAE94} = {AC63F853-51D6-464A-9D51-CE421A323541}
		{04BFF208-657F-4024-8725-BD473BD76F44} = {AC63F853-51D6-464A-9D51-CE421A323541}
		{4C0A6097-DE83-49A3-A794-C5AF9BCAB788} = {7F1E6BBB-650B-41B4-BAF2-8DA5440ABBE5}
		{7A7803B9-6BF5-475A-90DF-8736AE10B394} = {7F1E6BBB-650B-41B4-BAF2-8DA5440ABBE5}
		{7C0C8281-1B57-4951-8FEE-56A905A8A0F2} = {7F1E6BBB-650B-41B4-BAF2-8DA5440ABBE5}
		{390E7A52-EE9D-49C1-8556-2FB036520EAB} = {B429B800-F3B4-4F6B-8F89-94763A0A0204}
		{EEBBB24F-869C-4F14-89CD-DA9581980E59} = {B429B800-F3B4-4F6B-8F89-94763A0A0204}
		{402AAD94-143E-4278-8965-F6B90D38C377} = {B429B800-F3B4-4F6B-8F89-94763A0A0204}
		{251B5CC9-04CA-4104-8716-5911B2F24A33} = {B429B800-F3B4-4F6B-8F89-94763A0A0204}
		{9B099EE8-433D-45E9-AE2D-3CFC61C10383} = {C2076B96-2334-44C1-98D4-BD2CAE651A14}
		{A0273CD6-B99A-4388-80DC-49D5A796125F} = {10F5E068-60AC-4F31-A3A9-838BF68FAE94}
		{1FA7E719-C5CD-464D-B1BA-E6E54FB47A45} = {10F5E068-60AC-4F31-A3A9-838BF68FAE94}
		{E446595C-4BAC-4C78-8EB5-07286698F6FF} = {04BFF208-657F-4024-8725-BD473BD76F44}
		{62FF9D8B-9229-403B-863F-D65ABDF3BA7D} = {3D617A9C-8C41-4CDE-9F5C-D83AE8412B08}
		{596FB780-05AA-45B9-B8E0-950116B80682} = {62FF9D8B-9229-403B-863F-D65ABDF3BA7D}
		{D289FE53-B26B-4F9C-9EE3-2C193B1615AA} = {10F5E068-60AC-4F31-A3A9-838BF68FAE94}
		{4B85C849-ED45-4D60-B79A-A928EF3F4830} = {531EE9B1-F71A-4D55-A695-91D122163D57}
		{602277AE-5329-4EB8-BE93-EF1FEC70E51D} = {531EE9B1-F71A-4D55-A695-91D122163D57}
		{CEC597D7-DADC-40C9-83DD-91C905F2D14E} = {531EE9B1-F71A-4D55-A695-91D122163D57}
		{341EA06E-9D19-4406-83D8-DCEF04D0D1C3} = {531EE9B1-F71A-4D55-A695-91D122163D57}
		{722BE726-7E03-4938-A703-22DEBE94BABC} = {531EE9B1-F71A-4D55-A695-91D122163D57}
	EndGlobalSection
	GlobalSection(ExtensibilityGlobals) = postSolution
		SolutionGuid = {1270C47D-B522-4162-B840-F07A711B89CF}
	EndGlobalSection
EndGlobal
