
Microsoft Visual Studio Solution File, Format Version 12.00
# Visual Studio Version 16
VisualStudioVersion = 16.0.28729.10
MinimumVisualStudioVersion = 10.0.40219.1
Project("{2150E333-8FDC-42A3-9474-1A3956D46DE8}") = "Infrastructure", "Infrastructure", "{49E4FB3F-B2C1-4314-B690-3E3C2266DE51}"
EndProject
Project("{2150E333-8FDC-42A3-9474-1A3956D46DE8}") = "Web", "Web", "{58AEF876-B576-44F8-AD55-DA74818CD60E}"
EndProject
Project("{2150E333-8FDC-42A3-9474-1A3956D46DE8}") = "Test", "Test", "{E0C63A52-0D7C-4242-BE54-879DDF4E4BDC}"
EndProject
Project("{2150E333-8FDC-42A3-9474-1A3956D46DE8}") = "Core", "Core", "{29D6EDE2-7FDA-4688-B184-EF3FFD5C7F71}"
EndProject
Project("{2150E333-8FDC-42A3-9474-1A3956D46DE8}") = "Infrastructure", "Infrastructure", "{16AA06BB-E046-4584-BA22-F14A56ADD50A}"
EndProject
Project("{2150E333-8FDC-42A3-9474-1A3956D46DE8}") = "Web", "Web", "{44CCA906-B7B1-4A05-97B6-A93AA62FB006}"
EndProject
Project("{2150E333-8FDC-42A3-9474-1A3956D46DE8}") = "Src", "Src", "{D014EF31-353F-486A-872C-9AD3674F185B}"
EndProject
Project("{9A19103F-16F7-4668-BE54-9A1E7A4F7556}") = "Optivem.Atomiv.Core.Domain", "src\Core\Domain\Optivem.Atomiv.Core.Domain.csproj", "{ECAEA188-398F-4096-8F4B-F6A7A5BAA525}"
EndProject
Project("{9A19103F-16F7-4668-BE54-9A1E7A4F7556}") = "Optivem.Atomiv.Core.Application", "src\Core\Application\Optivem.Atomiv.Core.Application.csproj", "{7F68AEAC-EC61-4BD5-BF98-EE069981C3D4}"
EndProject
Project("{9A19103F-16F7-4668-BE54-9A1E7A4F7556}") = "Optivem.Atomiv.Web.AspNetCore", "src\Web\AspNetCore\Optivem.Atomiv.Web.AspNetCore.csproj", "{5580243F-7CCD-4BB0-9DD6-DD21EC04D048}"
EndProject
Project("{9A19103F-16F7-4668-BE54-9A1E7A4F7556}") = "Optivem.Atomiv.Core.Application.Interface", "src\Core\Application.Interface\Optivem.Atomiv.Core.Application.Interface.csproj", "{662A1EA5-4C64-47B6-A91F-4F64B8B06BE4}"
EndProject
Project("{2150E333-8FDC-42A3-9474-1A3956D46DE8}") = "Framework", "Framework", "{A2C44B47-7AFE-4978-9308-F5431129B1DB}"
EndProject
Project("{2150E333-8FDC-42A3-9474-1A3956D46DE8}") = "Core", "Core", "{B968F3E4-0AEE-4DD9-AB7B-D4CE9358A078}"
EndProject
Project("{9A19103F-16F7-4668-BE54-9A1E7A4F7556}") = "Optivem.Atomiv.Infrastructure.AspNetCore", "src\Infrastructure\AspNetCore\Optivem.Atomiv.Infrastructure.AspNetCore.csproj", "{911B3FC0-C9D6-4793-B60D-25225398A93B}"
EndProject
Project("{9A19103F-16F7-4668-BE54-9A1E7A4F7556}") = "Optivem.Atomiv.Infrastructure.AutoMapper", "src\Infrastructure\AutoMapper\Optivem.Atomiv.Infrastructure.AutoMapper.csproj", "{22973DDB-AFCB-4982-8CD0-178DC341CDA2}"
EndProject
Project("{9A19103F-16F7-4668-BE54-9A1E7A4F7556}") = "Optivem.Atomiv.Infrastructure.CsvHelper", "src\Infrastructure\CsvHelper\Optivem.Atomiv.Infrastructure.CsvHelper.csproj", "{E87BF0FE-21A9-40D8-86D1-3A494A7AC2CB}"
EndProject
Project("{9A19103F-16F7-4668-BE54-9A1E7A4F7556}") = "Optivem.Atomiv.Infrastructure.EntityFrameworkCore", "src\Infrastructure\EntityFrameworkCore\Optivem.Atomiv.Infrastructure.EntityFrameworkCore.csproj", "{51DFD5A5-7FBB-4934-A4DC-793CAAFD44DD}"
EndProject
Project("{9A19103F-16F7-4668-BE54-9A1E7A4F7556}") = "Optivem.Atomiv.Infrastructure.FluentValidation", "src\Infrastructure\FluentValidation\Optivem.Atomiv.Infrastructure.FluentValidation.csproj", "{13F8A1DA-8E96-4A7A-8158-659F89503132}"
EndProject
Project("{9A19103F-16F7-4668-BE54-9A1E7A4F7556}") = "Optivem.Atomiv.Infrastructure.MediatR", "src\Infrastructure\MediatR\Optivem.Atomiv.Infrastructure.MediatR.csproj", "{7F222407-6A4B-4449-A1F1-D00815EBB4F8}"
EndProject
Project("{9A19103F-16F7-4668-BE54-9A1E7A4F7556}") = "Optivem.Atomiv.Infrastructure.NewtonsoftJson", "src\Infrastructure\NewtonsoftJson\Optivem.Atomiv.Infrastructure.NewtonsoftJson.csproj", "{E7B18A00-073F-4576-9764-2E3CD9A2A51E}"
EndProject
Project("{9A19103F-16F7-4668-BE54-9A1E7A4F7556}") = "Optivem.Atomiv.Infrastructure.Selenium", "src\Infrastructure\Selenium\Optivem.Atomiv.Infrastructure.Selenium.csproj", "{3E63C428-A67A-4475-915A-5D70F660E4E9}"
EndProject
Project("{9A19103F-16F7-4668-BE54-9A1E7A4F7556}") = "Optivem.Atomiv.Infrastructure.System", "src\Infrastructure\System\Optivem.Atomiv.Infrastructure.System.csproj", "{B5E2A71A-E3D0-4732-9C88-8AE471847977}"
EndProject
Project("{9A19103F-16F7-4668-BE54-9A1E7A4F7556}") = "Optivem.Atomiv.Core.Common", "src\Core\Common\Optivem.Atomiv.Core.Common.csproj", "{D152E05C-EFD6-4A80-89DF-77A0B7CE9E20}"
EndProject
Project("{9A19103F-16F7-4668-BE54-9A1E7A4F7556}") = "Optivem.Atomiv.Core.All", "src\Core\All\Optivem.Atomiv.Core.All.csproj", "{93AAEDCF-8744-418E-BE99-775F4AC34C6E}"
EndProject
Project("{2150E333-8FDC-42A3-9474-1A3956D46DE8}") = "Base", "Base", "{531EE9B1-F71A-4D55-A695-91D122163D57}"
EndProject
Project("{2150E333-8FDC-42A3-9474-1A3956D46DE8}") = "DependencyInjection", "DependencyInjection", "{2D62DCFE-F085-4522-B19D-58FCE451AD9B}"
EndProject
Project("{2150E333-8FDC-42A3-9474-1A3956D46DE8}") = "Core", "Core", "{D39C4247-5AD7-4392-851C-877E9FBD7A09}"
EndProject
Project("{2150E333-8FDC-42A3-9474-1A3956D46DE8}") = "Infrastructure", "Infrastructure", "{1136EAB4-2929-4A65-BF00-AC90062E7A33}"
EndProject
Project("{9A19103F-16F7-4668-BE54-9A1E7A4F7556}") = "Optivem.Atomiv.DependencyInjection.Core.Application", "src\DependencyInjection\Core\Application\Optivem.Atomiv.DependencyInjection.Core.Application.csproj", "{FCF00CA5-A1DD-4C57-987C-B7F622B38C88}"
EndProject
Project("{9A19103F-16F7-4668-BE54-9A1E7A4F7556}") = "Optivem.Atomiv.DependencyInjection.Core.Domain", "src\DependencyInjection\Core\Domain\Optivem.Atomiv.DependencyInjection.Core.Domain.csproj", "{4CCC7990-D46F-42D7-9BAB-388895A6FADE}"
EndProject
Project("{9A19103F-16F7-4668-BE54-9A1E7A4F7556}") = "Optivem.Atomiv.DependencyInjection.Infrastructure.AspNetCore", "src\DependencyInjection\Infrastructure\AspNetCore\Optivem.Atomiv.DependencyInjection.Infrastructure.AspNetCore.csproj", "{0C17163B-7E91-4DD0-9CFC-B5CFBFB1F9B4}"
EndProject
Project("{9A19103F-16F7-4668-BE54-9A1E7A4F7556}") = "Optivem.Atomiv.DependencyInjection.Infrastructure.AutoMapper", "src\DependencyInjection\Infrastructure\AutoMapper\Optivem.Atomiv.DependencyInjection.Infrastructure.AutoMapper.csproj", "{3EE81C3D-D221-453E-91E6-B9B69B3A6F37}"
EndProject
Project("{9A19103F-16F7-4668-BE54-9A1E7A4F7556}") = "Optivem.Atomiv.DependencyInjection.Infrastructure.CsvHelper", "src\DependencyInjection\Infrastructure\CsvHelper\Optivem.Atomiv.DependencyInjection.Infrastructure.CsvHelper.csproj", "{2D6623D7-5212-4EB4-ACAD-BD85E9338219}"
EndProject
Project("{9A19103F-16F7-4668-BE54-9A1E7A4F7556}") = "Optivem.Atomiv.DependencyInjection.Infrastructure.EntityFrameworkCore", "src\DependencyInjection\Infrastructure\EntityFrameworkCore\Optivem.Atomiv.DependencyInjection.Infrastructure.EntityFrameworkCore.csproj", "{7F553B47-1968-4F8F-9946-1D2F393E5F51}"
EndProject
Project("{9A19103F-16F7-4668-BE54-9A1E7A4F7556}") = "Optivem.Atomiv.DependencyInjection.Infrastructure.FluentValidation", "src\DependencyInjection\Infrastructure\FluentValidation\Optivem.Atomiv.DependencyInjection.Infrastructure.FluentValidation.csproj", "{19D1D124-A0E1-4D82-818E-2D518CC45B41}"
EndProject
Project("{9A19103F-16F7-4668-BE54-9A1E7A4F7556}") = "Optivem.Atomiv.DependencyInjection.Infrastructure.MediatR", "src\DependencyInjection\Infrastructure\MediatR\Optivem.Atomiv.DependencyInjection.Infrastructure.MediatR.csproj", "{C5D3B8FB-AB99-442C-83CA-CF3E1B0630AA}"
EndProject
Project("{9A19103F-16F7-4668-BE54-9A1E7A4F7556}") = "Optivem.Atomiv.DependencyInjection.Infrastructure.NewtonsoftJson", "src\DependencyInjection\Infrastructure\NewtonsoftJson\Optivem.Atomiv.DependencyInjection.Infrastructure.NewtonsoftJson.csproj", "{FEE6431B-DBBC-4A7E-A126-49164857D58E}"
EndProject
Project("{9A19103F-16F7-4668-BE54-9A1E7A4F7556}") = "Optivem.Atomiv.DependencyInjection.Infrastructure.Selenium", "src\DependencyInjection\Infrastructure\Selenium\Optivem.Atomiv.DependencyInjection.Infrastructure.Selenium.csproj", "{329FDCE4-306A-4853-96A4-370FFAA5C4F1}"
EndProject
Project("{9A19103F-16F7-4668-BE54-9A1E7A4F7556}") = "Optivem.Atomiv.DependencyInjection.Infrastructure.System", "src\DependencyInjection\Infrastructure\System\Optivem.Atomiv.DependencyInjection.Infrastructure.System.csproj", "{E4AE6B52-2A65-42FD-8855-C2B62567B156}"
EndProject
Project("{2150E333-8FDC-42A3-9474-1A3956D46DE8}") = "Base", "Base", "{BAD5BAB7-4DBB-43B5-B315-EA5723D42E29}"
EndProject
Project("{9A19103F-16F7-4668-BE54-9A1E7A4F7556}") = "Optivem.Atomiv.DependencyInjection.Common", "src\DependencyInjection\Base\DependencyInjection\Optivem.Atomiv.DependencyInjection.Common.csproj", "{51BBACC2-8963-4607-8928-A77337373BE2}"
EndProject
Project("{2150E333-8FDC-42A3-9474-1A3956D46DE8}") = "Template", "Template", "{E43A4277-A2B4-4ACE-92D1-4B62860E3C68}"
EndProject
Project("{2150E333-8FDC-42A3-9474-1A3956D46DE8}") = "Src", "Src", "{3D617A9C-8C41-4CDE-9F5C-D83AE8412B08}"
EndProject
Project("{2150E333-8FDC-42A3-9474-1A3956D46DE8}") = "Test", "Test", "{AC63F853-51D6-464A-9D51-CE421A323541}"
EndProject
Project("{2150E333-8FDC-42A3-9474-1A3956D46DE8}") = "Core", "Core", "{7F1E6BBB-650B-41B4-BAF2-8DA5440ABBE5}"
EndProject
Project("{2150E333-8FDC-42A3-9474-1A3956D46DE8}") = "Infrastructure", "Infrastructure", "{B429B800-F3B4-4F6B-8F89-94763A0A0204}"
EndProject
Project("{2150E333-8FDC-42A3-9474-1A3956D46DE8}") = "Web", "Web", "{C2076B96-2334-44C1-98D4-BD2CAE651A14}"
EndProject
Project("{2150E333-8FDC-42A3-9474-1A3956D46DE8}") = "Core", "Core", "{10F5E068-60AC-4F31-A3A9-838BF68FAE94}"
EndProject
Project("{2150E333-8FDC-42A3-9474-1A3956D46DE8}") = "Web", "Web", "{04BFF208-657F-4024-8725-BD473BD76F44}"
EndProject
Project("{2150E333-8FDC-42A3-9474-1A3956D46DE8}") = "DependencyInjection", "DependencyInjection", "{62FF9D8B-9229-403B-863F-D65ABDF3BA7D}"
EndProject
Project("{9A19103F-16F7-4668-BE54-9A1E7A4F7556}") = "Optivem.Atomiv.Test.AspNetCore", "test\Base\AspNetCore\Optivem.Atomiv.Test.AspNetCore.csproj", "{602277AE-5329-4EB8-BE93-EF1FEC70E51D}"
EndProject
Project("{9A19103F-16F7-4668-BE54-9A1E7A4F7556}") = "Optivem.Atomiv.Test.EntityFrameworkCore", "test\Base\EntityFrameworkCore\Optivem.Atomiv.Test.EntityFrameworkCore.csproj", "{CEC597D7-DADC-40C9-83DD-91C905F2D14E}"
EndProject
Project("{9A19103F-16F7-4668-BE54-9A1E7A4F7556}") = "Optivem.Atomiv.Test.Selenium", "test\Base\Selenium\Optivem.Atomiv.Test.Selenium.csproj", "{341EA06E-9D19-4406-83D8-DCEF04D0D1C3}"
EndProject
Project("{9A19103F-16F7-4668-BE54-9A1E7A4F7556}") = "Optivem.Atomiv.Test.Xunit", "test\Base\Xunit\Optivem.Atomiv.Test.Xunit.csproj", "{722BE726-7E03-4938-A703-22DEBE94BABC}"
EndProject
Project("{9A19103F-16F7-4668-BE54-9A1E7A4F7556}") = "Optivem.Atomiv.Core.Domain.UnitTest", "test\Core\Domain.UnitTest\Optivem.Atomiv.Core.Domain.UnitTest.csproj", "{42E74F40-562D-446C-B99E-B4D910116248}"
EndProject
Project("{9A19103F-16F7-4668-BE54-9A1E7A4F7556}") = "Optivem.Atomiv.Infrastructure.AspNetCore.IntegrationTest", "test\Infrastructure\AspNetCore.IntegrationTest\Optivem.Atomiv.Infrastructure.AspNetCore.IntegrationTest.csproj", "{D1441EFA-781C-4090-9682-788BD30EAAC3}"
EndProject
Project("{9A19103F-16F7-4668-BE54-9A1E7A4F7556}") = "Optivem.Atomiv.Infrastructure.CsvHelper.IntegrationTest", "test\Infrastructure\CsvHelper.IntegrationTest\Optivem.Atomiv.Infrastructure.CsvHelper.IntegrationTest.csproj", "{30C4B8E3-952C-4EC1-A8A3-00F4055942DD}"
EndProject
Project("{9A19103F-16F7-4668-BE54-9A1E7A4F7556}") = "Optivem.Atomiv.Infrastructure.Selenium.IntegrationTest", "test\Infrastructure\Selenium.IntegrationTest\Optivem.Atomiv.Infrastructure.Selenium.IntegrationTest.csproj", "{D7E58923-622C-4B5E-8240-AEA16DCCC0E6}"
EndProject
Project("{9A19103F-16F7-4668-BE54-9A1E7A4F7556}") = "Optivem.Atomiv.Web.AspNetCore.RestApi.IntegrationTest", "test\Web\AspNetCore.RestApi.IntegrationTest\Optivem.Atomiv.Web.AspNetCore.RestApi.IntegrationTest.csproj", "{A4284937-9554-4522-B390-14126711CB36}"
EndProject
Project("{9A19103F-16F7-4668-BE54-9A1E7A4F7556}") = "Optivem.Atomiv.Web.AspNetCore.RestApi.IntegrationTest.Fake", "test\Web\AspNetCore.RestApi.IntegrationTest.Fake\Optivem.Atomiv.Web.AspNetCore.RestApi.IntegrationTest.Fake.csproj", "{BE951865-1391-4204-A444-E52F1638781D}"
EndProject
Project("{9A19103F-16F7-4668-BE54-9A1E7A4F7556}") = "Optivem.Atomiv.Test.FluentAssertions", "test\Base\FluentAssertions\Optivem.Atomiv.Test.FluentAssertions.csproj", "{A59642E8-F8CC-4B1F-84C3-B056E131C9CF}"
EndProject
Project("{9A19103F-16F7-4668-BE54-9A1E7A4F7556}") = "Optivem.Atomiv.Test.MicrosoftExtensions", "test\Base\MicrosoftExtensions\Optivem.Atomiv.Test.MicrosoftExtensions.csproj", "{E783027C-DC9A-4FBE-BC6C-64ECBD05730F}"
EndProject
Project("{9A19103F-16F7-4668-BE54-9A1E7A4F7556}") = "Optivem.Atomiv.Infrastructure.System.IntegrationTest", "test\Infrastructure\System.IntegrationTest\Optivem.Atomiv.Infrastructure.System.IntegrationTest.csproj", "{B83BC756-3B9D-4C28-98F0-89757A696229}"
EndProject
Project("{9A19103F-16F7-4668-BE54-9A1E7A4F7556}") = "Optivem.Atomiv.DependencyInjection.Infrastructure.EPPlus", "src\DependencyInjection\Infrastructure\Infrastructure.EPPlus\Optivem.Atomiv.DependencyInjection.Infrastructure.EPPlus.csproj", "{7368F3FA-5E19-48EC-AB77-421EC49E8CEA}"
EndProject
Project("{9A19103F-16F7-4668-BE54-9A1E7A4F7556}") = "Optivem.Atomiv.Infrastructure.EPPlus.IntegrationTest", "test\Infrastructure\Infrastructure.EPPlus.IntegrationTest\Optivem.Atomiv.Infrastructure.EPPlus.IntegrationTest.csproj", "{8635DD4F-E619-454E-9830-7C236A73DA85}"
EndProject
Project("{9A19103F-16F7-4668-BE54-9A1E7A4F7556}") = "Optivem.Atomiv.Infrastructure.Selenium.SystemTest", "test\Infrastructure\Selenium.SystemTest\Optivem.Atomiv.Infrastructure.Selenium.SystemTest.csproj", "{BB2D907C-B966-4006-88EB-083522DB4030}"
EndProject
Project("{9A19103F-16F7-4668-BE54-9A1E7A4F7556}") = "Optivem.Atomiv.Infrastructure.EPPlus", "src\Infrastructure\EPPlus\Optivem.Atomiv.Infrastructure.EPPlus.csproj", "{5D4A7AC1-3784-400B-B560-2551CDE174D4}"
EndProject
Project("{2150E333-8FDC-42A3-9474-1A3956D46DE8}") = "Microservice", "Microservice", "{A5AE00F5-F7CF-4483-9A52-78C3C7F12C34}"
EndProject
Project("{2150E333-8FDC-42A3-9474-1A3956D46DE8}") = "Tools", "Tools", "{3793589B-F777-4436-AA48-AD54B1CB4D90}"
EndProject
Project("{9A19103F-16F7-4668-BE54-9A1E7A4F7556}") = "Optivem.Atomiv.Template.Core.Domain", "template\microservice\src\Core\Optivem.Atomiv.Template.Core.Domain\Optivem.Atomiv.Template.Core.Domain.csproj", "{3002832F-F345-4449-8FB1-988726FD4785}"
EndProject
Project("{9A19103F-16F7-4668-BE54-9A1E7A4F7556}") = "Optivem.Atomiv.Template.Core.Common", "template\microservice\src\Core\Optivem.Atomiv.Template.Core.Common\Optivem.Atomiv.Template.Core.Common.csproj", "{CA184F98-842A-42EB-809C-B5408960FC9C}"
EndProject
Project("{9A19103F-16F7-4668-BE54-9A1E7A4F7556}") = "Optivem.Atomiv.Template.Core.Application", "template\microservice\src\Core\Optivem.Atomiv.Template.Core.Application\Optivem.Atomiv.Template.Core.Application.csproj", "{DA73D6CE-1996-4FEA-ACC7-C90A846D3008}"
EndProject
Project("{9A19103F-16F7-4668-BE54-9A1E7A4F7556}") = "Optivem.Atomiv.Template.Core.Application.Interface", "template\microservice\src\Core\Optivem.Atomiv.Template.Core.Application.Interface\Optivem.Atomiv.Template.Core.Application.Interface.csproj", "{F7ACA554-DD82-4CAE-81C1-23C8E224AC21}"
EndProject
Project("{9A19103F-16F7-4668-BE54-9A1E7A4F7556}") = "Optivem.Atomiv.Template.Core.All", "template\microservice\src\Core\Optivem.Atomiv.Template.Core.All\Optivem.Atomiv.Template.Core.All.csproj", "{32C93850-BFBD-4AA2-B638-9B319864CF9B}"
EndProject
Project("{9A19103F-16F7-4668-BE54-9A1E7A4F7556}") = "Optivem.Atomiv.Template.Infrastructure.Persistence", "template\microservice\src\Infrastructure\Optivem.Atomiv.Template.Infrastructure.Persistence\Optivem.Atomiv.Template.Infrastructure.Persistence.csproj", "{93CC44B2-235B-4B2D-BA2A-5ADCAB70D43D}"
EndProject
Project("{9A19103F-16F7-4668-BE54-9A1E7A4F7556}") = "Optivem.Atomiv.Template.Infrastructure.All", "template\microservice\src\Infrastructure\Optivem.Atomiv.Template.Infrastructure.All\Optivem.Atomiv.Template.Infrastructure.All.csproj", "{D3E850FF-C65A-450B-A485-D5520D28E57D}"
EndProject
Project("{9A19103F-16F7-4668-BE54-9A1E7A4F7556}") = "Optivem.Atomiv.Template.DependencyInjection", "template\microservice\src\DependencyInjection\Optivem.Atomiv.Template.DependencyInjection\Optivem.Atomiv.Template.DependencyInjection.csproj", "{BC15CD7B-D092-4531-8E42-97C5C105BFE8}"
EndProject
Project("{9A19103F-16F7-4668-BE54-9A1E7A4F7556}") = "Optivem.Atomiv.Template.Tools.Migrator", "template\microservice\src\Tools\Optivem.Atomiv.Template.Tools.Migrator\Optivem.Atomiv.Template.Tools.Migrator.csproj", "{759AEDF3-A3B9-4043-899F-1012A0E68605}"
EndProject
Project("{9A19103F-16F7-4668-BE54-9A1E7A4F7556}") = "Optivem.Atomiv.Template.Web.RestApi", "template\microservice\src\Web\Optivem.Atomiv.Template.Web.RestApi\Optivem.Atomiv.Template.Web.RestApi.csproj", "{DB5A3793-45F8-4E29-993C-9735D540505D}"
EndProject
Project("{9A19103F-16F7-4668-BE54-9A1E7A4F7556}") = "Optivem.Atomiv.Template.Web.RestClient", "template\microservice\src\Web\Optivem.Atomiv.Template.Web.RestClient\Optivem.Atomiv.Template.Web.RestClient.csproj", "{D9127F9E-FA52-43EB-A83A-862E1F742053}"
EndProject
Project("{9A19103F-16F7-4668-BE54-9A1E7A4F7556}") = "Optivem.Atomiv.Template.Web.RestClient.Interface", "template\microservice\src\Web\Optivem.Atomiv.Template.Web.RestClient.Interface\Optivem.Atomiv.Template.Web.RestClient.Interface.csproj", "{D505BA4A-24C8-407B-8E29-7D5B21A2C014}"
EndProject
Project("{9A19103F-16F7-4668-BE54-9A1E7A4F7556}") = "Optivem.Atomiv.Template.Core.Domain.UnitTest", "template\microservice\test\Core\Optivem.Atomiv.Template.Core.Domain.UnitTest\Optivem.Atomiv.Template.Core.Domain.UnitTest.csproj", "{498C9C20-3AAA-4CB0-8A34-62A8C09B0C51}"
EndProject
Project("{9A19103F-16F7-4668-BE54-9A1E7A4F7556}") = "Optivem.Atomiv.Template.Web.RestApi.IntegrationTest", "template\microservice\test\Web\Optivem.Atomiv.Template.Web.RestApi.IntegrationTest\Optivem.Atomiv.Template.Web.RestApi.IntegrationTest.csproj", "{7ECDAC34-F9FF-4E4A-A01F-4374BC9EF9AB}"
EndProject
Project("{9A19103F-16F7-4668-BE54-9A1E7A4F7556}") = "Optivem.Atomiv.Infrastructure.SequentialGuid", "src\Infrastructure\SequentialGuid\Optivem.Atomiv.Infrastructure.SequentialGuid.csproj", "{F3F87069-E87E-43CC-B2B9-DB51FFE81038}"
EndProject
Project("{2150E333-8FDC-42A3-9474-1A3956D46DE8}") = "Infrastructure", "Infrastructure", "{FF6243DB-6AF1-4B65-AB13-770788BCCC0B}"
EndProject
Project("{9A19103F-16F7-4668-BE54-9A1E7A4F7556}") = "Optivem.Atomiv.Template.Infrastructure.Persistence.IntegrationTest", "template\microservice\test\Infrastructure\Optivem.Atomiv.Template.Infrastructure.Persistence.IntegrationTest\Optivem.Atomiv.Template.Infrastructure.Persistence.IntegrationTest.csproj", "{235AA383-CC0F-4953-84A0-B25AB52CD04A}"
EndProject
Project("{9A19103F-16F7-4668-BE54-9A1E7A4F7556}") = "Optivem.Atomiv.Template.Core.Application.UnitTest", "template\microservice\test\Core\Optivem.Atomiv.Template.Core.Application.UnitTest\Optivem.Atomiv.Template.Core.Application.UnitTest.csproj", "{17616C3B-B793-48C2-9ABC-936C8C6BF568}"
EndProject
Project("{9A19103F-16F7-4668-BE54-9A1E7A4F7556}") = "Optivem.Atomiv.Template.Infrastructure.Mapping.IntegrationTest", "template\microservice\test\Infrastructure\Optivem.Atomiv.Template.Infrastructure.Mapping.IntegrationTest\Optivem.Atomiv.Template.Infrastructure.Mapping.IntegrationTest.csproj", "{624F436F-9CE4-45A6-B063-0FA855B31619}"
EndProject
Project("{9A19103F-16F7-4668-BE54-9A1E7A4F7556}") = "Optivem.Atomiv.Template.Infrastructure.Validation.IntegrationTest", "template\microservice\test\Infrastructure\Optivem.Atomiv.Template.Infrastructure.Validation.IntegrationTest\Optivem.Atomiv.Template.Infrastructure.Validation.IntegrationTest.csproj", "{C6A3CF1F-1660-4C14-9961-627F97B3304B}"
EndProject
Project("{9A19103F-16F7-4668-BE54-9A1E7A4F7556}") = "Optivem.Atomiv.Template.Infrastructure.Queries.Authorization", "template\microservice\src\Infrastructure\Optivem.Atomiv.Template.Infrastructure.Queries.Authorization\Optivem.Atomiv.Template.Infrastructure.Queries.Authorization.csproj", "{1E833F99-7A82-4983-B1D3-3E336648DA70}"
EndProject
Project("{9A19103F-16F7-4668-BE54-9A1E7A4F7556}") = "Optivem.Atomiv.Template.Infrastructure.Commands.Authorization", "template\microservice\src\Infrastructure\Optivem.Atomiv.Template.Infrastructure.Commands.Authorization\Optivem.Atomiv.Template.Infrastructure.Commands.Authorization.csproj", "{DC42F05E-AEF0-4128-8E5E-68C5E0DAC104}"
EndProject
Project("{9A19103F-16F7-4668-BE54-9A1E7A4F7556}") = "Optivem.Atomiv.Template.Infrastructure.Commands.Validation", "template\microservice\src\Infrastructure\Optivem.Atomiv.Template.Infrastructure.Commands.Validation\Optivem.Atomiv.Template.Infrastructure.Commands.Validation.csproj", "{3558D818-D657-4FC3-8FD9-29470CC28DB5}"
EndProject
Project("{9A19103F-16F7-4668-BE54-9A1E7A4F7556}") = "Optivem.Atomiv.Template.Infrastructure.Commands.Mapping", "template\microservice\src\Infrastructure\Optivem.Atomiv.Template.Infrastructure.Commands.Mapping\Optivem.Atomiv.Template.Infrastructure.Commands.Mapping.csproj", "{C8D93782-D163-4E7F-8C44-0762E93A0024}"
EndProject
Project("{9A19103F-16F7-4668-BE54-9A1E7A4F7556}") = "Optivem.Atomiv.Template.Infrastructure.Queries.Validation", "template\microservice\src\Infrastructure\Optivem.Atomiv.Template.Infrastructure.Queries.Validation\Optivem.Atomiv.Template.Infrastructure.Queries.Validation.csproj", "{176BE002-F0B6-4E47-B84A-78C662FAE3B2}"
EndProject
Project("{9A19103F-16F7-4668-BE54-9A1E7A4F7556}") = "Optivem.Atomiv.Template.Infrastructure.Queries.Handlers", "template\microservice\src\Infrastructure\Optivem.Atomiv.Template.Infrastructure.Queries.Handlers\Optivem.Atomiv.Template.Infrastructure.Queries.Handlers.csproj", "{6C2E875D-9D17-4B59-8F32-B22E962B314A}"
EndProject
Project("{9A19103F-16F7-4668-BE54-9A1E7A4F7556}") = "Optivem.Atomiv.Template.Core.Application.Commands.Handlers", "template\microservice\src\Core\Optivem.Atomiv.Template.Core.Application.Commands.Handlers\Optivem.Atomiv.Template.Core.Application.Commands.Handlers.csproj", "{F06C2704-A9C1-4B96-90E9-2F05D26FBAC2}"
EndProject
Project("{9A19103F-16F7-4668-BE54-9A1E7A4F7556}") = "Optivem.Atomiv.Template.Core.Application.Commands", "template\microservice\src\Core\Optivem.Atomiv.Template.Core.Application.Commands\Optivem.Atomiv.Template.Core.Application.Commands.csproj", "{13F172F8-AF38-49FD-B439-E4D8A3642AB0}"
EndProject
Project("{9A19103F-16F7-4668-BE54-9A1E7A4F7556}") = "Optivem.Atomiv.Template.Core.Application.Queries", "template\microservice\src\Core\Optivem.Atomiv.Template.Core.Application.Queries\Optivem.Atomiv.Template.Core.Application.Queries.csproj", "{FE79B46D-580C-4258-861D-39D9140A92EC}"
EndProject
Project("{9A19103F-16F7-4668-BE54-9A1E7A4F7556}") = "Optivem.Atomiv.Template.Infrastructure.Domain.Repositories", "template\microservice\src\Infrastructure\Optivem.Atomiv.Template.Infrastructure.Domain.Repositories\Optivem.Atomiv.Template.Infrastructure.Domain.Repositories.csproj", "{A6CE8613-26F1-43E1-9378-5FAD6DCA2D63}"
EndProject
Project("{9A19103F-16F7-4668-BE54-9A1E7A4F7556}") = "Optivem.Atomiv.Template.Infrastructure.Domain.Identities", "template\microservice\src\Infrastructure\Optivem.Atomiv.Template.Infrastructure.Domain.Identities\Optivem.Atomiv.Template.Infrastructure.Domain.Identities.csproj", "{29933471-79AC-4F13-A152-CBEE7C9BA64D}"
EndProject
Project("{9A19103F-16F7-4668-BE54-9A1E7A4F7556}") = "Optivem.Atomiv.Template.Infrastructure.Web.Authentication", "template\microservice\src\Infrastructure\Optivem.Atomiv.Template.Infrastructure.Web.Authentication\Optivem.Atomiv.Template.Infrastructure.Web.Authentication.csproj", "{C9C7DDC4-E521-41B1-BEB2-1A5DB9FAA858}"
EndProject
Project("{9A19103F-16F7-4668-BE54-9A1E7A4F7556}") = "Optivem.Atomiv.Template.Infrastructure.Domain.Services", "template\microservice\src\Infrastructure\Optivem.Atomiv.Template.Infrastructure.Domain.Services\Optivem.Atomiv.Template.Infrastructure.Domain.Services.csproj", "{4A3F3B60-EFB2-4899-AA1F-74AC8AAB61F4}"
EndProject
Global
	GlobalSection(SolutionConfigurationPlatforms) = preSolution
		Debug|Any CPU = Debug|Any CPU
		Release|Any CPU = Release|Any CPU
	EndGlobalSection
	GlobalSection(ProjectConfigurationPlatforms) = postSolution
		{ECAEA188-398F-4096-8F4B-F6A7A5BAA525}.Debug|Any CPU.ActiveCfg = Debug|Any CPU
		{ECAEA188-398F-4096-8F4B-F6A7A5BAA525}.Debug|Any CPU.Build.0 = Debug|Any CPU
		{ECAEA188-398F-4096-8F4B-F6A7A5BAA525}.Release|Any CPU.ActiveCfg = Release|Any CPU
		{ECAEA188-398F-4096-8F4B-F6A7A5BAA525}.Release|Any CPU.Build.0 = Release|Any CPU
		{7F68AEAC-EC61-4BD5-BF98-EE069981C3D4}.Debug|Any CPU.ActiveCfg = Debug|Any CPU
		{7F68AEAC-EC61-4BD5-BF98-EE069981C3D4}.Debug|Any CPU.Build.0 = Debug|Any CPU
		{7F68AEAC-EC61-4BD5-BF98-EE069981C3D4}.Release|Any CPU.ActiveCfg = Release|Any CPU
		{7F68AEAC-EC61-4BD5-BF98-EE069981C3D4}.Release|Any CPU.Build.0 = Release|Any CPU
		{5580243F-7CCD-4BB0-9DD6-DD21EC04D048}.Debug|Any CPU.ActiveCfg = Debug|Any CPU
		{5580243F-7CCD-4BB0-9DD6-DD21EC04D048}.Debug|Any CPU.Build.0 = Debug|Any CPU
		{5580243F-7CCD-4BB0-9DD6-DD21EC04D048}.Release|Any CPU.ActiveCfg = Release|Any CPU
		{5580243F-7CCD-4BB0-9DD6-DD21EC04D048}.Release|Any CPU.Build.0 = Release|Any CPU
		{662A1EA5-4C64-47B6-A91F-4F64B8B06BE4}.Debug|Any CPU.ActiveCfg = Debug|Any CPU
		{662A1EA5-4C64-47B6-A91F-4F64B8B06BE4}.Debug|Any CPU.Build.0 = Debug|Any CPU
		{662A1EA5-4C64-47B6-A91F-4F64B8B06BE4}.Release|Any CPU.ActiveCfg = Release|Any CPU
		{662A1EA5-4C64-47B6-A91F-4F64B8B06BE4}.Release|Any CPU.Build.0 = Release|Any CPU
		{911B3FC0-C9D6-4793-B60D-25225398A93B}.Debug|Any CPU.ActiveCfg = Debug|Any CPU
		{911B3FC0-C9D6-4793-B60D-25225398A93B}.Debug|Any CPU.Build.0 = Debug|Any CPU
		{911B3FC0-C9D6-4793-B60D-25225398A93B}.Release|Any CPU.ActiveCfg = Release|Any CPU
		{911B3FC0-C9D6-4793-B60D-25225398A93B}.Release|Any CPU.Build.0 = Release|Any CPU
		{22973DDB-AFCB-4982-8CD0-178DC341CDA2}.Debug|Any CPU.ActiveCfg = Debug|Any CPU
		{22973DDB-AFCB-4982-8CD0-178DC341CDA2}.Debug|Any CPU.Build.0 = Debug|Any CPU
		{22973DDB-AFCB-4982-8CD0-178DC341CDA2}.Release|Any CPU.ActiveCfg = Release|Any CPU
		{22973DDB-AFCB-4982-8CD0-178DC341CDA2}.Release|Any CPU.Build.0 = Release|Any CPU
		{E87BF0FE-21A9-40D8-86D1-3A494A7AC2CB}.Debug|Any CPU.ActiveCfg = Debug|Any CPU
		{E87BF0FE-21A9-40D8-86D1-3A494A7AC2CB}.Debug|Any CPU.Build.0 = Debug|Any CPU
		{E87BF0FE-21A9-40D8-86D1-3A494A7AC2CB}.Release|Any CPU.ActiveCfg = Release|Any CPU
		{E87BF0FE-21A9-40D8-86D1-3A494A7AC2CB}.Release|Any CPU.Build.0 = Release|Any CPU
		{51DFD5A5-7FBB-4934-A4DC-793CAAFD44DD}.Debug|Any CPU.ActiveCfg = Debug|Any CPU
		{51DFD5A5-7FBB-4934-A4DC-793CAAFD44DD}.Debug|Any CPU.Build.0 = Debug|Any CPU
		{51DFD5A5-7FBB-4934-A4DC-793CAAFD44DD}.Release|Any CPU.ActiveCfg = Release|Any CPU
		{51DFD5A5-7FBB-4934-A4DC-793CAAFD44DD}.Release|Any CPU.Build.0 = Release|Any CPU
		{13F8A1DA-8E96-4A7A-8158-659F89503132}.Debug|Any CPU.ActiveCfg = Debug|Any CPU
		{13F8A1DA-8E96-4A7A-8158-659F89503132}.Debug|Any CPU.Build.0 = Debug|Any CPU
		{13F8A1DA-8E96-4A7A-8158-659F89503132}.Release|Any CPU.ActiveCfg = Release|Any CPU
		{13F8A1DA-8E96-4A7A-8158-659F89503132}.Release|Any CPU.Build.0 = Release|Any CPU
		{7F222407-6A4B-4449-A1F1-D00815EBB4F8}.Debug|Any CPU.ActiveCfg = Debug|Any CPU
		{7F222407-6A4B-4449-A1F1-D00815EBB4F8}.Debug|Any CPU.Build.0 = Debug|Any CPU
		{7F222407-6A4B-4449-A1F1-D00815EBB4F8}.Release|Any CPU.ActiveCfg = Release|Any CPU
		{7F222407-6A4B-4449-A1F1-D00815EBB4F8}.Release|Any CPU.Build.0 = Release|Any CPU
		{E7B18A00-073F-4576-9764-2E3CD9A2A51E}.Debug|Any CPU.ActiveCfg = Debug|Any CPU
		{E7B18A00-073F-4576-9764-2E3CD9A2A51E}.Debug|Any CPU.Build.0 = Debug|Any CPU
		{E7B18A00-073F-4576-9764-2E3CD9A2A51E}.Release|Any CPU.ActiveCfg = Release|Any CPU
		{E7B18A00-073F-4576-9764-2E3CD9A2A51E}.Release|Any CPU.Build.0 = Release|Any CPU
		{3E63C428-A67A-4475-915A-5D70F660E4E9}.Debug|Any CPU.ActiveCfg = Debug|Any CPU
		{3E63C428-A67A-4475-915A-5D70F660E4E9}.Debug|Any CPU.Build.0 = Debug|Any CPU
		{3E63C428-A67A-4475-915A-5D70F660E4E9}.Release|Any CPU.ActiveCfg = Release|Any CPU
		{3E63C428-A67A-4475-915A-5D70F660E4E9}.Release|Any CPU.Build.0 = Release|Any CPU
		{B5E2A71A-E3D0-4732-9C88-8AE471847977}.Debug|Any CPU.ActiveCfg = Debug|Any CPU
		{B5E2A71A-E3D0-4732-9C88-8AE471847977}.Debug|Any CPU.Build.0 = Debug|Any CPU
		{B5E2A71A-E3D0-4732-9C88-8AE471847977}.Release|Any CPU.ActiveCfg = Release|Any CPU
		{B5E2A71A-E3D0-4732-9C88-8AE471847977}.Release|Any CPU.Build.0 = Release|Any CPU
		{D152E05C-EFD6-4A80-89DF-77A0B7CE9E20}.Debug|Any CPU.ActiveCfg = Debug|Any CPU
		{D152E05C-EFD6-4A80-89DF-77A0B7CE9E20}.Debug|Any CPU.Build.0 = Debug|Any CPU
		{D152E05C-EFD6-4A80-89DF-77A0B7CE9E20}.Release|Any CPU.ActiveCfg = Release|Any CPU
		{D152E05C-EFD6-4A80-89DF-77A0B7CE9E20}.Release|Any CPU.Build.0 = Release|Any CPU
		{93AAEDCF-8744-418E-BE99-775F4AC34C6E}.Debug|Any CPU.ActiveCfg = Debug|Any CPU
		{93AAEDCF-8744-418E-BE99-775F4AC34C6E}.Debug|Any CPU.Build.0 = Debug|Any CPU
		{93AAEDCF-8744-418E-BE99-775F4AC34C6E}.Release|Any CPU.ActiveCfg = Release|Any CPU
		{93AAEDCF-8744-418E-BE99-775F4AC34C6E}.Release|Any CPU.Build.0 = Release|Any CPU
		{FCF00CA5-A1DD-4C57-987C-B7F622B38C88}.Debug|Any CPU.ActiveCfg = Debug|Any CPU
		{FCF00CA5-A1DD-4C57-987C-B7F622B38C88}.Debug|Any CPU.Build.0 = Debug|Any CPU
		{FCF00CA5-A1DD-4C57-987C-B7F622B38C88}.Release|Any CPU.ActiveCfg = Release|Any CPU
		{FCF00CA5-A1DD-4C57-987C-B7F622B38C88}.Release|Any CPU.Build.0 = Release|Any CPU
		{4CCC7990-D46F-42D7-9BAB-388895A6FADE}.Debug|Any CPU.ActiveCfg = Debug|Any CPU
		{4CCC7990-D46F-42D7-9BAB-388895A6FADE}.Debug|Any CPU.Build.0 = Debug|Any CPU
		{4CCC7990-D46F-42D7-9BAB-388895A6FADE}.Release|Any CPU.ActiveCfg = Release|Any CPU
		{4CCC7990-D46F-42D7-9BAB-388895A6FADE}.Release|Any CPU.Build.0 = Release|Any CPU
		{0C17163B-7E91-4DD0-9CFC-B5CFBFB1F9B4}.Debug|Any CPU.ActiveCfg = Debug|Any CPU
		{0C17163B-7E91-4DD0-9CFC-B5CFBFB1F9B4}.Debug|Any CPU.Build.0 = Debug|Any CPU
		{0C17163B-7E91-4DD0-9CFC-B5CFBFB1F9B4}.Release|Any CPU.ActiveCfg = Release|Any CPU
		{0C17163B-7E91-4DD0-9CFC-B5CFBFB1F9B4}.Release|Any CPU.Build.0 = Release|Any CPU
		{3EE81C3D-D221-453E-91E6-B9B69B3A6F37}.Debug|Any CPU.ActiveCfg = Debug|Any CPU
		{3EE81C3D-D221-453E-91E6-B9B69B3A6F37}.Debug|Any CPU.Build.0 = Debug|Any CPU
		{3EE81C3D-D221-453E-91E6-B9B69B3A6F37}.Release|Any CPU.ActiveCfg = Release|Any CPU
		{3EE81C3D-D221-453E-91E6-B9B69B3A6F37}.Release|Any CPU.Build.0 = Release|Any CPU
		{2D6623D7-5212-4EB4-ACAD-BD85E9338219}.Debug|Any CPU.ActiveCfg = Debug|Any CPU
		{2D6623D7-5212-4EB4-ACAD-BD85E9338219}.Debug|Any CPU.Build.0 = Debug|Any CPU
		{2D6623D7-5212-4EB4-ACAD-BD85E9338219}.Release|Any CPU.ActiveCfg = Release|Any CPU
		{2D6623D7-5212-4EB4-ACAD-BD85E9338219}.Release|Any CPU.Build.0 = Release|Any CPU
		{7F553B47-1968-4F8F-9946-1D2F393E5F51}.Debug|Any CPU.ActiveCfg = Debug|Any CPU
		{7F553B47-1968-4F8F-9946-1D2F393E5F51}.Debug|Any CPU.Build.0 = Debug|Any CPU
		{7F553B47-1968-4F8F-9946-1D2F393E5F51}.Release|Any CPU.ActiveCfg = Release|Any CPU
		{7F553B47-1968-4F8F-9946-1D2F393E5F51}.Release|Any CPU.Build.0 = Release|Any CPU
		{19D1D124-A0E1-4D82-818E-2D518CC45B41}.Debug|Any CPU.ActiveCfg = Debug|Any CPU
		{19D1D124-A0E1-4D82-818E-2D518CC45B41}.Debug|Any CPU.Build.0 = Debug|Any CPU
		{19D1D124-A0E1-4D82-818E-2D518CC45B41}.Release|Any CPU.ActiveCfg = Release|Any CPU
		{19D1D124-A0E1-4D82-818E-2D518CC45B41}.Release|Any CPU.Build.0 = Release|Any CPU
		{C5D3B8FB-AB99-442C-83CA-CF3E1B0630AA}.Debug|Any CPU.ActiveCfg = Debug|Any CPU
		{C5D3B8FB-AB99-442C-83CA-CF3E1B0630AA}.Debug|Any CPU.Build.0 = Debug|Any CPU
		{C5D3B8FB-AB99-442C-83CA-CF3E1B0630AA}.Release|Any CPU.ActiveCfg = Release|Any CPU
		{C5D3B8FB-AB99-442C-83CA-CF3E1B0630AA}.Release|Any CPU.Build.0 = Release|Any CPU
		{FEE6431B-DBBC-4A7E-A126-49164857D58E}.Debug|Any CPU.ActiveCfg = Debug|Any CPU
		{FEE6431B-DBBC-4A7E-A126-49164857D58E}.Debug|Any CPU.Build.0 = Debug|Any CPU
		{FEE6431B-DBBC-4A7E-A126-49164857D58E}.Release|Any CPU.ActiveCfg = Release|Any CPU
		{FEE6431B-DBBC-4A7E-A126-49164857D58E}.Release|Any CPU.Build.0 = Release|Any CPU
		{329FDCE4-306A-4853-96A4-370FFAA5C4F1}.Debug|Any CPU.ActiveCfg = Debug|Any CPU
		{329FDCE4-306A-4853-96A4-370FFAA5C4F1}.Debug|Any CPU.Build.0 = Debug|Any CPU
		{329FDCE4-306A-4853-96A4-370FFAA5C4F1}.Release|Any CPU.ActiveCfg = Release|Any CPU
		{329FDCE4-306A-4853-96A4-370FFAA5C4F1}.Release|Any CPU.Build.0 = Release|Any CPU
		{E4AE6B52-2A65-42FD-8855-C2B62567B156}.Debug|Any CPU.ActiveCfg = Debug|Any CPU
		{E4AE6B52-2A65-42FD-8855-C2B62567B156}.Debug|Any CPU.Build.0 = Debug|Any CPU
		{E4AE6B52-2A65-42FD-8855-C2B62567B156}.Release|Any CPU.ActiveCfg = Release|Any CPU
		{E4AE6B52-2A65-42FD-8855-C2B62567B156}.Release|Any CPU.Build.0 = Release|Any CPU
		{51BBACC2-8963-4607-8928-A77337373BE2}.Debug|Any CPU.ActiveCfg = Debug|Any CPU
		{51BBACC2-8963-4607-8928-A77337373BE2}.Debug|Any CPU.Build.0 = Debug|Any CPU
		{51BBACC2-8963-4607-8928-A77337373BE2}.Release|Any CPU.ActiveCfg = Release|Any CPU
		{51BBACC2-8963-4607-8928-A77337373BE2}.Release|Any CPU.Build.0 = Release|Any CPU
		{602277AE-5329-4EB8-BE93-EF1FEC70E51D}.Debug|Any CPU.ActiveCfg = Debug|Any CPU
		{602277AE-5329-4EB8-BE93-EF1FEC70E51D}.Debug|Any CPU.Build.0 = Debug|Any CPU
		{602277AE-5329-4EB8-BE93-EF1FEC70E51D}.Release|Any CPU.ActiveCfg = Release|Any CPU
		{602277AE-5329-4EB8-BE93-EF1FEC70E51D}.Release|Any CPU.Build.0 = Release|Any CPU
		{CEC597D7-DADC-40C9-83DD-91C905F2D14E}.Debug|Any CPU.ActiveCfg = Debug|Any CPU
		{CEC597D7-DADC-40C9-83DD-91C905F2D14E}.Debug|Any CPU.Build.0 = Debug|Any CPU
		{CEC597D7-DADC-40C9-83DD-91C905F2D14E}.Release|Any CPU.ActiveCfg = Release|Any CPU
		{CEC597D7-DADC-40C9-83DD-91C905F2D14E}.Release|Any CPU.Build.0 = Release|Any CPU
		{341EA06E-9D19-4406-83D8-DCEF04D0D1C3}.Debug|Any CPU.ActiveCfg = Debug|Any CPU
		{341EA06E-9D19-4406-83D8-DCEF04D0D1C3}.Debug|Any CPU.Build.0 = Debug|Any CPU
		{341EA06E-9D19-4406-83D8-DCEF04D0D1C3}.Release|Any CPU.ActiveCfg = Release|Any CPU
		{341EA06E-9D19-4406-83D8-DCEF04D0D1C3}.Release|Any CPU.Build.0 = Release|Any CPU
		{722BE726-7E03-4938-A703-22DEBE94BABC}.Debug|Any CPU.ActiveCfg = Debug|Any CPU
		{722BE726-7E03-4938-A703-22DEBE94BABC}.Debug|Any CPU.Build.0 = Debug|Any CPU
		{722BE726-7E03-4938-A703-22DEBE94BABC}.Release|Any CPU.ActiveCfg = Release|Any CPU
		{722BE726-7E03-4938-A703-22DEBE94BABC}.Release|Any CPU.Build.0 = Release|Any CPU
		{42E74F40-562D-446C-B99E-B4D910116248}.Debug|Any CPU.ActiveCfg = Debug|Any CPU
		{42E74F40-562D-446C-B99E-B4D910116248}.Debug|Any CPU.Build.0 = Debug|Any CPU
		{42E74F40-562D-446C-B99E-B4D910116248}.Release|Any CPU.ActiveCfg = Release|Any CPU
		{42E74F40-562D-446C-B99E-B4D910116248}.Release|Any CPU.Build.0 = Release|Any CPU
		{D1441EFA-781C-4090-9682-788BD30EAAC3}.Debug|Any CPU.ActiveCfg = Debug|Any CPU
		{D1441EFA-781C-4090-9682-788BD30EAAC3}.Debug|Any CPU.Build.0 = Debug|Any CPU
		{D1441EFA-781C-4090-9682-788BD30EAAC3}.Release|Any CPU.ActiveCfg = Release|Any CPU
		{D1441EFA-781C-4090-9682-788BD30EAAC3}.Release|Any CPU.Build.0 = Release|Any CPU
		{30C4B8E3-952C-4EC1-A8A3-00F4055942DD}.Debug|Any CPU.ActiveCfg = Debug|Any CPU
		{30C4B8E3-952C-4EC1-A8A3-00F4055942DD}.Debug|Any CPU.Build.0 = Debug|Any CPU
		{30C4B8E3-952C-4EC1-A8A3-00F4055942DD}.Release|Any CPU.ActiveCfg = Release|Any CPU
		{30C4B8E3-952C-4EC1-A8A3-00F4055942DD}.Release|Any CPU.Build.0 = Release|Any CPU
		{D7E58923-622C-4B5E-8240-AEA16DCCC0E6}.Debug|Any CPU.ActiveCfg = Debug|Any CPU
		{D7E58923-622C-4B5E-8240-AEA16DCCC0E6}.Debug|Any CPU.Build.0 = Debug|Any CPU
		{D7E58923-622C-4B5E-8240-AEA16DCCC0E6}.Release|Any CPU.ActiveCfg = Release|Any CPU
		{D7E58923-622C-4B5E-8240-AEA16DCCC0E6}.Release|Any CPU.Build.0 = Release|Any CPU
		{A4284937-9554-4522-B390-14126711CB36}.Debug|Any CPU.ActiveCfg = Debug|Any CPU
		{A4284937-9554-4522-B390-14126711CB36}.Debug|Any CPU.Build.0 = Debug|Any CPU
		{A4284937-9554-4522-B390-14126711CB36}.Release|Any CPU.ActiveCfg = Release|Any CPU
		{A4284937-9554-4522-B390-14126711CB36}.Release|Any CPU.Build.0 = Release|Any CPU
		{BE951865-1391-4204-A444-E52F1638781D}.Debug|Any CPU.ActiveCfg = Debug|Any CPU
		{BE951865-1391-4204-A444-E52F1638781D}.Debug|Any CPU.Build.0 = Debug|Any CPU
		{BE951865-1391-4204-A444-E52F1638781D}.Release|Any CPU.ActiveCfg = Release|Any CPU
		{BE951865-1391-4204-A444-E52F1638781D}.Release|Any CPU.Build.0 = Release|Any CPU
		{A59642E8-F8CC-4B1F-84C3-B056E131C9CF}.Debug|Any CPU.ActiveCfg = Debug|Any CPU
		{A59642E8-F8CC-4B1F-84C3-B056E131C9CF}.Debug|Any CPU.Build.0 = Debug|Any CPU
		{A59642E8-F8CC-4B1F-84C3-B056E131C9CF}.Release|Any CPU.ActiveCfg = Release|Any CPU
		{A59642E8-F8CC-4B1F-84C3-B056E131C9CF}.Release|Any CPU.Build.0 = Release|Any CPU
		{E783027C-DC9A-4FBE-BC6C-64ECBD05730F}.Debug|Any CPU.ActiveCfg = Debug|Any CPU
		{E783027C-DC9A-4FBE-BC6C-64ECBD05730F}.Debug|Any CPU.Build.0 = Debug|Any CPU
		{E783027C-DC9A-4FBE-BC6C-64ECBD05730F}.Release|Any CPU.ActiveCfg = Release|Any CPU
		{E783027C-DC9A-4FBE-BC6C-64ECBD05730F}.Release|Any CPU.Build.0 = Release|Any CPU
		{B83BC756-3B9D-4C28-98F0-89757A696229}.Debug|Any CPU.ActiveCfg = Debug|Any CPU
		{B83BC756-3B9D-4C28-98F0-89757A696229}.Debug|Any CPU.Build.0 = Debug|Any CPU
		{B83BC756-3B9D-4C28-98F0-89757A696229}.Release|Any CPU.ActiveCfg = Release|Any CPU
		{B83BC756-3B9D-4C28-98F0-89757A696229}.Release|Any CPU.Build.0 = Release|Any CPU
		{7368F3FA-5E19-48EC-AB77-421EC49E8CEA}.Debug|Any CPU.ActiveCfg = Debug|Any CPU
		{7368F3FA-5E19-48EC-AB77-421EC49E8CEA}.Debug|Any CPU.Build.0 = Debug|Any CPU
		{7368F3FA-5E19-48EC-AB77-421EC49E8CEA}.Release|Any CPU.ActiveCfg = Release|Any CPU
		{7368F3FA-5E19-48EC-AB77-421EC49E8CEA}.Release|Any CPU.Build.0 = Release|Any CPU
		{8635DD4F-E619-454E-9830-7C236A73DA85}.Debug|Any CPU.ActiveCfg = Debug|Any CPU
		{8635DD4F-E619-454E-9830-7C236A73DA85}.Debug|Any CPU.Build.0 = Debug|Any CPU
		{8635DD4F-E619-454E-9830-7C236A73DA85}.Release|Any CPU.ActiveCfg = Release|Any CPU
		{8635DD4F-E619-454E-9830-7C236A73DA85}.Release|Any CPU.Build.0 = Release|Any CPU
		{BB2D907C-B966-4006-88EB-083522DB4030}.Debug|Any CPU.ActiveCfg = Debug|Any CPU
		{BB2D907C-B966-4006-88EB-083522DB4030}.Debug|Any CPU.Build.0 = Debug|Any CPU
		{BB2D907C-B966-4006-88EB-083522DB4030}.Release|Any CPU.ActiveCfg = Release|Any CPU
		{BB2D907C-B966-4006-88EB-083522DB4030}.Release|Any CPU.Build.0 = Release|Any CPU
		{5D4A7AC1-3784-400B-B560-2551CDE174D4}.Debug|Any CPU.ActiveCfg = Debug|Any CPU
		{5D4A7AC1-3784-400B-B560-2551CDE174D4}.Debug|Any CPU.Build.0 = Debug|Any CPU
		{5D4A7AC1-3784-400B-B560-2551CDE174D4}.Release|Any CPU.ActiveCfg = Release|Any CPU
		{5D4A7AC1-3784-400B-B560-2551CDE174D4}.Release|Any CPU.Build.0 = Release|Any CPU
		{3002832F-F345-4449-8FB1-988726FD4785}.Debug|Any CPU.ActiveCfg = Debug|Any CPU
		{3002832F-F345-4449-8FB1-988726FD4785}.Debug|Any CPU.Build.0 = Debug|Any CPU
		{3002832F-F345-4449-8FB1-988726FD4785}.Release|Any CPU.ActiveCfg = Release|Any CPU
		{3002832F-F345-4449-8FB1-988726FD4785}.Release|Any CPU.Build.0 = Release|Any CPU
		{CA184F98-842A-42EB-809C-B5408960FC9C}.Debug|Any CPU.ActiveCfg = Debug|Any CPU
		{CA184F98-842A-42EB-809C-B5408960FC9C}.Debug|Any CPU.Build.0 = Debug|Any CPU
		{CA184F98-842A-42EB-809C-B5408960FC9C}.Release|Any CPU.ActiveCfg = Release|Any CPU
		{CA184F98-842A-42EB-809C-B5408960FC9C}.Release|Any CPU.Build.0 = Release|Any CPU
		{DA73D6CE-1996-4FEA-ACC7-C90A846D3008}.Debug|Any CPU.ActiveCfg = Debug|Any CPU
		{DA73D6CE-1996-4FEA-ACC7-C90A846D3008}.Debug|Any CPU.Build.0 = Debug|Any CPU
		{DA73D6CE-1996-4FEA-ACC7-C90A846D3008}.Release|Any CPU.ActiveCfg = Release|Any CPU
		{DA73D6CE-1996-4FEA-ACC7-C90A846D3008}.Release|Any CPU.Build.0 = Release|Any CPU
		{F7ACA554-DD82-4CAE-81C1-23C8E224AC21}.Debug|Any CPU.ActiveCfg = Debug|Any CPU
		{F7ACA554-DD82-4CAE-81C1-23C8E224AC21}.Debug|Any CPU.Build.0 = Debug|Any CPU
		{F7ACA554-DD82-4CAE-81C1-23C8E224AC21}.Release|Any CPU.ActiveCfg = Release|Any CPU
		{F7ACA554-DD82-4CAE-81C1-23C8E224AC21}.Release|Any CPU.Build.0 = Release|Any CPU
		{32C93850-BFBD-4AA2-B638-9B319864CF9B}.Debug|Any CPU.ActiveCfg = Debug|Any CPU
		{32C93850-BFBD-4AA2-B638-9B319864CF9B}.Debug|Any CPU.Build.0 = Debug|Any CPU
		{32C93850-BFBD-4AA2-B638-9B319864CF9B}.Release|Any CPU.ActiveCfg = Release|Any CPU
		{32C93850-BFBD-4AA2-B638-9B319864CF9B}.Release|Any CPU.Build.0 = Release|Any CPU
		{93CC44B2-235B-4B2D-BA2A-5ADCAB70D43D}.Debug|Any CPU.ActiveCfg = Debug|Any CPU
		{93CC44B2-235B-4B2D-BA2A-5ADCAB70D43D}.Debug|Any CPU.Build.0 = Debug|Any CPU
		{93CC44B2-235B-4B2D-BA2A-5ADCAB70D43D}.Release|Any CPU.ActiveCfg = Release|Any CPU
		{93CC44B2-235B-4B2D-BA2A-5ADCAB70D43D}.Release|Any CPU.Build.0 = Release|Any CPU
		{D3E850FF-C65A-450B-A485-D5520D28E57D}.Debug|Any CPU.ActiveCfg = Debug|Any CPU
		{D3E850FF-C65A-450B-A485-D5520D28E57D}.Debug|Any CPU.Build.0 = Debug|Any CPU
		{D3E850FF-C65A-450B-A485-D5520D28E57D}.Release|Any CPU.ActiveCfg = Release|Any CPU
		{D3E850FF-C65A-450B-A485-D5520D28E57D}.Release|Any CPU.Build.0 = Release|Any CPU
		{BC15CD7B-D092-4531-8E42-97C5C105BFE8}.Debug|Any CPU.ActiveCfg = Debug|Any CPU
		{BC15CD7B-D092-4531-8E42-97C5C105BFE8}.Debug|Any CPU.Build.0 = Debug|Any CPU
		{BC15CD7B-D092-4531-8E42-97C5C105BFE8}.Release|Any CPU.ActiveCfg = Release|Any CPU
		{BC15CD7B-D092-4531-8E42-97C5C105BFE8}.Release|Any CPU.Build.0 = Release|Any CPU
		{759AEDF3-A3B9-4043-899F-1012A0E68605}.Debug|Any CPU.ActiveCfg = Debug|Any CPU
		{759AEDF3-A3B9-4043-899F-1012A0E68605}.Debug|Any CPU.Build.0 = Debug|Any CPU
		{759AEDF3-A3B9-4043-899F-1012A0E68605}.Release|Any CPU.ActiveCfg = Release|Any CPU
		{759AEDF3-A3B9-4043-899F-1012A0E68605}.Release|Any CPU.Build.0 = Release|Any CPU
		{DB5A3793-45F8-4E29-993C-9735D540505D}.Debug|Any CPU.ActiveCfg = Debug|Any CPU
		{DB5A3793-45F8-4E29-993C-9735D540505D}.Debug|Any CPU.Build.0 = Debug|Any CPU
		{DB5A3793-45F8-4E29-993C-9735D540505D}.Release|Any CPU.ActiveCfg = Release|Any CPU
		{DB5A3793-45F8-4E29-993C-9735D540505D}.Release|Any CPU.Build.0 = Release|Any CPU
		{D9127F9E-FA52-43EB-A83A-862E1F742053}.Debug|Any CPU.ActiveCfg = Debug|Any CPU
		{D9127F9E-FA52-43EB-A83A-862E1F742053}.Debug|Any CPU.Build.0 = Debug|Any CPU
		{D9127F9E-FA52-43EB-A83A-862E1F742053}.Release|Any CPU.ActiveCfg = Release|Any CPU
		{D9127F9E-FA52-43EB-A83A-862E1F742053}.Release|Any CPU.Build.0 = Release|Any CPU
		{D505BA4A-24C8-407B-8E29-7D5B21A2C014}.Debug|Any CPU.ActiveCfg = Debug|Any CPU
		{D505BA4A-24C8-407B-8E29-7D5B21A2C014}.Debug|Any CPU.Build.0 = Debug|Any CPU
		{D505BA4A-24C8-407B-8E29-7D5B21A2C014}.Release|Any CPU.ActiveCfg = Release|Any CPU
		{D505BA4A-24C8-407B-8E29-7D5B21A2C014}.Release|Any CPU.Build.0 = Release|Any CPU
		{498C9C20-3AAA-4CB0-8A34-62A8C09B0C51}.Debug|Any CPU.ActiveCfg = Debug|Any CPU
		{498C9C20-3AAA-4CB0-8A34-62A8C09B0C51}.Debug|Any CPU.Build.0 = Debug|Any CPU
		{498C9C20-3AAA-4CB0-8A34-62A8C09B0C51}.Release|Any CPU.ActiveCfg = Release|Any CPU
		{498C9C20-3AAA-4CB0-8A34-62A8C09B0C51}.Release|Any CPU.Build.0 = Release|Any CPU
		{7ECDAC34-F9FF-4E4A-A01F-4374BC9EF9AB}.Debug|Any CPU.ActiveCfg = Debug|Any CPU
		{7ECDAC34-F9FF-4E4A-A01F-4374BC9EF9AB}.Debug|Any CPU.Build.0 = Debug|Any CPU
		{7ECDAC34-F9FF-4E4A-A01F-4374BC9EF9AB}.Release|Any CPU.ActiveCfg = Release|Any CPU
		{7ECDAC34-F9FF-4E4A-A01F-4374BC9EF9AB}.Release|Any CPU.Build.0 = Release|Any CPU
		{F3F87069-E87E-43CC-B2B9-DB51FFE81038}.Debug|Any CPU.ActiveCfg = Debug|Any CPU
		{F3F87069-E87E-43CC-B2B9-DB51FFE81038}.Debug|Any CPU.Build.0 = Debug|Any CPU
		{F3F87069-E87E-43CC-B2B9-DB51FFE81038}.Release|Any CPU.ActiveCfg = Release|Any CPU
		{F3F87069-E87E-43CC-B2B9-DB51FFE81038}.Release|Any CPU.Build.0 = Release|Any CPU
		{235AA383-CC0F-4953-84A0-B25AB52CD04A}.Debug|Any CPU.ActiveCfg = Debug|Any CPU
		{235AA383-CC0F-4953-84A0-B25AB52CD04A}.Debug|Any CPU.Build.0 = Debug|Any CPU
		{235AA383-CC0F-4953-84A0-B25AB52CD04A}.Release|Any CPU.ActiveCfg = Release|Any CPU
		{235AA383-CC0F-4953-84A0-B25AB52CD04A}.Release|Any CPU.Build.0 = Release|Any CPU
		{17616C3B-B793-48C2-9ABC-936C8C6BF568}.Debug|Any CPU.ActiveCfg = Debug|Any CPU
		{17616C3B-B793-48C2-9ABC-936C8C6BF568}.Debug|Any CPU.Build.0 = Debug|Any CPU
		{17616C3B-B793-48C2-9ABC-936C8C6BF568}.Release|Any CPU.ActiveCfg = Release|Any CPU
		{17616C3B-B793-48C2-9ABC-936C8C6BF568}.Release|Any CPU.Build.0 = Release|Any CPU
		{624F436F-9CE4-45A6-B063-0FA855B31619}.Debug|Any CPU.ActiveCfg = Debug|Any CPU
		{624F436F-9CE4-45A6-B063-0FA855B31619}.Debug|Any CPU.Build.0 = Debug|Any CPU
		{624F436F-9CE4-45A6-B063-0FA855B31619}.Release|Any CPU.ActiveCfg = Release|Any CPU
		{624F436F-9CE4-45A6-B063-0FA855B31619}.Release|Any CPU.Build.0 = Release|Any CPU
		{C6A3CF1F-1660-4C14-9961-627F97B3304B}.Debug|Any CPU.ActiveCfg = Debug|Any CPU
		{C6A3CF1F-1660-4C14-9961-627F97B3304B}.Debug|Any CPU.Build.0 = Debug|Any CPU
		{C6A3CF1F-1660-4C14-9961-627F97B3304B}.Release|Any CPU.ActiveCfg = Release|Any CPU
		{C6A3CF1F-1660-4C14-9961-627F97B3304B}.Release|Any CPU.Build.0 = Release|Any CPU
		{1E833F99-7A82-4983-B1D3-3E336648DA70}.Debug|Any CPU.ActiveCfg = Debug|Any CPU
		{1E833F99-7A82-4983-B1D3-3E336648DA70}.Debug|Any CPU.Build.0 = Debug|Any CPU
		{1E833F99-7A82-4983-B1D3-3E336648DA70}.Release|Any CPU.ActiveCfg = Release|Any CPU
		{1E833F99-7A82-4983-B1D3-3E336648DA70}.Release|Any CPU.Build.0 = Release|Any CPU
		{DC42F05E-AEF0-4128-8E5E-68C5E0DAC104}.Debug|Any CPU.ActiveCfg = Debug|Any CPU
		{DC42F05E-AEF0-4128-8E5E-68C5E0DAC104}.Debug|Any CPU.Build.0 = Debug|Any CPU
		{DC42F05E-AEF0-4128-8E5E-68C5E0DAC104}.Release|Any CPU.ActiveCfg = Release|Any CPU
		{DC42F05E-AEF0-4128-8E5E-68C5E0DAC104}.Release|Any CPU.Build.0 = Release|Any CPU
		{3558D818-D657-4FC3-8FD9-29470CC28DB5}.Debug|Any CPU.ActiveCfg = Debug|Any CPU
		{3558D818-D657-4FC3-8FD9-29470CC28DB5}.Debug|Any CPU.Build.0 = Debug|Any CPU
		{3558D818-D657-4FC3-8FD9-29470CC28DB5}.Release|Any CPU.ActiveCfg = Release|Any CPU
		{3558D818-D657-4FC3-8FD9-29470CC28DB5}.Release|Any CPU.Build.0 = Release|Any CPU
		{C8D93782-D163-4E7F-8C44-0762E93A0024}.Debug|Any CPU.ActiveCfg = Debug|Any CPU
		{C8D93782-D163-4E7F-8C44-0762E93A0024}.Debug|Any CPU.Build.0 = Debug|Any CPU
		{C8D93782-D163-4E7F-8C44-0762E93A0024}.Release|Any CPU.ActiveCfg = Release|Any CPU
		{C8D93782-D163-4E7F-8C44-0762E93A0024}.Release|Any CPU.Build.0 = Release|Any CPU
		{176BE002-F0B6-4E47-B84A-78C662FAE3B2}.Debug|Any CPU.ActiveCfg = Debug|Any CPU
		{176BE002-F0B6-4E47-B84A-78C662FAE3B2}.Debug|Any CPU.Build.0 = Debug|Any CPU
		{176BE002-F0B6-4E47-B84A-78C662FAE3B2}.Release|Any CPU.ActiveCfg = Release|Any CPU
		{176BE002-F0B6-4E47-B84A-78C662FAE3B2}.Release|Any CPU.Build.0 = Release|Any CPU
		{6C2E875D-9D17-4B59-8F32-B22E962B314A}.Debug|Any CPU.ActiveCfg = Debug|Any CPU
		{6C2E875D-9D17-4B59-8F32-B22E962B314A}.Debug|Any CPU.Build.0 = Debug|Any CPU
		{6C2E875D-9D17-4B59-8F32-B22E962B314A}.Release|Any CPU.ActiveCfg = Release|Any CPU
		{6C2E875D-9D17-4B59-8F32-B22E962B314A}.Release|Any CPU.Build.0 = Release|Any CPU
		{F06C2704-A9C1-4B96-90E9-2F05D26FBAC2}.Debug|Any CPU.ActiveCfg = Debug|Any CPU
		{F06C2704-A9C1-4B96-90E9-2F05D26FBAC2}.Debug|Any CPU.Build.0 = Debug|Any CPU
		{F06C2704-A9C1-4B96-90E9-2F05D26FBAC2}.Release|Any CPU.ActiveCfg = Release|Any CPU
		{F06C2704-A9C1-4B96-90E9-2F05D26FBAC2}.Release|Any CPU.Build.0 = Release|Any CPU
		{13F172F8-AF38-49FD-B439-E4D8A3642AB0}.Debug|Any CPU.ActiveCfg = Debug|Any CPU
		{13F172F8-AF38-49FD-B439-E4D8A3642AB0}.Debug|Any CPU.Build.0 = Debug|Any CPU
		{13F172F8-AF38-49FD-B439-E4D8A3642AB0}.Release|Any CPU.ActiveCfg = Release|Any CPU
		{13F172F8-AF38-49FD-B439-E4D8A3642AB0}.Release|Any CPU.Build.0 = Release|Any CPU
		{FE79B46D-580C-4258-861D-39D9140A92EC}.Debug|Any CPU.ActiveCfg = Debug|Any CPU
		{FE79B46D-580C-4258-861D-39D9140A92EC}.Debug|Any CPU.Build.0 = Debug|Any CPU
		{FE79B46D-580C-4258-861D-39D9140A92EC}.Release|Any CPU.ActiveCfg = Release|Any CPU
		{FE79B46D-580C-4258-861D-39D9140A92EC}.Release|Any CPU.Build.0 = Release|Any CPU
		{A6CE8613-26F1-43E1-9378-5FAD6DCA2D63}.Debug|Any CPU.ActiveCfg = Debug|Any CPU
		{A6CE8613-26F1-43E1-9378-5FAD6DCA2D63}.Debug|Any CPU.Build.0 = Debug|Any CPU
		{A6CE8613-26F1-43E1-9378-5FAD6DCA2D63}.Release|Any CPU.ActiveCfg = Release|Any CPU
		{A6CE8613-26F1-43E1-9378-5FAD6DCA2D63}.Release|Any CPU.Build.0 = Release|Any CPU
		{29933471-79AC-4F13-A152-CBEE7C9BA64D}.Debug|Any CPU.ActiveCfg = Debug|Any CPU
		{29933471-79AC-4F13-A152-CBEE7C9BA64D}.Debug|Any CPU.Build.0 = Debug|Any CPU
		{29933471-79AC-4F13-A152-CBEE7C9BA64D}.Release|Any CPU.ActiveCfg = Release|Any CPU
		{29933471-79AC-4F13-A152-CBEE7C9BA64D}.Release|Any CPU.Build.0 = Release|Any CPU
		{C9C7DDC4-E521-41B1-BEB2-1A5DB9FAA858}.Debug|Any CPU.ActiveCfg = Debug|Any CPU
		{C9C7DDC4-E521-41B1-BEB2-1A5DB9FAA858}.Debug|Any CPU.Build.0 = Debug|Any CPU
		{C9C7DDC4-E521-41B1-BEB2-1A5DB9FAA858}.Release|Any CPU.ActiveCfg = Release|Any CPU
		{C9C7DDC4-E521-41B1-BEB2-1A5DB9FAA858}.Release|Any CPU.Build.0 = Release|Any CPU
		{4A3F3B60-EFB2-4899-AA1F-74AC8AAB61F4}.Debug|Any CPU.ActiveCfg = Debug|Any CPU
		{4A3F3B60-EFB2-4899-AA1F-74AC8AAB61F4}.Debug|Any CPU.Build.0 = Debug|Any CPU
		{4A3F3B60-EFB2-4899-AA1F-74AC8AAB61F4}.Release|Any CPU.ActiveCfg = Release|Any CPU
		{4A3F3B60-EFB2-4899-AA1F-74AC8AAB61F4}.Release|Any CPU.Build.0 = Release|Any CPU
	EndGlobalSection
	GlobalSection(SolutionProperties) = preSolution
		HideSolutionNode = FALSE
	EndGlobalSection
	GlobalSection(NestedProjects) = preSolution
		{49E4FB3F-B2C1-4314-B690-3E3C2266DE51} = {D014EF31-353F-486A-872C-9AD3674F185B}
		{58AEF876-B576-44F8-AD55-DA74818CD60E} = {D014EF31-353F-486A-872C-9AD3674F185B}
		{E0C63A52-0D7C-4242-BE54-879DDF4E4BDC} = {A2C44B47-7AFE-4978-9308-F5431129B1DB}
		{29D6EDE2-7FDA-4688-B184-EF3FFD5C7F71} = {D014EF31-353F-486A-872C-9AD3674F185B}
		{16AA06BB-E046-4584-BA22-F14A56ADD50A} = {E0C63A52-0D7C-4242-BE54-879DDF4E4BDC}
		{44CCA906-B7B1-4A05-97B6-A93AA62FB006} = {E0C63A52-0D7C-4242-BE54-879DDF4E4BDC}
		{D014EF31-353F-486A-872C-9AD3674F185B} = {A2C44B47-7AFE-4978-9308-F5431129B1DB}
		{ECAEA188-398F-4096-8F4B-F6A7A5BAA525} = {29D6EDE2-7FDA-4688-B184-EF3FFD5C7F71}
		{7F68AEAC-EC61-4BD5-BF98-EE069981C3D4} = {29D6EDE2-7FDA-4688-B184-EF3FFD5C7F71}
		{5580243F-7CCD-4BB0-9DD6-DD21EC04D048} = {58AEF876-B576-44F8-AD55-DA74818CD60E}
		{662A1EA5-4C64-47B6-A91F-4F64B8B06BE4} = {29D6EDE2-7FDA-4688-B184-EF3FFD5C7F71}
		{B968F3E4-0AEE-4DD9-AB7B-D4CE9358A078} = {E0C63A52-0D7C-4242-BE54-879DDF4E4BDC}
		{911B3FC0-C9D6-4793-B60D-25225398A93B} = {49E4FB3F-B2C1-4314-B690-3E3C2266DE51}
		{22973DDB-AFCB-4982-8CD0-178DC341CDA2} = {49E4FB3F-B2C1-4314-B690-3E3C2266DE51}
		{E87BF0FE-21A9-40D8-86D1-3A494A7AC2CB} = {49E4FB3F-B2C1-4314-B690-3E3C2266DE51}
		{51DFD5A5-7FBB-4934-A4DC-793CAAFD44DD} = {49E4FB3F-B2C1-4314-B690-3E3C2266DE51}
		{13F8A1DA-8E96-4A7A-8158-659F89503132} = {49E4FB3F-B2C1-4314-B690-3E3C2266DE51}
		{7F222407-6A4B-4449-A1F1-D00815EBB4F8} = {49E4FB3F-B2C1-4314-B690-3E3C2266DE51}
		{E7B18A00-073F-4576-9764-2E3CD9A2A51E} = {49E4FB3F-B2C1-4314-B690-3E3C2266DE51}
		{3E63C428-A67A-4475-915A-5D70F660E4E9} = {49E4FB3F-B2C1-4314-B690-3E3C2266DE51}
		{B5E2A71A-E3D0-4732-9C88-8AE471847977} = {49E4FB3F-B2C1-4314-B690-3E3C2266DE51}
		{D152E05C-EFD6-4A80-89DF-77A0B7CE9E20} = {29D6EDE2-7FDA-4688-B184-EF3FFD5C7F71}
		{93AAEDCF-8744-418E-BE99-775F4AC34C6E} = {29D6EDE2-7FDA-4688-B184-EF3FFD5C7F71}
		{531EE9B1-F71A-4D55-A695-91D122163D57} = {E0C63A52-0D7C-4242-BE54-879DDF4E4BDC}
		{2D62DCFE-F085-4522-B19D-58FCE451AD9B} = {D014EF31-353F-486A-872C-9AD3674F185B}
		{D39C4247-5AD7-4392-851C-877E9FBD7A09} = {2D62DCFE-F085-4522-B19D-58FCE451AD9B}
		{1136EAB4-2929-4A65-BF00-AC90062E7A33} = {2D62DCFE-F085-4522-B19D-58FCE451AD9B}
		{FCF00CA5-A1DD-4C57-987C-B7F622B38C88} = {D39C4247-5AD7-4392-851C-877E9FBD7A09}
		{4CCC7990-D46F-42D7-9BAB-388895A6FADE} = {D39C4247-5AD7-4392-851C-877E9FBD7A09}
		{0C17163B-7E91-4DD0-9CFC-B5CFBFB1F9B4} = {1136EAB4-2929-4A65-BF00-AC90062E7A33}
		{3EE81C3D-D221-453E-91E6-B9B69B3A6F37} = {1136EAB4-2929-4A65-BF00-AC90062E7A33}
		{2D6623D7-5212-4EB4-ACAD-BD85E9338219} = {1136EAB4-2929-4A65-BF00-AC90062E7A33}
		{7F553B47-1968-4F8F-9946-1D2F393E5F51} = {1136EAB4-2929-4A65-BF00-AC90062E7A33}
		{19D1D124-A0E1-4D82-818E-2D518CC45B41} = {1136EAB4-2929-4A65-BF00-AC90062E7A33}
		{C5D3B8FB-AB99-442C-83CA-CF3E1B0630AA} = {1136EAB4-2929-4A65-BF00-AC90062E7A33}
		{FEE6431B-DBBC-4A7E-A126-49164857D58E} = {1136EAB4-2929-4A65-BF00-AC90062E7A33}
		{329FDCE4-306A-4853-96A4-370FFAA5C4F1} = {1136EAB4-2929-4A65-BF00-AC90062E7A33}
		{E4AE6B52-2A65-42FD-8855-C2B62567B156} = {1136EAB4-2929-4A65-BF00-AC90062E7A33}
		{BAD5BAB7-4DBB-43B5-B315-EA5723D42E29} = {2D62DCFE-F085-4522-B19D-58FCE451AD9B}
		{51BBACC2-8963-4607-8928-A77337373BE2} = {BAD5BAB7-4DBB-43B5-B315-EA5723D42E29}
		{3D617A9C-8C41-4CDE-9F5C-D83AE8412B08} = {A5AE00F5-F7CF-4483-9A52-78C3C7F12C34}
		{AC63F853-51D6-464A-9D51-CE421A323541} = {A5AE00F5-F7CF-4483-9A52-78C3C7F12C34}
		{7F1E6BBB-650B-41B4-BAF2-8DA5440ABBE5} = {3D617A9C-8C41-4CDE-9F5C-D83AE8412B08}
		{B429B800-F3B4-4F6B-8F89-94763A0A0204} = {3D617A9C-8C41-4CDE-9F5C-D83AE8412B08}
		{C2076B96-2334-44C1-98D4-BD2CAE651A14} = {3D617A9C-8C41-4CDE-9F5C-D83AE8412B08}
		{10F5E068-60AC-4F31-A3A9-838BF68FAE94} = {AC63F853-51D6-464A-9D51-CE421A323541}
		{04BFF208-657F-4024-8725-BD473BD76F44} = {AC63F853-51D6-464A-9D51-CE421A323541}
		{62FF9D8B-9229-403B-863F-D65ABDF3BA7D} = {3D617A9C-8C41-4CDE-9F5C-D83AE8412B08}
		{602277AE-5329-4EB8-BE93-EF1FEC70E51D} = {531EE9B1-F71A-4D55-A695-91D122163D57}
		{CEC597D7-DADC-40C9-83DD-91C905F2D14E} = {531EE9B1-F71A-4D55-A695-91D122163D57}
		{341EA06E-9D19-4406-83D8-DCEF04D0D1C3} = {531EE9B1-F71A-4D55-A695-91D122163D57}
		{722BE726-7E03-4938-A703-22DEBE94BABC} = {531EE9B1-F71A-4D55-A695-91D122163D57}
		{42E74F40-562D-446C-B99E-B4D910116248} = {B968F3E4-0AEE-4DD9-AB7B-D4CE9358A078}
		{D1441EFA-781C-4090-9682-788BD30EAAC3} = {16AA06BB-E046-4584-BA22-F14A56ADD50A}
		{30C4B8E3-952C-4EC1-A8A3-00F4055942DD} = {16AA06BB-E046-4584-BA22-F14A56ADD50A}
		{D7E58923-622C-4B5E-8240-AEA16DCCC0E6} = {16AA06BB-E046-4584-BA22-F14A56ADD50A}
		{A4284937-9554-4522-B390-14126711CB36} = {44CCA906-B7B1-4A05-97B6-A93AA62FB006}
		{BE951865-1391-4204-A444-E52F1638781D} = {44CCA906-B7B1-4A05-97B6-A93AA62FB006}
		{A59642E8-F8CC-4B1F-84C3-B056E131C9CF} = {531EE9B1-F71A-4D55-A695-91D122163D57}
		{E783027C-DC9A-4FBE-BC6C-64ECBD05730F} = {531EE9B1-F71A-4D55-A695-91D122163D57}
		{B83BC756-3B9D-4C28-98F0-89757A696229} = {16AA06BB-E046-4584-BA22-F14A56ADD50A}
		{7368F3FA-5E19-48EC-AB77-421EC49E8CEA} = {1136EAB4-2929-4A65-BF00-AC90062E7A33}
		{8635DD4F-E619-454E-9830-7C236A73DA85} = {16AA06BB-E046-4584-BA22-F14A56ADD50A}
		{BB2D907C-B966-4006-88EB-083522DB4030} = {16AA06BB-E046-4584-BA22-F14A56ADD50A}
		{5D4A7AC1-3784-400B-B560-2551CDE174D4} = {49E4FB3F-B2C1-4314-B690-3E3C2266DE51}
		{A5AE00F5-F7CF-4483-9A52-78C3C7F12C34} = {E43A4277-A2B4-4ACE-92D1-4B62860E3C68}
		{3793589B-F777-4436-AA48-AD54B1CB4D90} = {3D617A9C-8C41-4CDE-9F5C-D83AE8412B08}
		{3002832F-F345-4449-8FB1-988726FD4785} = {7F1E6BBB-650B-41B4-BAF2-8DA5440ABBE5}
		{CA184F98-842A-42EB-809C-B5408960FC9C} = {7F1E6BBB-650B-41B4-BAF2-8DA5440ABBE5}
		{DA73D6CE-1996-4FEA-ACC7-C90A846D3008} = {7F1E6BBB-650B-41B4-BAF2-8DA5440ABBE5}
		{F7ACA554-DD82-4CAE-81C1-23C8E224AC21} = {7F1E6BBB-650B-41B4-BAF2-8DA5440ABBE5}
		{32C93850-BFBD-4AA2-B638-9B319864CF9B} = {7F1E6BBB-650B-41B4-BAF2-8DA5440ABBE5}
		{93CC44B2-235B-4B2D-BA2A-5ADCAB70D43D} = {B429B800-F3B4-4F6B-8F89-94763A0A0204}
		{D3E850FF-C65A-450B-A485-D5520D28E57D} = {B429B800-F3B4-4F6B-8F89-94763A0A0204}
		{BC15CD7B-D092-4531-8E42-97C5C105BFE8} = {62FF9D8B-9229-403B-863F-D65ABDF3BA7D}
		{759AEDF3-A3B9-4043-899F-1012A0E68605} = {3793589B-F777-4436-AA48-AD54B1CB4D90}
		{DB5A3793-45F8-4E29-993C-9735D540505D} = {C2076B96-2334-44C1-98D4-BD2CAE651A14}
		{D9127F9E-FA52-43EB-A83A-862E1F742053} = {C2076B96-2334-44C1-98D4-BD2CAE651A14}
		{D505BA4A-24C8-407B-8E29-7D5B21A2C014} = {C2076B96-2334-44C1-98D4-BD2CAE651A14}
		{498C9C20-3AAA-4CB0-8A34-62A8C09B0C51} = {10F5E068-60AC-4F31-A3A9-838BF68FAE94}
		{7ECDAC34-F9FF-4E4A-A01F-4374BC9EF9AB} = {04BFF208-657F-4024-8725-BD473BD76F44}
		{F3F87069-E87E-43CC-B2B9-DB51FFE81038} = {49E4FB3F-B2C1-4314-B690-3E3C2266DE51}
		{FF6243DB-6AF1-4B65-AB13-770788BCCC0B} = {AC63F853-51D6-464A-9D51-CE421A323541}
		{235AA383-CC0F-4953-84A0-B25AB52CD04A} = {FF6243DB-6AF1-4B65-AB13-770788BCCC0B}
		{17616C3B-B793-48C2-9ABC-936C8C6BF568} = {10F5E068-60AC-4F31-A3A9-838BF68FAE94}
		{624F436F-9CE4-45A6-B063-0FA855B31619} = {FF6243DB-6AF1-4B65-AB13-770788BCCC0B}
		{C6A3CF1F-1660-4C14-9961-627F97B3304B} = {FF6243DB-6AF1-4B65-AB13-770788BCCC0B}
		{1E833F99-7A82-4983-B1D3-3E336648DA70} = {B429B800-F3B4-4F6B-8F89-94763A0A0204}
		{DC42F05E-AEF0-4128-8E5E-68C5E0DAC104} = {B429B800-F3B4-4F6B-8F89-94763A0A0204}
		{3558D818-D657-4FC3-8FD9-29470CC28DB5} = {B429B800-F3B4-4F6B-8F89-94763A0A0204}
		{C8D93782-D163-4E7F-8C44-0762E93A0024} = {B429B800-F3B4-4F6B-8F89-94763A0A0204}
		{176BE002-F0B6-4E47-B84A-78C662FAE3B2} = {B429B800-F3B4-4F6B-8F89-94763A0A0204}
		{6C2E875D-9D17-4B59-8F32-B22E962B314A} = {B429B800-F3B4-4F6B-8F89-94763A0A0204}
		{F06C2704-A9C1-4B96-90E9-2F05D26FBAC2} = {7F1E6BBB-650B-41B4-BAF2-8DA5440ABBE5}
		{13F172F8-AF38-49FD-B439-E4D8A3642AB0} = {7F1E6BBB-650B-41B4-BAF2-8DA5440ABBE5}
		{FE79B46D-580C-4258-861D-39D9140A92EC} = {7F1E6BBB-650B-41B4-BAF2-8DA5440ABBE5}
		{A6CE8613-26F1-43E1-9378-5FAD6DCA2D63} = {B429B800-F3B4-4F6B-8F89-94763A0A0204}
		{29933471-79AC-4F13-A152-CBEE7C9BA64D} = {B429B800-F3B4-4F6B-8F89-94763A0A0204}
		{C9C7DDC4-E521-41B1-BEB2-1A5DB9FAA858} = {B429B800-F3B4-4F6B-8F89-94763A0A0204}
		{4A3F3B60-EFB2-4899-AA1F-74AC8AAB61F4} = {B429B800-F3B4-4F6B-8F89-94763A0A0204}
	EndGlobalSection
	GlobalSection(ExtensibilityGlobals) = postSolution
		SolutionGuid = {1270C47D-B522-4162-B840-F07A711B89CF}
	EndGlobalSection
EndGlobal
