
Microsoft Visual Studio Solution File, Format Version 12.00
# Visual Studio Version 16
VisualStudioVersion = 16.0.29001.49
MinimumVisualStudioVersion = 10.0.40219.1
Project("{2150E333-8FDC-42A3-9474-1A3956D46DE8}") = "Web", "Web", "{829FCE68-4851-44F8-AC31-DE062FA0077E}"
EndProject
Project("{2150E333-8FDC-42A3-9474-1A3956D46DE8}") = "Core", "Core", "{016E7494-E6CD-44EA-86A8-C94FF411A6A4}"
EndProject
Project("{2150E333-8FDC-42A3-9474-1A3956D46DE8}") = "Src", "Src", "{A48792A6-8259-4BC8-A8D1-42B15C7C3DDB}"
EndProject
Project("{2150E333-8FDC-42A3-9474-1A3956D46DE8}") = "Test", "Test", "{85A15CB0-4F65-4D52-BAC4-5C4745865902}"
EndProject
Project("{2150E333-8FDC-42A3-9474-1A3956D46DE8}") = "Infrastructure", "Infrastructure", "{C41C4722-90EE-462C-938D-5F2A3D22B3BC}"
EndProject
Project("{2150E333-8FDC-42A3-9474-1A3956D46DE8}") = "Core", "Core", "{7947FD45-7B4E-42F2-AF3A-B40845CAF194}"
EndProject
Project("{2150E333-8FDC-42A3-9474-1A3956D46DE8}") = "Web", "Web", "{5098EA65-BD02-4CF2-82C4-6614EC35C43C}"
EndProject
Project("{9A19103F-16F7-4668-BE54-9A1E7A4F7556}") = "Optivem.Template.Core.Application", "Optivem.Template.Core.Application\Optivem.Template.Core.Application.csproj", "{171C2F43-14B5-49DC-A76C-BA0CCA85A805}"
EndProject
Project("{9A19103F-16F7-4668-BE54-9A1E7A4F7556}") = "Optivem.Template.Core.Application.Interface", "Optivem.Template.Core.Application.Interface\Optivem.Template.Core.Application.Interface.csproj", "{1FAB2F64-A92B-48BD-B5BF-90A3F0150618}"
EndProject
Project("{9A19103F-16F7-4668-BE54-9A1E7A4F7556}") = "Optivem.Template.Core.Domain", "Optivem.Template.Core.Domain\Optivem.Template.Core.Domain.csproj", "{AC9C1F2D-BE74-4803-8EAD-C6FCBE92FE5B}"
EndProject
Project("{9A19103F-16F7-4668-BE54-9A1E7A4F7556}") = "Optivem.Template.Web.RestApi", "Optivem.Template.Web.RestApi\Optivem.Template.Web.RestApi.csproj", "{CC370B37-6437-4D4C-BB01-FB77BBD7E0ED}"
EndProject
Global
	GlobalSection(SolutionConfigurationPlatforms) = preSolution
		Debug|Any CPU = Debug|Any CPU
		Release|Any CPU = Release|Any CPU
	EndGlobalSection
	GlobalSection(ProjectConfigurationPlatforms) = postSolution
		{171C2F43-14B5-49DC-A76C-BA0CCA85A805}.Debug|Any CPU.ActiveCfg = Debug|Any CPU
		{171C2F43-14B5-49DC-A76C-BA0CCA85A805}.Debug|Any CPU.Build.0 = Debug|Any CPU
		{171C2F43-14B5-49DC-A76C-BA0CCA85A805}.Release|Any CPU.ActiveCfg = Release|Any CPU
		{171C2F43-14B5-49DC-A76C-BA0CCA85A805}.Release|Any CPU.Build.0 = Release|Any CPU
		{1FAB2F64-A92B-48BD-B5BF-90A3F0150618}.Debug|Any CPU.ActiveCfg = Debug|Any CPU
		{1FAB2F64-A92B-48BD-B5BF-90A3F0150618}.Debug|Any CPU.Build.0 = Debug|Any CPU
		{1FAB2F64-A92B-48BD-B5BF-90A3F0150618}.Release|Any CPU.ActiveCfg = Release|Any CPU
		{1FAB2F64-A92B-48BD-B5BF-90A3F0150618}.Release|Any CPU.Build.0 = Release|Any CPU
		{AC9C1F2D-BE74-4803-8EAD-C6FCBE92FE5B}.Debug|Any CPU.ActiveCfg = Debug|Any CPU
		{AC9C1F2D-BE74-4803-8EAD-C6FCBE92FE5B}.Debug|Any CPU.Build.0 = Debug|Any CPU
		{AC9C1F2D-BE74-4803-8EAD-C6FCBE92FE5B}.Release|Any CPU.ActiveCfg = Release|Any CPU
		{AC9C1F2D-BE74-4803-8EAD-C6FCBE92FE5B}.Release|Any CPU.Build.0 = Release|Any CPU
		{CC370B37-6437-4D4C-BB01-FB77BBD7E0ED}.Debug|Any CPU.ActiveCfg = Debug|Any CPU
		{CC370B37-6437-4D4C-BB01-FB77BBD7E0ED}.Debug|Any CPU.Build.0 = Debug|Any CPU
		{CC370B37-6437-4D4C-BB01-FB77BBD7E0ED}.Release|Any CPU.ActiveCfg = Release|Any CPU
		{CC370B37-6437-4D4C-BB01-FB77BBD7E0ED}.Release|Any CPU.Build.0 = Release|Any CPU
	EndGlobalSection
	GlobalSection(SolutionProperties) = preSolution
		HideSolutionNode = FALSE
	EndGlobalSection
	GlobalSection(NestedProjects) = preSolution
		{829FCE68-4851-44F8-AC31-DE062FA0077E} = {A48792A6-8259-4BC8-A8D1-42B15C7C3DDB}
		{016E7494-E6CD-44EA-86A8-C94FF411A6A4} = {A48792A6-8259-4BC8-A8D1-42B15C7C3DDB}
		{C41C4722-90EE-462C-938D-5F2A3D22B3BC} = {A48792A6-8259-4BC8-A8D1-42B15C7C3DDB}
		{7947FD45-7B4E-42F2-AF3A-B40845CAF194} = {85A15CB0-4F65-4D52-BAC4-5C4745865902}
		{5098EA65-BD02-4CF2-82C4-6614EC35C43C} = {85A15CB0-4F65-4D52-BAC4-5C4745865902}
		{171C2F43-14B5-49DC-A76C-BA0CCA85A805} = {016E7494-E6CD-44EA-86A8-C94FF411A6A4}
		{1FAB2F64-A92B-48BD-B5BF-90A3F0150618} = {016E7494-E6CD-44EA-86A8-C94FF411A6A4}
		{AC9C1F2D-BE74-4803-8EAD-C6FCBE92FE5B} = {016E7494-E6CD-44EA-86A8-C94FF411A6A4}
		{CC370B37-6437-4D4C-BB01-FB77BBD7E0ED} = {829FCE68-4851-44F8-AC31-DE062FA0077E}
	EndGlobalSection
	GlobalSection(ExtensibilityGlobals) = postSolution
		SolutionGuid = {41DD5ECF-00C7-44F6-A2A7-937713CBE1AC}
	EndGlobalSection
EndGlobal
