
Microsoft Visual Studio Solution File, Format Version 12.00
# Visual Studio Version 16
VisualStudioVersion = 16.0.28729.10
MinimumVisualStudioVersion = 10.0.40219.1
Project("{2150E333-8FDC-42A3-9474-1A3956D46DE8}") = "Application", "Application", "{E148F903-F4F1-419A-9FE2-FFD790F8478D}"
EndProject
Project("{2150E333-8FDC-42A3-9474-1A3956D46DE8}") = "Domain", "Domain", "{00971984-2BC4-4ED2-B9D7-7EC2AE5EC328}"
EndProject
Project("{2150E333-8FDC-42A3-9474-1A3956D46DE8}") = "Infrastructure", "Infrastructure", "{49E4FB3F-B2C1-4314-B690-3E3C2266DE51}"
EndProject
Project("{2150E333-8FDC-42A3-9474-1A3956D46DE8}") = "Web", "Web", "{58AEF876-B576-44F8-AD55-DA74818CD60E}"
EndProject
Project("{2150E333-8FDC-42A3-9474-1A3956D46DE8}") = "Test", "Test", "{E0C63A52-0D7C-4242-BE54-879DDF4E4BDC}"
EndProject
Project("{2150E333-8FDC-42A3-9474-1A3956D46DE8}") = "Domain", "Domain", "{62AF2CB2-3B6A-4AD2-949C-DFE04A1FE632}"
EndProject
Project("{2150E333-8FDC-42A3-9474-1A3956D46DE8}") = "Application", "Application", "{5C086783-3A0B-4D88-8F30-BA60EB4BCB20}"
EndProject
Project("{2150E333-8FDC-42A3-9474-1A3956D46DE8}") = "Common", "Common", "{324B2C2F-B7CA-4098-B056-A6E9C95F0EEC}"
EndProject
Project("{2150E333-8FDC-42A3-9474-1A3956D46DE8}") = "Common", "Common", "{955BAF69-F8BC-40A1-B04B-3E43CE78F353}"
EndProject
Project("{2150E333-8FDC-42A3-9474-1A3956D46DE8}") = "Core", "Core", "{29D6EDE2-7FDA-4688-B184-EF3FFD5C7F71}"
EndProject
Project("{2150E333-8FDC-42A3-9474-1A3956D46DE8}") = "AspNetCore", "AspNetCore", "{D56ABCDF-D281-47C9-83D0-0A661CFA4A21}"
EndProject
Project("{9A19103F-16F7-4668-BE54-9A1E7A4F7556}") = "Optivem.Platform.Core.Application.Service", "Core\Application\Service\Optivem.Platform.Core.Application.Service.csproj", "{964B2BD5-FF12-4219-84C5-036D7D871895}"
EndProject
Project("{9A19103F-16F7-4668-BE54-9A1E7A4F7556}") = "Optivem.Platform.Core.Application.Service.Default", "Core\Application\Service.Default\Optivem.Platform.Core.Application.Service.Default.csproj", "{D33FEF43-28C1-423A-B73F-6022073A42C3}"
EndProject
Project("{9A19103F-16F7-4668-BE54-9A1E7A4F7556}") = "Optivem.Platform.Core.Common.All", "Core\Common\All\Optivem.Platform.Core.Common.All.csproj", "{7C6E9A44-B31D-4F93-8C67-1D924FA4C91F}"
EndProject
Project("{9A19103F-16F7-4668-BE54-9A1E7A4F7556}") = "Optivem.Platform.Core.Common.Clock", "Core\Common\Clock\Optivem.Platform.Core.Common.Clock.csproj", "{80EB0E0C-2683-4578-9576-787137C39FC6}"
EndProject
Project("{9A19103F-16F7-4668-BE54-9A1E7A4F7556}") = "Optivem.Platform.Core.Common.Email", "Core\Common\Email\Optivem.Platform.Core.Common.Email.csproj", "{340519B1-6D57-49FB-85CE-62155E04F85A}"
EndProject
Project("{9A19103F-16F7-4668-BE54-9A1E7A4F7556}") = "Optivem.Platform.Core.Common.FileSystem", "Core\Common\FileSystem\Optivem.Platform.Core.Common.FileSystem.csproj", "{028F6C97-1566-49D9-8BD6-B495EDA8DFC7}"
EndProject
Project("{9A19103F-16F7-4668-BE54-9A1E7A4F7556}") = "Optivem.Platform.Core.Common.Logging", "Core\Common\Logging\Optivem.Platform.Core.Common.Logging.csproj", "{D20261CE-CAAC-4F87-B8FC-E822C23FF8EF}"
EndProject
Project("{9A19103F-16F7-4668-BE54-9A1E7A4F7556}") = "Optivem.Platform.Core.Common.Mapping", "Core\Common\Mapping\Optivem.Platform.Core.Common.Mapping.csproj", "{1EC6F596-91BE-4625-949C-749635B5E7E0}"
EndProject
Project("{9A19103F-16F7-4668-BE54-9A1E7A4F7556}") = "Optivem.Platform.Core.Common.Parsing", "Core\Common\Parsing\Optivem.Platform.Core.Common.Parsing.csproj", "{1DA65D8F-C8CD-48EF-AC55-38A5E21A94E8}"
EndProject
Project("{9A19103F-16F7-4668-BE54-9A1E7A4F7556}") = "Optivem.Platform.Core.Common.Repository", "Core\Common\Repository\Optivem.Platform.Core.Common.Repository.csproj", "{5BC7AD47-5336-46D0-AB76-01DD59F0663C}"
EndProject
Project("{9A19103F-16F7-4668-BE54-9A1E7A4F7556}") = "Optivem.Platform.Core.Domain.Entity", "Core\Domain\Entity\Optivem.Platform.Core.Domain.Entity.csproj", "{6866F06E-301B-4E6D-BDB8-3CF48D2D6F3B}"
EndProject
Project("{9A19103F-16F7-4668-BE54-9A1E7A4F7556}") = "Optivem.Platform.Core.Domain.Entity.Default", "Core\Domain\Entity.Default\Optivem.Platform.Core.Domain.Entity.Default.csproj", "{CD51A80D-C915-4919-96E4-28BA674371BB}"
EndProject
Project("{9A19103F-16F7-4668-BE54-9A1E7A4F7556}") = "Optivem.Platform.Core.Domain.Repository", "Core\Domain\Repository\Optivem.Platform.Core.Domain.Repository.csproj", "{FB65AD9C-D52C-4C5B-ABE5-7F2C4FF086E6}"
EndProject
Project("{9A19103F-16F7-4668-BE54-9A1E7A4F7556}") = "Optivem.Platform.Core.Domain.Service", "Core\Domain\Service\Optivem.Platform.Core.Domain.Service.csproj", "{43F968A3-A412-483E-9041-BB8D1640546C}"
EndProject
Project("{9A19103F-16F7-4668-BE54-9A1E7A4F7556}") = "Optivem.Platform.Core.Domain.Service.Default", "Core\Domain\Service.Default\Optivem.Platform.Core.Domain.Service.Default.csproj", "{819BD487-B86B-402E-B250-6F775884DF5D}"
EndProject
Project("{9A19103F-16F7-4668-BE54-9A1E7A4F7556}") = "Optivem.Platform.Infrastructure.Common.Clock.Default", "Infrastructure\Common\Clock.Default\Optivem.Platform.Infrastructure.Common.Clock.Default.csproj", "{6FC1241B-E4D0-4174-9313-3E8A7085B192}"
EndProject
Project("{9A19103F-16F7-4668-BE54-9A1E7A4F7556}") = "Optivem.Platform.Infrastructure.Common.Email.Gmail", "Infrastructure\Common\Email.Gmail\Optivem.Platform.Infrastructure.Common.Email.Gmail.csproj", "{DBC40834-7182-4D7A-8133-0F8372503048}"
EndProject
Project("{9A19103F-16F7-4668-BE54-9A1E7A4F7556}") = "Optivem.Platform.Infrastructure.Common.Email.MicrosoftExchange", "Infrastructure\Common\Email.MicrosoftExchange\Optivem.Platform.Infrastructure.Common.Email.MicrosoftExchange.csproj", "{1DBABC90-1520-4B94-8747-1FF32C7E6C3B}"
EndProject
Project("{9A19103F-16F7-4668-BE54-9A1E7A4F7556}") = "Optivem.Platform.Infrastructure.Common.FileSystem.Default", "Infrastructure\Common\FileSystem.Default\Optivem.Platform.Infrastructure.Common.FileSystem.Default.csproj", "{20A6202F-4DD3-49CB-95F2-EFCB85C5BF8D}"
EndProject
Project("{9A19103F-16F7-4668-BE54-9A1E7A4F7556}") = "Optivem.Platform.Infrastructure.Common.Logging.Log4net", "Infrastructure\Common\Logging.Log4net\Optivem.Platform.Infrastructure.Common.Logging.Log4net.csproj", "{4577A580-458B-4937-BC9C-1E5D5865B8D0}"
EndProject
Project("{9A19103F-16F7-4668-BE54-9A1E7A4F7556}") = "Optivem.Platform.Infrastructure.Common.Mapping.AutoMapper", "Infrastructure\Common\Mapping.AutoMapper\Optivem.Platform.Infrastructure.Common.Mapping.AutoMapper.csproj", "{48A24349-26DA-4B8E-8842-A52178968F64}"
EndProject
Project("{9A19103F-16F7-4668-BE54-9A1E7A4F7556}") = "Optivem.Platform.Infrastructure.Common.Parsing.Default", "Infrastructure\Common\Parsing.Default\Optivem.Platform.Infrastructure.Common.Parsing.Default.csproj", "{ACB07463-B0D8-4A32-A58A-957B49D4FE5C}"
EndProject
Project("{9A19103F-16F7-4668-BE54-9A1E7A4F7556}") = "Optivem.Platform.Infrastructure.Common.Repository.EntityFrameworkCore", "Infrastructure\Common\Repository.EntityFrameworkCore\Optivem.Platform.Infrastructure.Common.Repository.EntityFrameworkCore.csproj", "{3F078D3B-EFB6-460D-846D-BDDD5090A25D}"
EndProject
Project("{9A19103F-16F7-4668-BE54-9A1E7A4F7556}") = "Optivem.Platform.Infrastructure.Common.Serialization.Dsv", "Infrastructure\Common\Serialization.Dsv\Optivem.Platform.Infrastructure.Common.Serialization.Dsv.csproj", "{FDAA5DDB-00D2-4956-A118-59203A6CE5E9}"
EndProject
Project("{9A19103F-16F7-4668-BE54-9A1E7A4F7556}") = "Optivem.Platform.Infrastructure.Common.Serialization.Excel", "Infrastructure\Common\Serialization.Excel\Optivem.Platform.Infrastructure.Common.Serialization.Excel.csproj", "{D2667963-30F0-45AF-9520-9054C9FEA320}"
EndProject
Project("{9A19103F-16F7-4668-BE54-9A1E7A4F7556}") = "Optivem.Platform.Infrastructure.Common.Serialization.FixedWidth", "Infrastructure\Common\Serialization.FixedWidth\Optivem.Platform.Infrastructure.Common.Serialization.FixedWidth.csproj", "{A7421B6E-34E5-4E13-B6A3-5634F9B8EDA5}"
EndProject
Project("{9A19103F-16F7-4668-BE54-9A1E7A4F7556}") = "Optivem.Platform.Infrastructure.Common.Serialization.Xml", "Infrastructure\Common\Serialization.Xml\Optivem.Platform.Infrastructure.Common.Serialization.Xml.csproj", "{CF000F62-2D49-4BAF-94AF-59D5602BA093}"
EndProject
Project("{9A19103F-16F7-4668-BE54-9A1E7A4F7556}") = "Optivem.Platform.Infrastructure.Domain.Repository", "Infrastructure\Domain\Repository\Optivem.Platform.Infrastructure.Domain.Repository.csproj", "{1CE9CF7E-E70A-40F9-A16C-986D833621BF}"
EndProject
Project("{9A19103F-16F7-4668-BE54-9A1E7A4F7556}") = "Optivem.Platform.Web.AspNetCore.Common", "Web\AspNetCore\Common\Optivem.Platform.Web.AspNetCore.Common.csproj", "{08B746BE-8E48-49EC-9066-15A19A9741B3}"
EndProject
Project("{9A19103F-16F7-4668-BE54-9A1E7A4F7556}") = "Optivem.Platform.Web.AspNetCore.Mvc", "Web\AspNetCore\Mvc\Optivem.Platform.Web.AspNetCore.Mvc.csproj", "{D3E19C74-A885-4526-9824-7F3CA3E0E8C0}"
EndProject
Project("{9A19103F-16F7-4668-BE54-9A1E7A4F7556}") = "Optivem.Platform.Web.AspNetCore.Rest", "Web\AspNetCore\Rest\Optivem.Platform.Web.AspNetCore.Rest.csproj", "{7BDA3998-EAB8-45B5-97B0-A95D507452F3}"
EndProject
Project("{9A19103F-16F7-4668-BE54-9A1E7A4F7556}") = "Optivem.Platform.Web.AspNetCore.Soap", "Web\AspNetCore\Soap\Optivem.Platform.Web.AspNetCore.Soap.csproj", "{2AF095F7-EBD6-41FE-AA5E-ED7974A37133}"
EndProject
Project("{9A19103F-16F7-4668-BE54-9A1E7A4F7556}") = "Optivem.Platform.Core.Common.RestClient", "Core\Common\RestClient\Optivem.Platform.Core.Common.RestClient.csproj", "{E33CAD35-9624-4524-A7F5-664A51205D9B}"
EndProject
Project("{9A19103F-16F7-4668-BE54-9A1E7A4F7556}") = "Optivem.Platform.Infrastructure.Common.RestClient.Default", "Infrastructure\Common\RestClient.Default\Optivem.Platform.Infrastructure.Common.RestClient.Default.csproj", "{F2FAEF2D-5D22-4070-A6B9-35F2190DA87A}"
EndProject
Project("{2150E333-8FDC-42A3-9474-1A3956D46DE8}") = "Infrastructure", "Infrastructure", "{16AA06BB-E046-4584-BA22-F14A56ADD50A}"
EndProject
Project("{2150E333-8FDC-42A3-9474-1A3956D46DE8}") = "Web", "Web", "{44CCA906-B7B1-4A05-97B6-A93AA62FB006}"
EndProject
Project("{2150E333-8FDC-42A3-9474-1A3956D46DE8}") = "Common", "Common", "{E3FDA467-86A9-4A17-945D-9FD6E0F4F720}"
EndProject
Project("{2150E333-8FDC-42A3-9474-1A3956D46DE8}") = "Common", "Common", "{9C3A1145-D846-4CCE-AF14-7E4A21F5B24F}"
EndProject
Project("{2150E333-8FDC-42A3-9474-1A3956D46DE8}") = "AspNetCore", "AspNetCore", "{B609C22D-E782-495A-879E-C52393A72517}"
EndProject
Project("{2150E333-8FDC-42A3-9474-1A3956D46DE8}") = "Domain", "Domain", "{1234FFD2-90BF-4C2B-AD92-67D33695FB78}"
EndProject
Project("{9A19103F-16F7-4668-BE54-9A1E7A4F7556}") = "Optivem.Platform.Infrastructure.Common.Serialization.Json.NewtonsoftJson", "Infrastructure\Common\Serialization.Json.Newtonsoft\Optivem.Platform.Infrastructure.Common.Serialization.Json.NewtonsoftJson.csproj", "{BDB68382-CAC1-44DE-BFF0-FB4DD2519D53}"
EndProject
Project("{9A19103F-16F7-4668-BE54-9A1E7A4F7556}") = "Optivem.Platform.Core.Common.Serialization", "Core\Common\Serialization\Optivem.Platform.Core.Common.Serialization.csproj", "{7D8F4238-CED4-4C41-94BE-3FDBA1C2CAB4}"
EndProject
Project("{9A19103F-16F7-4668-BE54-9A1E7A4F7556}") = "Optivem.Platform.Infrastructure.Common.Serialization.Csv.CsvHelper", "Infrastructure\Common\Serialization.Csv.CsvHelper\Optivem.Platform.Infrastructure.Common.Serialization.Csv.CsvHelper.csproj", "{C4045B9F-05E6-45C2-80CF-672340DB1F45}"
EndProject
Project("{2150E333-8FDC-42A3-9474-1A3956D46DE8}") = "Application", "Application", "{443251E8-BBE8-4330-8CB1-20C23DF108AF}"
EndProject
Project("{9A19103F-16F7-4668-BE54-9A1E7A4F7556}") = "Optivem.Platform.Test.Infrastructure.Common.RestClient.Default", "Test\Infrastructure\Common\RestClient.Default\Optivem.Platform.Test.Infrastructure.Common.RestClient.Default.csproj", "{22740301-A7DA-403A-A714-A45017C86423}"
EndProject
Project("{9A19103F-16F7-4668-BE54-9A1E7A4F7556}") = "Optivem.Platform.Test.Infrastructure.Common.Serialization.Csv.CsvHelper", "Test\Infrastructure\Common\Serialization.Csv.CsvHelper\Optivem.Platform.Test.Infrastructure.Common.Serialization.Csv.CsvHelper.csproj", "{5A13BFDA-3CA0-4FF0-A1B8-F5F0735610A5}"
EndProject
Project("{9A19103F-16F7-4668-BE54-9A1E7A4F7556}") = "Optivem.Platform.Test.Web.AspNetCore.Rest", "Test\Web\AspNetCore\Rest\Optivem.Platform.Test.Web.AspNetCore.Rest.csproj", "{2AC9E950-808F-429C-AC9B-9A0AFF142A3A}"
EndProject
Project("{9A19103F-16F7-4668-BE54-9A1E7A4F7556}") = "Optivem.Platform.Test.Web.AspNetCore.Rest.Fake", "Test\Web\AspNetCore\Rest.Fake\Optivem.Platform.Test.Web.AspNetCore.Rest.Fake.csproj", "{B2BA42D1-A150-4F05-9C39-FBFB4AEF8347}"
EndProject
Project("{9A19103F-16F7-4668-BE54-9A1E7A4F7556}") = "Optivem.Platform.Test.Web.AspNetCore.Common", "Test\Web\AspNetCore\Common\Optivem.Platform.Test.Web.AspNetCore.Common.csproj", "{534DFADF-5885-4931-BF43-0CC86DBA7CDA}"
EndProject
Project("{9A19103F-16F7-4668-BE54-9A1E7A4F7556}") = "Optivem.Platform.Infrastructure.Common.Serialization.Default", "Infrastructure\Common\Serialization.Default\Optivem.Platform.Infrastructure.Common.Serialization.Default.csproj", "{41BD7646-2ACE-48C3-958B-87A036150E8E}"
EndProject
Project("{2150E333-8FDC-42A3-9474-1A3956D46DE8}") = "Src", "Src", "{D014EF31-353F-486A-872C-9AD3674F185B}"
EndProject
Project("{2150E333-8FDC-42A3-9474-1A3956D46DE8}") = "Core", "Core", "{FE7246A2-77D2-475A-A5B9-21EE739E58A2}"
EndProject
Project("{9A19103F-16F7-4668-BE54-9A1E7A4F7556}") = "Optivem.Platform.Test.Common.Xunit", "Test\Common\Utilities\Optivem.Platform.Test.Common.Xunit.csproj", "{AA90FFAC-53F3-4AE5-ACEA-D09419475368}"
EndProject
Project("{9A19103F-16F7-4668-BE54-9A1E7A4F7556}") = "Optivem.Platform.Test.Common.Web", "Test\Common\Web\Optivem.Platform.Test.Common.Web.csproj", "{514DF5A0-5A1E-46B6-A4B9-F4777D0C95DC}"
EndProject
Project("{9A19103F-16F7-4668-BE54-9A1E7A4F7556}") = "Optivem.Platform.Core.Common.WebAutomation", "Core\Common\WebAutomation\Optivem.Platform.Core.Common.WebAutomation.csproj", "{F5CB275E-A847-43F8-9A7D-D346F3BC2ED1}"
EndProject
Project("{9A19103F-16F7-4668-BE54-9A1E7A4F7556}") = "Optivem.Platform.Infrastructure.Common.WebAutomation.Selenium", "Infrastructure\Common\WebAutomation.Selenium\Optivem.Platform.Infrastructure.Common.WebAutomation.Selenium.csproj", "{87B7266C-A84A-4103-B64D-BFD09A61800C}"
EndProject
Project("{9A19103F-16F7-4668-BE54-9A1E7A4F7556}") = "Optivem.Platform.Test.Infrastructure.Common.WebAutomation.Selenium", "Test\Infrastructure\Common\WebAutomation.Selenium\Optivem.Platform.Test.Infrastructure.Common.WebAutomation.Selenium.csproj", "{2E73A80A-1D3B-434A-9E56-BDDE4D455B43}"
EndProject
Project("{2150E333-8FDC-42A3-9474-1A3956D46DE8}") = "Application", "Application", "{B7965E4F-E974-492A-AC37-8616D9727361}"
EndProject
Project("{2150E333-8FDC-42A3-9474-1A3956D46DE8}") = "Common", "Common", "{458795C2-2E8F-41AB-987E-0025099BFB43}"
EndProject
Project("{2150E333-8FDC-42A3-9474-1A3956D46DE8}") = "Domain", "Domain", "{F68174D1-8909-44BD-A412-0525DF90D331}"
EndProject
Global
	GlobalSection(SolutionConfigurationPlatforms) = preSolution
		Debug|Any CPU = Debug|Any CPU
		Release|Any CPU = Release|Any CPU
	EndGlobalSection
	GlobalSection(ProjectConfigurationPlatforms) = postSolution
		{964B2BD5-FF12-4219-84C5-036D7D871895}.Debug|Any CPU.ActiveCfg = Debug|Any CPU
		{964B2BD5-FF12-4219-84C5-036D7D871895}.Debug|Any CPU.Build.0 = Debug|Any CPU
		{964B2BD5-FF12-4219-84C5-036D7D871895}.Release|Any CPU.ActiveCfg = Release|Any CPU
		{964B2BD5-FF12-4219-84C5-036D7D871895}.Release|Any CPU.Build.0 = Release|Any CPU
		{D33FEF43-28C1-423A-B73F-6022073A42C3}.Debug|Any CPU.ActiveCfg = Debug|Any CPU
		{D33FEF43-28C1-423A-B73F-6022073A42C3}.Debug|Any CPU.Build.0 = Debug|Any CPU
		{D33FEF43-28C1-423A-B73F-6022073A42C3}.Release|Any CPU.ActiveCfg = Release|Any CPU
		{D33FEF43-28C1-423A-B73F-6022073A42C3}.Release|Any CPU.Build.0 = Release|Any CPU
		{7C6E9A44-B31D-4F93-8C67-1D924FA4C91F}.Debug|Any CPU.ActiveCfg = Debug|Any CPU
		{7C6E9A44-B31D-4F93-8C67-1D924FA4C91F}.Debug|Any CPU.Build.0 = Debug|Any CPU
		{7C6E9A44-B31D-4F93-8C67-1D924FA4C91F}.Release|Any CPU.ActiveCfg = Release|Any CPU
		{7C6E9A44-B31D-4F93-8C67-1D924FA4C91F}.Release|Any CPU.Build.0 = Release|Any CPU
		{80EB0E0C-2683-4578-9576-787137C39FC6}.Debug|Any CPU.ActiveCfg = Debug|Any CPU
		{80EB0E0C-2683-4578-9576-787137C39FC6}.Debug|Any CPU.Build.0 = Debug|Any CPU
		{80EB0E0C-2683-4578-9576-787137C39FC6}.Release|Any CPU.ActiveCfg = Release|Any CPU
		{80EB0E0C-2683-4578-9576-787137C39FC6}.Release|Any CPU.Build.0 = Release|Any CPU
		{340519B1-6D57-49FB-85CE-62155E04F85A}.Debug|Any CPU.ActiveCfg = Debug|Any CPU
		{340519B1-6D57-49FB-85CE-62155E04F85A}.Debug|Any CPU.Build.0 = Debug|Any CPU
		{340519B1-6D57-49FB-85CE-62155E04F85A}.Release|Any CPU.ActiveCfg = Release|Any CPU
		{340519B1-6D57-49FB-85CE-62155E04F85A}.Release|Any CPU.Build.0 = Release|Any CPU
		{028F6C97-1566-49D9-8BD6-B495EDA8DFC7}.Debug|Any CPU.ActiveCfg = Debug|Any CPU
		{028F6C97-1566-49D9-8BD6-B495EDA8DFC7}.Debug|Any CPU.Build.0 = Debug|Any CPU
		{028F6C97-1566-49D9-8BD6-B495EDA8DFC7}.Release|Any CPU.ActiveCfg = Release|Any CPU
		{028F6C97-1566-49D9-8BD6-B495EDA8DFC7}.Release|Any CPU.Build.0 = Release|Any CPU
		{D20261CE-CAAC-4F87-B8FC-E822C23FF8EF}.Debug|Any CPU.ActiveCfg = Debug|Any CPU
		{D20261CE-CAAC-4F87-B8FC-E822C23FF8EF}.Debug|Any CPU.Build.0 = Debug|Any CPU
		{D20261CE-CAAC-4F87-B8FC-E822C23FF8EF}.Release|Any CPU.ActiveCfg = Release|Any CPU
		{D20261CE-CAAC-4F87-B8FC-E822C23FF8EF}.Release|Any CPU.Build.0 = Release|Any CPU
		{1EC6F596-91BE-4625-949C-749635B5E7E0}.Debug|Any CPU.ActiveCfg = Debug|Any CPU
		{1EC6F596-91BE-4625-949C-749635B5E7E0}.Debug|Any CPU.Build.0 = Debug|Any CPU
		{1EC6F596-91BE-4625-949C-749635B5E7E0}.Release|Any CPU.ActiveCfg = Release|Any CPU
		{1EC6F596-91BE-4625-949C-749635B5E7E0}.Release|Any CPU.Build.0 = Release|Any CPU
		{1DA65D8F-C8CD-48EF-AC55-38A5E21A94E8}.Debug|Any CPU.ActiveCfg = Debug|Any CPU
		{1DA65D8F-C8CD-48EF-AC55-38A5E21A94E8}.Debug|Any CPU.Build.0 = Debug|Any CPU
		{1DA65D8F-C8CD-48EF-AC55-38A5E21A94E8}.Release|Any CPU.ActiveCfg = Release|Any CPU
		{1DA65D8F-C8CD-48EF-AC55-38A5E21A94E8}.Release|Any CPU.Build.0 = Release|Any CPU
		{5BC7AD47-5336-46D0-AB76-01DD59F0663C}.Debug|Any CPU.ActiveCfg = Debug|Any CPU
		{5BC7AD47-5336-46D0-AB76-01DD59F0663C}.Debug|Any CPU.Build.0 = Debug|Any CPU
		{5BC7AD47-5336-46D0-AB76-01DD59F0663C}.Release|Any CPU.ActiveCfg = Release|Any CPU
		{5BC7AD47-5336-46D0-AB76-01DD59F0663C}.Release|Any CPU.Build.0 = Release|Any CPU
		{6866F06E-301B-4E6D-BDB8-3CF48D2D6F3B}.Debug|Any CPU.ActiveCfg = Debug|Any CPU
		{6866F06E-301B-4E6D-BDB8-3CF48D2D6F3B}.Debug|Any CPU.Build.0 = Debug|Any CPU
		{6866F06E-301B-4E6D-BDB8-3CF48D2D6F3B}.Release|Any CPU.ActiveCfg = Release|Any CPU
		{6866F06E-301B-4E6D-BDB8-3CF48D2D6F3B}.Release|Any CPU.Build.0 = Release|Any CPU
		{CD51A80D-C915-4919-96E4-28BA674371BB}.Debug|Any CPU.ActiveCfg = Debug|Any CPU
		{CD51A80D-C915-4919-96E4-28BA674371BB}.Debug|Any CPU.Build.0 = Debug|Any CPU
		{CD51A80D-C915-4919-96E4-28BA674371BB}.Release|Any CPU.ActiveCfg = Release|Any CPU
		{CD51A80D-C915-4919-96E4-28BA674371BB}.Release|Any CPU.Build.0 = Release|Any CPU
		{FB65AD9C-D52C-4C5B-ABE5-7F2C4FF086E6}.Debug|Any CPU.ActiveCfg = Debug|Any CPU
		{FB65AD9C-D52C-4C5B-ABE5-7F2C4FF086E6}.Debug|Any CPU.Build.0 = Debug|Any CPU
		{FB65AD9C-D52C-4C5B-ABE5-7F2C4FF086E6}.Release|Any CPU.ActiveCfg = Release|Any CPU
		{FB65AD9C-D52C-4C5B-ABE5-7F2C4FF086E6}.Release|Any CPU.Build.0 = Release|Any CPU
		{43F968A3-A412-483E-9041-BB8D1640546C}.Debug|Any CPU.ActiveCfg = Debug|Any CPU
		{43F968A3-A412-483E-9041-BB8D1640546C}.Debug|Any CPU.Build.0 = Debug|Any CPU
		{43F968A3-A412-483E-9041-BB8D1640546C}.Release|Any CPU.ActiveCfg = Release|Any CPU
		{43F968A3-A412-483E-9041-BB8D1640546C}.Release|Any CPU.Build.0 = Release|Any CPU
		{819BD487-B86B-402E-B250-6F775884DF5D}.Debug|Any CPU.ActiveCfg = Debug|Any CPU
		{819BD487-B86B-402E-B250-6F775884DF5D}.Debug|Any CPU.Build.0 = Debug|Any CPU
		{819BD487-B86B-402E-B250-6F775884DF5D}.Release|Any CPU.ActiveCfg = Release|Any CPU
		{819BD487-B86B-402E-B250-6F775884DF5D}.Release|Any CPU.Build.0 = Release|Any CPU
		{6FC1241B-E4D0-4174-9313-3E8A7085B192}.Debug|Any CPU.ActiveCfg = Debug|Any CPU
		{6FC1241B-E4D0-4174-9313-3E8A7085B192}.Debug|Any CPU.Build.0 = Debug|Any CPU
		{6FC1241B-E4D0-4174-9313-3E8A7085B192}.Release|Any CPU.ActiveCfg = Release|Any CPU
		{6FC1241B-E4D0-4174-9313-3E8A7085B192}.Release|Any CPU.Build.0 = Release|Any CPU
		{DBC40834-7182-4D7A-8133-0F8372503048}.Debug|Any CPU.ActiveCfg = Debug|Any CPU
		{DBC40834-7182-4D7A-8133-0F8372503048}.Debug|Any CPU.Build.0 = Debug|Any CPU
		{DBC40834-7182-4D7A-8133-0F8372503048}.Release|Any CPU.ActiveCfg = Release|Any CPU
		{DBC40834-7182-4D7A-8133-0F8372503048}.Release|Any CPU.Build.0 = Release|Any CPU
		{1DBABC90-1520-4B94-8747-1FF32C7E6C3B}.Debug|Any CPU.ActiveCfg = Debug|Any CPU
		{1DBABC90-1520-4B94-8747-1FF32C7E6C3B}.Debug|Any CPU.Build.0 = Debug|Any CPU
		{1DBABC90-1520-4B94-8747-1FF32C7E6C3B}.Release|Any CPU.ActiveCfg = Release|Any CPU
		{1DBABC90-1520-4B94-8747-1FF32C7E6C3B}.Release|Any CPU.Build.0 = Release|Any CPU
		{20A6202F-4DD3-49CB-95F2-EFCB85C5BF8D}.Debug|Any CPU.ActiveCfg = Debug|Any CPU
		{20A6202F-4DD3-49CB-95F2-EFCB85C5BF8D}.Debug|Any CPU.Build.0 = Debug|Any CPU
		{20A6202F-4DD3-49CB-95F2-EFCB85C5BF8D}.Release|Any CPU.ActiveCfg = Release|Any CPU
		{20A6202F-4DD3-49CB-95F2-EFCB85C5BF8D}.Release|Any CPU.Build.0 = Release|Any CPU
		{4577A580-458B-4937-BC9C-1E5D5865B8D0}.Debug|Any CPU.ActiveCfg = Debug|Any CPU
		{4577A580-458B-4937-BC9C-1E5D5865B8D0}.Debug|Any CPU.Build.0 = Debug|Any CPU
		{4577A580-458B-4937-BC9C-1E5D5865B8D0}.Release|Any CPU.ActiveCfg = Release|Any CPU
		{4577A580-458B-4937-BC9C-1E5D5865B8D0}.Release|Any CPU.Build.0 = Release|Any CPU
		{48A24349-26DA-4B8E-8842-A52178968F64}.Debug|Any CPU.ActiveCfg = Debug|Any CPU
		{48A24349-26DA-4B8E-8842-A52178968F64}.Debug|Any CPU.Build.0 = Debug|Any CPU
		{48A24349-26DA-4B8E-8842-A52178968F64}.Release|Any CPU.ActiveCfg = Release|Any CPU
		{48A24349-26DA-4B8E-8842-A52178968F64}.Release|Any CPU.Build.0 = Release|Any CPU
		{ACB07463-B0D8-4A32-A58A-957B49D4FE5C}.Debug|Any CPU.ActiveCfg = Debug|Any CPU
		{ACB07463-B0D8-4A32-A58A-957B49D4FE5C}.Debug|Any CPU.Build.0 = Debug|Any CPU
		{ACB07463-B0D8-4A32-A58A-957B49D4FE5C}.Release|Any CPU.ActiveCfg = Release|Any CPU
		{ACB07463-B0D8-4A32-A58A-957B49D4FE5C}.Release|Any CPU.Build.0 = Release|Any CPU
		{3F078D3B-EFB6-460D-846D-BDDD5090A25D}.Debug|Any CPU.ActiveCfg = Debug|Any CPU
		{3F078D3B-EFB6-460D-846D-BDDD5090A25D}.Debug|Any CPU.Build.0 = Debug|Any CPU
		{3F078D3B-EFB6-460D-846D-BDDD5090A25D}.Release|Any CPU.ActiveCfg = Release|Any CPU
		{3F078D3B-EFB6-460D-846D-BDDD5090A25D}.Release|Any CPU.Build.0 = Release|Any CPU
		{FDAA5DDB-00D2-4956-A118-59203A6CE5E9}.Debug|Any CPU.ActiveCfg = Debug|Any CPU
		{FDAA5DDB-00D2-4956-A118-59203A6CE5E9}.Debug|Any CPU.Build.0 = Debug|Any CPU
		{FDAA5DDB-00D2-4956-A118-59203A6CE5E9}.Release|Any CPU.ActiveCfg = Release|Any CPU
		{FDAA5DDB-00D2-4956-A118-59203A6CE5E9}.Release|Any CPU.Build.0 = Release|Any CPU
		{D2667963-30F0-45AF-9520-9054C9FEA320}.Debug|Any CPU.ActiveCfg = Debug|Any CPU
		{D2667963-30F0-45AF-9520-9054C9FEA320}.Debug|Any CPU.Build.0 = Debug|Any CPU
		{D2667963-30F0-45AF-9520-9054C9FEA320}.Release|Any CPU.ActiveCfg = Release|Any CPU
		{D2667963-30F0-45AF-9520-9054C9FEA320}.Release|Any CPU.Build.0 = Release|Any CPU
		{A7421B6E-34E5-4E13-B6A3-5634F9B8EDA5}.Debug|Any CPU.ActiveCfg = Debug|Any CPU
		{A7421B6E-34E5-4E13-B6A3-5634F9B8EDA5}.Debug|Any CPU.Build.0 = Debug|Any CPU
		{A7421B6E-34E5-4E13-B6A3-5634F9B8EDA5}.Release|Any CPU.ActiveCfg = Release|Any CPU
		{A7421B6E-34E5-4E13-B6A3-5634F9B8EDA5}.Release|Any CPU.Build.0 = Release|Any CPU
		{CF000F62-2D49-4BAF-94AF-59D5602BA093}.Debug|Any CPU.ActiveCfg = Debug|Any CPU
		{CF000F62-2D49-4BAF-94AF-59D5602BA093}.Debug|Any CPU.Build.0 = Debug|Any CPU
		{CF000F62-2D49-4BAF-94AF-59D5602BA093}.Release|Any CPU.ActiveCfg = Release|Any CPU
		{CF000F62-2D49-4BAF-94AF-59D5602BA093}.Release|Any CPU.Build.0 = Release|Any CPU
		{1CE9CF7E-E70A-40F9-A16C-986D833621BF}.Debug|Any CPU.ActiveCfg = Debug|Any CPU
		{1CE9CF7E-E70A-40F9-A16C-986D833621BF}.Debug|Any CPU.Build.0 = Debug|Any CPU
		{1CE9CF7E-E70A-40F9-A16C-986D833621BF}.Release|Any CPU.ActiveCfg = Release|Any CPU
		{1CE9CF7E-E70A-40F9-A16C-986D833621BF}.Release|Any CPU.Build.0 = Release|Any CPU
		{08B746BE-8E48-49EC-9066-15A19A9741B3}.Debug|Any CPU.ActiveCfg = Debug|Any CPU
		{08B746BE-8E48-49EC-9066-15A19A9741B3}.Debug|Any CPU.Build.0 = Debug|Any CPU
		{08B746BE-8E48-49EC-9066-15A19A9741B3}.Release|Any CPU.ActiveCfg = Release|Any CPU
		{08B746BE-8E48-49EC-9066-15A19A9741B3}.Release|Any CPU.Build.0 = Release|Any CPU
		{D3E19C74-A885-4526-9824-7F3CA3E0E8C0}.Debug|Any CPU.ActiveCfg = Debug|Any CPU
		{D3E19C74-A885-4526-9824-7F3CA3E0E8C0}.Debug|Any CPU.Build.0 = Debug|Any CPU
		{D3E19C74-A885-4526-9824-7F3CA3E0E8C0}.Release|Any CPU.ActiveCfg = Release|Any CPU
		{D3E19C74-A885-4526-9824-7F3CA3E0E8C0}.Release|Any CPU.Build.0 = Release|Any CPU
		{7BDA3998-EAB8-45B5-97B0-A95D507452F3}.Debug|Any CPU.ActiveCfg = Debug|Any CPU
		{7BDA3998-EAB8-45B5-97B0-A95D507452F3}.Debug|Any CPU.Build.0 = Debug|Any CPU
		{7BDA3998-EAB8-45B5-97B0-A95D507452F3}.Release|Any CPU.ActiveCfg = Release|Any CPU
		{7BDA3998-EAB8-45B5-97B0-A95D507452F3}.Release|Any CPU.Build.0 = Release|Any CPU
		{2AF095F7-EBD6-41FE-AA5E-ED7974A37133}.Debug|Any CPU.ActiveCfg = Debug|Any CPU
		{2AF095F7-EBD6-41FE-AA5E-ED7974A37133}.Debug|Any CPU.Build.0 = Debug|Any CPU
		{2AF095F7-EBD6-41FE-AA5E-ED7974A37133}.Release|Any CPU.ActiveCfg = Release|Any CPU
		{2AF095F7-EBD6-41FE-AA5E-ED7974A37133}.Release|Any CPU.Build.0 = Release|Any CPU
		{E33CAD35-9624-4524-A7F5-664A51205D9B}.Debug|Any CPU.ActiveCfg = Debug|Any CPU
		{E33CAD35-9624-4524-A7F5-664A51205D9B}.Debug|Any CPU.Build.0 = Debug|Any CPU
		{E33CAD35-9624-4524-A7F5-664A51205D9B}.Release|Any CPU.ActiveCfg = Release|Any CPU
		{E33CAD35-9624-4524-A7F5-664A51205D9B}.Release|Any CPU.Build.0 = Release|Any CPU
		{F2FAEF2D-5D22-4070-A6B9-35F2190DA87A}.Debug|Any CPU.ActiveCfg = Debug|Any CPU
		{F2FAEF2D-5D22-4070-A6B9-35F2190DA87A}.Debug|Any CPU.Build.0 = Debug|Any CPU
		{F2FAEF2D-5D22-4070-A6B9-35F2190DA87A}.Release|Any CPU.ActiveCfg = Release|Any CPU
		{F2FAEF2D-5D22-4070-A6B9-35F2190DA87A}.Release|Any CPU.Build.0 = Release|Any CPU
		{BDB68382-CAC1-44DE-BFF0-FB4DD2519D53}.Debug|Any CPU.ActiveCfg = Debug|Any CPU
		{BDB68382-CAC1-44DE-BFF0-FB4DD2519D53}.Debug|Any CPU.Build.0 = Debug|Any CPU
		{BDB68382-CAC1-44DE-BFF0-FB4DD2519D53}.Release|Any CPU.ActiveCfg = Release|Any CPU
		{BDB68382-CAC1-44DE-BFF0-FB4DD2519D53}.Release|Any CPU.Build.0 = Release|Any CPU
		{7D8F4238-CED4-4C41-94BE-3FDBA1C2CAB4}.Debug|Any CPU.ActiveCfg = Debug|Any CPU
		{7D8F4238-CED4-4C41-94BE-3FDBA1C2CAB4}.Debug|Any CPU.Build.0 = Debug|Any CPU
		{7D8F4238-CED4-4C41-94BE-3FDBA1C2CAB4}.Release|Any CPU.ActiveCfg = Release|Any CPU
		{7D8F4238-CED4-4C41-94BE-3FDBA1C2CAB4}.Release|Any CPU.Build.0 = Release|Any CPU
		{C4045B9F-05E6-45C2-80CF-672340DB1F45}.Debug|Any CPU.ActiveCfg = Debug|Any CPU
		{C4045B9F-05E6-45C2-80CF-672340DB1F45}.Debug|Any CPU.Build.0 = Debug|Any CPU
		{C4045B9F-05E6-45C2-80CF-672340DB1F45}.Release|Any CPU.ActiveCfg = Release|Any CPU
		{C4045B9F-05E6-45C2-80CF-672340DB1F45}.Release|Any CPU.Build.0 = Release|Any CPU
		{22740301-A7DA-403A-A714-A45017C86423}.Debug|Any CPU.ActiveCfg = Debug|Any CPU
		{22740301-A7DA-403A-A714-A45017C86423}.Debug|Any CPU.Build.0 = Debug|Any CPU
		{22740301-A7DA-403A-A714-A45017C86423}.Release|Any CPU.ActiveCfg = Release|Any CPU
		{22740301-A7DA-403A-A714-A45017C86423}.Release|Any CPU.Build.0 = Release|Any CPU
		{5A13BFDA-3CA0-4FF0-A1B8-F5F0735610A5}.Debug|Any CPU.ActiveCfg = Debug|Any CPU
		{5A13BFDA-3CA0-4FF0-A1B8-F5F0735610A5}.Debug|Any CPU.Build.0 = Debug|Any CPU
		{5A13BFDA-3CA0-4FF0-A1B8-F5F0735610A5}.Release|Any CPU.ActiveCfg = Release|Any CPU
		{5A13BFDA-3CA0-4FF0-A1B8-F5F0735610A5}.Release|Any CPU.Build.0 = Release|Any CPU
		{2AC9E950-808F-429C-AC9B-9A0AFF142A3A}.Debug|Any CPU.ActiveCfg = Debug|Any CPU
		{2AC9E950-808F-429C-AC9B-9A0AFF142A3A}.Debug|Any CPU.Build.0 = Debug|Any CPU
		{2AC9E950-808F-429C-AC9B-9A0AFF142A3A}.Release|Any CPU.ActiveCfg = Release|Any CPU
		{2AC9E950-808F-429C-AC9B-9A0AFF142A3A}.Release|Any CPU.Build.0 = Release|Any CPU
		{B2BA42D1-A150-4F05-9C39-FBFB4AEF8347}.Debug|Any CPU.ActiveCfg = Debug|Any CPU
		{B2BA42D1-A150-4F05-9C39-FBFB4AEF8347}.Debug|Any CPU.Build.0 = Debug|Any CPU
		{B2BA42D1-A150-4F05-9C39-FBFB4AEF8347}.Release|Any CPU.ActiveCfg = Release|Any CPU
		{B2BA42D1-A150-4F05-9C39-FBFB4AEF8347}.Release|Any CPU.Build.0 = Release|Any CPU
		{534DFADF-5885-4931-BF43-0CC86DBA7CDA}.Debug|Any CPU.ActiveCfg = Debug|Any CPU
		{534DFADF-5885-4931-BF43-0CC86DBA7CDA}.Debug|Any CPU.Build.0 = Debug|Any CPU
		{534DFADF-5885-4931-BF43-0CC86DBA7CDA}.Release|Any CPU.ActiveCfg = Release|Any CPU
		{534DFADF-5885-4931-BF43-0CC86DBA7CDA}.Release|Any CPU.Build.0 = Release|Any CPU
		{41BD7646-2ACE-48C3-958B-87A036150E8E}.Debug|Any CPU.ActiveCfg = Debug|Any CPU
		{41BD7646-2ACE-48C3-958B-87A036150E8E}.Debug|Any CPU.Build.0 = Debug|Any CPU
		{41BD7646-2ACE-48C3-958B-87A036150E8E}.Release|Any CPU.ActiveCfg = Release|Any CPU
		{41BD7646-2ACE-48C3-958B-87A036150E8E}.Release|Any CPU.Build.0 = Release|Any CPU
		{AA90FFAC-53F3-4AE5-ACEA-D09419475368}.Debug|Any CPU.ActiveCfg = Debug|Any CPU
		{AA90FFAC-53F3-4AE5-ACEA-D09419475368}.Debug|Any CPU.Build.0 = Debug|Any CPU
		{AA90FFAC-53F3-4AE5-ACEA-D09419475368}.Release|Any CPU.ActiveCfg = Release|Any CPU
		{AA90FFAC-53F3-4AE5-ACEA-D09419475368}.Release|Any CPU.Build.0 = Release|Any CPU
		{514DF5A0-5A1E-46B6-A4B9-F4777D0C95DC}.Debug|Any CPU.ActiveCfg = Debug|Any CPU
		{514DF5A0-5A1E-46B6-A4B9-F4777D0C95DC}.Debug|Any CPU.Build.0 = Debug|Any CPU
		{514DF5A0-5A1E-46B6-A4B9-F4777D0C95DC}.Release|Any CPU.ActiveCfg = Release|Any CPU
		{514DF5A0-5A1E-46B6-A4B9-F4777D0C95DC}.Release|Any CPU.Build.0 = Release|Any CPU
		{F5CB275E-A847-43F8-9A7D-D346F3BC2ED1}.Debug|Any CPU.ActiveCfg = Debug|Any CPU
		{F5CB275E-A847-43F8-9A7D-D346F3BC2ED1}.Debug|Any CPU.Build.0 = Debug|Any CPU
		{F5CB275E-A847-43F8-9A7D-D346F3BC2ED1}.Release|Any CPU.ActiveCfg = Release|Any CPU
		{F5CB275E-A847-43F8-9A7D-D346F3BC2ED1}.Release|Any CPU.Build.0 = Release|Any CPU
		{87B7266C-A84A-4103-B64D-BFD09A61800C}.Debug|Any CPU.ActiveCfg = Debug|Any CPU
		{87B7266C-A84A-4103-B64D-BFD09A61800C}.Debug|Any CPU.Build.0 = Debug|Any CPU
		{87B7266C-A84A-4103-B64D-BFD09A61800C}.Release|Any CPU.ActiveCfg = Release|Any CPU
		{87B7266C-A84A-4103-B64D-BFD09A61800C}.Release|Any CPU.Build.0 = Release|Any CPU
		{2E73A80A-1D3B-434A-9E56-BDDE4D455B43}.Debug|Any CPU.ActiveCfg = Debug|Any CPU
		{2E73A80A-1D3B-434A-9E56-BDDE4D455B43}.Debug|Any CPU.Build.0 = Debug|Any CPU
		{2E73A80A-1D3B-434A-9E56-BDDE4D455B43}.Release|Any CPU.ActiveCfg = Release|Any CPU
		{2E73A80A-1D3B-434A-9E56-BDDE4D455B43}.Release|Any CPU.Build.0 = Release|Any CPU
	EndGlobalSection
	GlobalSection(SolutionProperties) = preSolution
		HideSolutionNode = FALSE
	EndGlobalSection
	GlobalSection(NestedProjects) = preSolution
		{E148F903-F4F1-419A-9FE2-FFD790F8478D} = {29D6EDE2-7FDA-4688-B184-EF3FFD5C7F71}
		{00971984-2BC4-4ED2-B9D7-7EC2AE5EC328} = {29D6EDE2-7FDA-4688-B184-EF3FFD5C7F71}
		{49E4FB3F-B2C1-4314-B690-3E3C2266DE51} = {D014EF31-353F-486A-872C-9AD3674F185B}
		{58AEF876-B576-44F8-AD55-DA74818CD60E} = {D014EF31-353F-486A-872C-9AD3674F185B}
		{62AF2CB2-3B6A-4AD2-949C-DFE04A1FE632} = {49E4FB3F-B2C1-4314-B690-3E3C2266DE51}
		{5C086783-3A0B-4D88-8F30-BA60EB4BCB20} = {49E4FB3F-B2C1-4314-B690-3E3C2266DE51}
		{324B2C2F-B7CA-4098-B056-A6E9C95F0EEC} = {29D6EDE2-7FDA-4688-B184-EF3FFD5C7F71}
		{955BAF69-F8BC-40A1-B04B-3E43CE78F353} = {49E4FB3F-B2C1-4314-B690-3E3C2266DE51}
		{29D6EDE2-7FDA-4688-B184-EF3FFD5C7F71} = {D014EF31-353F-486A-872C-9AD3674F185B}
		{D56ABCDF-D281-47C9-83D0-0A661CFA4A21} = {58AEF876-B576-44F8-AD55-DA74818CD60E}
		{964B2BD5-FF12-4219-84C5-036D7D871895} = {E148F903-F4F1-419A-9FE2-FFD790F8478D}
		{D33FEF43-28C1-423A-B73F-6022073A42C3} = {E148F903-F4F1-419A-9FE2-FFD790F8478D}
		{7C6E9A44-B31D-4F93-8C67-1D924FA4C91F} = {324B2C2F-B7CA-4098-B056-A6E9C95F0EEC}
		{80EB0E0C-2683-4578-9576-787137C39FC6} = {324B2C2F-B7CA-4098-B056-A6E9C95F0EEC}
		{340519B1-6D57-49FB-85CE-62155E04F85A} = {324B2C2F-B7CA-4098-B056-A6E9C95F0EEC}
		{028F6C97-1566-49D9-8BD6-B495EDA8DFC7} = {324B2C2F-B7CA-4098-B056-A6E9C95F0EEC}
		{D20261CE-CAAC-4F87-B8FC-E822C23FF8EF} = {324B2C2F-B7CA-4098-B056-A6E9C95F0EEC}
		{1EC6F596-91BE-4625-949C-749635B5E7E0} = {324B2C2F-B7CA-4098-B056-A6E9C95F0EEC}
		{1DA65D8F-C8CD-48EF-AC55-38A5E21A94E8} = {324B2C2F-B7CA-4098-B056-A6E9C95F0EEC}
		{5BC7AD47-5336-46D0-AB76-01DD59F0663C} = {324B2C2F-B7CA-4098-B056-A6E9C95F0EEC}
		{6866F06E-301B-4E6D-BDB8-3CF48D2D6F3B} = {00971984-2BC4-4ED2-B9D7-7EC2AE5EC328}
		{CD51A80D-C915-4919-96E4-28BA674371BB} = {00971984-2BC4-4ED2-B9D7-7EC2AE5EC328}
		{FB65AD9C-D52C-4C5B-ABE5-7F2C4FF086E6} = {00971984-2BC4-4ED2-B9D7-7EC2AE5EC328}
		{43F968A3-A412-483E-9041-BB8D1640546C} = {00971984-2BC4-4ED2-B9D7-7EC2AE5EC328}
		{819BD487-B86B-402E-B250-6F775884DF5D} = {00971984-2BC4-4ED2-B9D7-7EC2AE5EC328}
		{6FC1241B-E4D0-4174-9313-3E8A7085B192} = {955BAF69-F8BC-40A1-B04B-3E43CE78F353}
		{DBC40834-7182-4D7A-8133-0F8372503048} = {955BAF69-F8BC-40A1-B04B-3E43CE78F353}
		{1DBABC90-1520-4B94-8747-1FF32C7E6C3B} = {955BAF69-F8BC-40A1-B04B-3E43CE78F353}
		{20A6202F-4DD3-49CB-95F2-EFCB85C5BF8D} = {955BAF69-F8BC-40A1-B04B-3E43CE78F353}
		{4577A580-458B-4937-BC9C-1E5D5865B8D0} = {955BAF69-F8BC-40A1-B04B-3E43CE78F353}
		{48A24349-26DA-4B8E-8842-A52178968F64} = {955BAF69-F8BC-40A1-B04B-3E43CE78F353}
		{ACB07463-B0D8-4A32-A58A-957B49D4FE5C} = {955BAF69-F8BC-40A1-B04B-3E43CE78F353}
		{3F078D3B-EFB6-460D-846D-BDDD5090A25D} = {955BAF69-F8BC-40A1-B04B-3E43CE78F353}
		{FDAA5DDB-00D2-4956-A118-59203A6CE5E9} = {955BAF69-F8BC-40A1-B04B-3E43CE78F353}
		{D2667963-30F0-45AF-9520-9054C9FEA320} = {955BAF69-F8BC-40A1-B04B-3E43CE78F353}
		{A7421B6E-34E5-4E13-B6A3-5634F9B8EDA5} = {955BAF69-F8BC-40A1-B04B-3E43CE78F353}
		{CF000F62-2D49-4BAF-94AF-59D5602BA093} = {955BAF69-F8BC-40A1-B04B-3E43CE78F353}
		{1CE9CF7E-E70A-40F9-A16C-986D833621BF} = {62AF2CB2-3B6A-4AD2-949C-DFE04A1FE632}
		{08B746BE-8E48-49EC-9066-15A19A9741B3} = {D56ABCDF-D281-47C9-83D0-0A661CFA4A21}
		{D3E19C74-A885-4526-9824-7F3CA3E0E8C0} = {D56ABCDF-D281-47C9-83D0-0A661CFA4A21}
		{7BDA3998-EAB8-45B5-97B0-A95D507452F3} = {D56ABCDF-D281-47C9-83D0-0A661CFA4A21}
		{2AF095F7-EBD6-41FE-AA5E-ED7974A37133} = {D56ABCDF-D281-47C9-83D0-0A661CFA4A21}
		{E33CAD35-9624-4524-A7F5-664A51205D9B} = {324B2C2F-B7CA-4098-B056-A6E9C95F0EEC}
		{F2FAEF2D-5D22-4070-A6B9-35F2190DA87A} = {955BAF69-F8BC-40A1-B04B-3E43CE78F353}
		{16AA06BB-E046-4584-BA22-F14A56ADD50A} = {E0C63A52-0D7C-4242-BE54-879DDF4E4BDC}
		{44CCA906-B7B1-4A05-97B6-A93AA62FB006} = {E0C63A52-0D7C-4242-BE54-879DDF4E4BDC}
		{E3FDA467-86A9-4A17-945D-9FD6E0F4F720} = {16AA06BB-E046-4584-BA22-F14A56ADD50A}
		{9C3A1145-D846-4CCE-AF14-7E4A21F5B24F} = {E0C63A52-0D7C-4242-BE54-879DDF4E4BDC}
		{B609C22D-E782-495A-879E-C52393A72517} = {44CCA906-B7B1-4A05-97B6-A93AA62FB006}
		{1234FFD2-90BF-4C2B-AD92-67D33695FB78} = {16AA06BB-E046-4584-BA22-F14A56ADD50A}
		{BDB68382-CAC1-44DE-BFF0-FB4DD2519D53} = {955BAF69-F8BC-40A1-B04B-3E43CE78F353}
		{7D8F4238-CED4-4C41-94BE-3FDBA1C2CAB4} = {324B2C2F-B7CA-4098-B056-A6E9C95F0EEC}
		{C4045B9F-05E6-45C2-80CF-672340DB1F45} = {955BAF69-F8BC-40A1-B04B-3E43CE78F353}
		{443251E8-BBE8-4330-8CB1-20C23DF108AF} = {16AA06BB-E046-4584-BA22-F14A56ADD50A}
		{22740301-A7DA-403A-A714-A45017C86423} = {E3FDA467-86A9-4A17-945D-9FD6E0F4F720}
		{5A13BFDA-3CA0-4FF0-A1B8-F5F0735610A5} = {E3FDA467-86A9-4A17-945D-9FD6E0F4F720}
		{2AC9E950-808F-429C-AC9B-9A0AFF142A3A} = {B609C22D-E782-495A-879E-C52393A72517}
		{B2BA42D1-A150-4F05-9C39-FBFB4AEF8347} = {B609C22D-E782-495A-879E-C52393A72517}
		{534DFADF-5885-4931-BF43-0CC86DBA7CDA} = {B609C22D-E782-495A-879E-C52393A72517}
		{41BD7646-2ACE-48C3-958B-87A036150E8E} = {955BAF69-F8BC-40A1-B04B-3E43CE78F353}
		{FE7246A2-77D2-475A-A5B9-21EE739E58A2} = {E0C63A52-0D7C-4242-BE54-879DDF4E4BDC}
		{AA90FFAC-53F3-4AE5-ACEA-D09419475368} = {9C3A1145-D846-4CCE-AF14-7E4A21F5B24F}
		{514DF5A0-5A1E-46B6-A4B9-F4777D0C95DC} = {9C3A1145-D846-4CCE-AF14-7E4A21F5B24F}
		{F5CB275E-A847-43F8-9A7D-D346F3BC2ED1} = {324B2C2F-B7CA-4098-B056-A6E9C95F0EEC}
		{87B7266C-A84A-4103-B64D-BFD09A61800C} = {955BAF69-F8BC-40A1-B04B-3E43CE78F353}
		{2E73A80A-1D3B-434A-9E56-BDDE4D455B43} = {E3FDA467-86A9-4A17-945D-9FD6E0F4F720}
		{B7965E4F-E974-492A-AC37-8616D9727361} = {FE7246A2-77D2-475A-A5B9-21EE739E58A2}
		{458795C2-2E8F-41AB-987E-0025099BFB43} = {FE7246A2-77D2-475A-A5B9-21EE739E58A2}
		{F68174D1-8909-44BD-A412-0525DF90D331} = {FE7246A2-77D2-475A-A5B9-21EE739E58A2}
	EndGlobalSection
	GlobalSection(ExtensibilityGlobals) = postSolution
		SolutionGuid = {1270C47D-B522-4162-B840-F07A711B89CF}
	EndGlobalSection
EndGlobal
